Start
Apply (10) ...
data.circle3_template.basetemplate: Reading...
data.circle3_template.basetemplate: Read complete after 0s [id=2]

Terraform used the selected providers to generate the following execution
plan. Resource actions are indicated with the following symbols:
  + create

Terraform will perform the following actions:

  # circle3_vm.for_each_users["1"] will be created
  + resource "circle3_vm" "for_each_users" {
      + cloud_init    = false
      + from_template = 2
      + id            = (known after apply)
      + ipv4          = (known after apply)
      + ipv6          = (known after apply)
      + name          = "vm pool 1"
      + node          = (known after apply)
      + owner         = 1
      + pw            = (known after apply)
      + vlans         = (known after apply)
    }

  # circle3_vm.for_each_users["10"] will be created
  + resource "circle3_vm" "for_each_users" {
      + cloud_init    = false
      + from_template = 2
      + id            = (known after apply)
      + ipv4          = (known after apply)
      + ipv6          = (known after apply)
      + name          = "vm pool 10"
      + node          = (known after apply)
      + owner         = 1
      + pw            = (known after apply)
      + vlans         = (known after apply)
    }

  # circle3_vm.for_each_users["2"] will be created
  + resource "circle3_vm" "for_each_users" {
      + cloud_init    = false
      + from_template = 2
      + id            = (known after apply)
      + ipv4          = (known after apply)
      + ipv6          = (known after apply)
      + name          = "vm pool 2"
      + node          = (known after apply)
      + owner         = 1
      + pw            = (known after apply)
      + vlans         = (known after apply)
    }

  # circle3_vm.for_each_users["3"] will be created
  + resource "circle3_vm" "for_each_users" {
      + cloud_init    = false
      + from_template = 2
      + id            = (known after apply)
      + ipv4          = (known after apply)
      + ipv6          = (known after apply)
      + name          = "vm pool 3"
      + node          = (known after apply)
      + owner         = 1
      + pw            = (known after apply)
      + vlans         = (known after apply)
    }

  # circle3_vm.for_each_users["4"] will be created
  + resource "circle3_vm" "for_each_users" {
      + cloud_init    = false
      + from_template = 2
      + id            = (known after apply)
      + ipv4          = (known after apply)
      + ipv6          = (known after apply)
      + name          = "vm pool 4"
      + node          = (known after apply)
      + owner         = 1
      + pw            = (known after apply)
      + vlans         = (known after apply)
    }

  # circle3_vm.for_each_users["5"] will be created
  + resource "circle3_vm" "for_each_users" {
      + cloud_init    = false
      + from_template = 2
      + id            = (known after apply)
      + ipv4          = (known after apply)
      + ipv6          = (known after apply)
      + name          = "vm pool 5"
      + node          = (known after apply)
      + owner         = 1
      + pw            = (known after apply)
      + vlans         = (known after apply)
    }

  # circle3_vm.for_each_users["6"] will be created
  + resource "circle3_vm" "for_each_users" {
      + cloud_init    = false
      + from_template = 2
      + id            = (known after apply)
      + ipv4          = (known after apply)
      + ipv6          = (known after apply)
      + name          = "vm pool 6"
      + node          = (known after apply)
      + owner         = 1
      + pw            = (known after apply)
      + vlans         = (known after apply)
    }

  # circle3_vm.for_each_users["7"] will be created
  + resource "circle3_vm" "for_each_users" {
      + cloud_init    = false
      + from_template = 2
      + id            = (known after apply)
      + ipv4          = (known after apply)
      + ipv6          = (known after apply)
      + name          = "vm pool 7"
      + node          = (known after apply)
      + owner         = 1
      + pw            = (known after apply)
      + vlans         = (known after apply)
    }

  # circle3_vm.for_each_users["8"] will be created
  + resource "circle3_vm" "for_each_users" {
      + cloud_init    = false
      + from_template = 2
      + id            = (known after apply)
      + ipv4          = (known after apply)
      + ipv6          = (known after apply)
      + name          = "vm pool 8"
      + node          = (known after apply)
      + owner         = 1
      + pw            = (known after apply)
      + vlans         = (known after apply)
    }

  # circle3_vm.for_each_users["9"] will be created
  + resource "circle3_vm" "for_each_users" {
      + cloud_init    = false
      + from_template = 2
      + id            = (known after apply)
      + ipv4          = (known after apply)
      + ipv6          = (known after apply)
      + name          = "vm pool 9"
      + node          = (known after apply)
      + owner         = 1
      + pw            = (known after apply)
      + vlans         = (known after apply)
    }

Plan: 10 to add, 0 to change, 0 to destroy.
circle3_vm.for_each_users["10"]: Creating...
circle3_vm.for_each_users["3"]: Creating...
circle3_vm.for_each_users["6"]: Creating...
circle3_vm.for_each_users["4"]: Creating...
circle3_vm.for_each_users["5"]: Creating...
circle3_vm.for_each_users["2"]: Creating...
circle3_vm.for_each_users["8"]: Creating...
circle3_vm.for_each_users["9"]: Creating...
circle3_vm.for_each_users["1"]: Creating...
circle3_vm.for_each_users["7"]: Creating...
circle3_vm.for_each_users["10"]: Creation complete after 2s [id=127]
circle3_vm.for_each_users["6"]: Creation complete after 2s [id=126]
circle3_vm.for_each_users["4"]: Creation complete after 2s [id=132]
circle3_vm.for_each_users["3"]: Creation complete after 2s [id=129]
circle3_vm.for_each_users["7"]: Creation complete after 2s [id=131]
circle3_vm.for_each_users["9"]: Creation complete after 2s [id=134]
circle3_vm.for_each_users["1"]: Creation complete after 2s [id=128]
circle3_vm.for_each_users["5"]: Creation complete after 2s [id=133]
circle3_vm.for_each_users["8"]: Creation complete after 2s [id=135]
circle3_vm.for_each_users["2"]: Creation complete after 2s [id=130]

Apply complete! Resources: 10 added, 0 changed, 0 destroyed.

real	0m2,793s
user	0m0,799s
sys	0m0,096s
Destroy (10) ...
data.circle3_template.basetemplate: Reading...
data.circle3_template.basetemplate: Read complete after 0s [id=2]
circle3_vm.for_each_users["1"]: Refreshing state... [id=128]
circle3_vm.for_each_users["10"]: Refreshing state... [id=127]
circle3_vm.for_each_users["9"]: Refreshing state... [id=134]
circle3_vm.for_each_users["6"]: Refreshing state... [id=126]
circle3_vm.for_each_users["4"]: Refreshing state... [id=132]
circle3_vm.for_each_users["3"]: Refreshing state... [id=129]
circle3_vm.for_each_users["5"]: Refreshing state... [id=133]
circle3_vm.for_each_users["7"]: Refreshing state... [id=131]
circle3_vm.for_each_users["2"]: Refreshing state... [id=130]
circle3_vm.for_each_users["8"]: Refreshing state... [id=135]

Terraform used the selected providers to generate the following execution
plan. Resource actions are indicated with the following symbols:
  - destroy

Terraform will perform the following actions:

  # circle3_vm.for_each_users["1"] will be destroyed
  - resource "circle3_vm" "for_each_users" {
      - arch          = "x86_64" -> null
      - ci_meta_data  = <<-EOT
            instance-id: {{ hostname }} 
            local-hostname: {{ hostname }} 
            cloud-name: circle3
            platform: circle3
        EOT -> null
      - ci_user_data  = <<-EOT
            #cloud-config
            
            ssh_pwauth: 1
            
            users:
              - name: {{ sysuser }} 
                sudo: ['ALL=(ALL) NOPASSWD:ALL']
                groups: sudo
                shell: /bin/bash
                chpasswd: { expire: False }
                lock-passwd: false
            chpasswd:
                list: |
                    {{ sysuser }}:{{ password }}
                expire: False
        EOT -> null
      - cloud_init    = true -> null
      - disks         = [
          - 274,
          - 264,
        ] -> null
      - from_template = 2 -> null
      - has_agent     = false -> null
      - id            = "128" -> null
      - ipv4          = "None" -> null
      - ipv6          = "None" -> null
      - max_ram_size  = 128 -> null
      - name          = "vm pool 1" -> null
      - num_cores     = 1 -> null
      - owner         = 1 -> null
      - priority      = 30 -> null
      - pw            = "KAuf4GsATC" -> null
      - ram_size      = 128 -> null
      - status        = "RUNNING" -> null
      - system        = "ubuntu" -> null
      - vlans         = [] -> null
    }

  # circle3_vm.for_each_users["10"] will be destroyed
  - resource "circle3_vm" "for_each_users" {
      - arch          = "x86_64" -> null
      - ci_meta_data  = <<-EOT
            instance-id: {{ hostname }} 
            local-hostname: {{ hostname }} 
            cloud-name: circle3
            platform: circle3
        EOT -> null
      - ci_user_data  = <<-EOT
            #cloud-config
            
            ssh_pwauth: 1
            
            users:
              - name: {{ sysuser }} 
                sudo: ['ALL=(ALL) NOPASSWD:ALL']
                groups: sudo
                shell: /bin/bash
                chpasswd: { expire: False }
                lock-passwd: false
            chpasswd:
                list: |
                    {{ sysuser }}:{{ password }}
                expire: False
        EOT -> null
      - cloud_init    = true -> null
      - disks         = [
          - 272,
          - 259,
        ] -> null
      - from_template = 2 -> null
      - has_agent     = false -> null
      - id            = "127" -> null
      - ipv4          = "None" -> null
      - ipv6          = "None" -> null
      - max_ram_size  = 128 -> null
      - name          = "vm pool 10" -> null
      - num_cores     = 1 -> null
      - owner         = 1 -> null
      - priority      = 30 -> null
      - pw            = "gRm9g7rv9C" -> null
      - ram_size      = 128 -> null
      - status        = "RUNNING" -> null
      - system        = "ubuntu" -> null
      - vlans         = [] -> null
    }

  # circle3_vm.for_each_users["2"] will be destroyed
  - resource "circle3_vm" "for_each_users" {
      - arch          = "x86_64" -> null
      - ci_meta_data  = <<-EOT
            instance-id: {{ hostname }} 
            local-hostname: {{ hostname }} 
            cloud-name: circle3
            platform: circle3
        EOT -> null
      - ci_user_data  = <<-EOT
            #cloud-config
            
            ssh_pwauth: 1
            
            users:
              - name: {{ sysuser }} 
                sudo: ['ALL=(ALL) NOPASSWD:ALL']
                groups: sudo
                shell: /bin/bash
                chpasswd: { expire: False }
                lock-passwd: false
            chpasswd:
                list: |
                    {{ sysuser }}:{{ password }}
                expire: False
        EOT -> null
      - cloud_init    = true -> null
      - disks         = [
          - 277,
          - 261,
        ] -> null
      - from_template = 2 -> null
      - has_agent     = false -> null
      - id            = "130" -> null
      - ipv4          = "None" -> null
      - ipv6          = "None" -> null
      - max_ram_size  = 128 -> null
      - name          = "vm pool 2" -> null
      - num_cores     = 1 -> null
      - owner         = 1 -> null
      - priority      = 30 -> null
      - pw            = "pWkP46JEAs" -> null
      - ram_size      = 128 -> null
      - status        = "RUNNING" -> null
      - system        = "ubuntu" -> null
      - vlans         = [] -> null
    }

  # circle3_vm.for_each_users["3"] will be destroyed
  - resource "circle3_vm" "for_each_users" {
      - arch          = "x86_64" -> null
      - ci_meta_data  = <<-EOT
            instance-id: {{ hostname }} 
            local-hostname: {{ hostname }} 
            cloud-name: circle3
            platform: circle3
        EOT -> null
      - ci_user_data  = <<-EOT
            #cloud-config
            
            ssh_pwauth: 1
            
            users:
              - name: {{ sysuser }} 
                sudo: ['ALL=(ALL) NOPASSWD:ALL']
                groups: sudo
                shell: /bin/bash
                chpasswd: { expire: False }
                lock-passwd: false
            chpasswd:
                list: |
                    {{ sysuser }}:{{ password }}
                expire: False
        EOT -> null
      - cloud_init    = true -> null
      - disks         = [
          - 270,
          - 262,
        ] -> null
      - from_template = 2 -> null
      - has_agent     = false -> null
      - id            = "129" -> null
      - ipv4          = "None" -> null
      - ipv6          = "None" -> null
      - max_ram_size  = 128 -> null
      - name          = "vm pool 3" -> null
      - num_cores     = 1 -> null
      - owner         = 1 -> null
      - priority      = 30 -> null
      - pw            = "GkiUDriKNk" -> null
      - ram_size      = 128 -> null
      - status        = "RUNNING" -> null
      - system        = "ubuntu" -> null
      - vlans         = [] -> null
    }

  # circle3_vm.for_each_users["4"] will be destroyed
  - resource "circle3_vm" "for_each_users" {
      - arch          = "x86_64" -> null
      - ci_meta_data  = <<-EOT
            instance-id: {{ hostname }} 
            local-hostname: {{ hostname }} 
            cloud-name: circle3
            platform: circle3
        EOT -> null
      - ci_user_data  = <<-EOT
            #cloud-config
            
            ssh_pwauth: 1
            
            users:
              - name: {{ sysuser }} 
                sudo: ['ALL=(ALL) NOPASSWD:ALL']
                groups: sudo
                shell: /bin/bash
                chpasswd: { expire: False }
                lock-passwd: false
            chpasswd:
                list: |
                    {{ sysuser }}:{{ password }}
                expire: False
        EOT -> null
      - cloud_init    = true -> null
      - disks         = [
          - 271,
          - 265,
        ] -> null
      - from_template = 2 -> null
      - has_agent     = false -> null
      - id            = "132" -> null
      - ipv4          = "None" -> null
      - ipv6          = "None" -> null
      - max_ram_size  = 128 -> null
      - name          = "vm pool 4" -> null
      - num_cores     = 1 -> null
      - owner         = 1 -> null
      - priority      = 30 -> null
      - pw            = "aomcojLshn" -> null
      - ram_size      = 128 -> null
      - status        = "RUNNING" -> null
      - system        = "ubuntu" -> null
      - vlans         = [] -> null
    }

  # circle3_vm.for_each_users["5"] will be destroyed
  - resource "circle3_vm" "for_each_users" {
      - arch          = "x86_64" -> null
      - ci_meta_data  = <<-EOT
            instance-id: {{ hostname }} 
            local-hostname: {{ hostname }} 
            cloud-name: circle3
            platform: circle3
        EOT -> null
      - ci_user_data  = <<-EOT
            #cloud-config
            
            ssh_pwauth: 1
            
            users:
              - name: {{ sysuser }} 
                sudo: ['ALL=(ALL) NOPASSWD:ALL']
                groups: sudo
                shell: /bin/bash
                chpasswd: { expire: False }
                lock-passwd: false
            chpasswd:
                list: |
                    {{ sysuser }}:{{ password }}
                expire: False
        EOT -> null
      - cloud_init    = true -> null
      - disks         = [
          - 278,
          - 266,
        ] -> null
      - from_template = 2 -> null
      - has_agent     = false -> null
      - id            = "133" -> null
      - ipv4          = "None" -> null
      - ipv6          = "None" -> null
      - max_ram_size  = 128 -> null
      - name          = "vm pool 5" -> null
      - num_cores     = 1 -> null
      - owner         = 1 -> null
      - priority      = 30 -> null
      - pw            = "hTPqbnxLkO" -> null
      - ram_size      = 128 -> null
      - status        = "RUNNING" -> null
      - system        = "ubuntu" -> null
      - vlans         = [] -> null
    }

  # circle3_vm.for_each_users["6"] will be destroyed
  - resource "circle3_vm" "for_each_users" {
      - arch          = "x86_64" -> null
      - ci_meta_data  = <<-EOT
            instance-id: {{ hostname }} 
            local-hostname: {{ hostname }} 
            cloud-name: circle3
            platform: circle3
        EOT -> null
      - ci_user_data  = <<-EOT
            #cloud-config
            
            ssh_pwauth: 1
            
            users:
              - name: {{ sysuser }} 
                sudo: ['ALL=(ALL) NOPASSWD:ALL']
                groups: sudo
                shell: /bin/bash
                chpasswd: { expire: False }
                lock-passwd: false
            chpasswd:
                list: |
                    {{ sysuser }}:{{ password }}
                expire: False
        EOT -> null
      - cloud_init    = true -> null
      - disks         = [
          - 269,
          - 263,
        ] -> null
      - from_template = 2 -> null
      - has_agent     = false -> null
      - id            = "126" -> null
      - ipv4          = "None" -> null
      - ipv6          = "None" -> null
      - max_ram_size  = 128 -> null
      - name          = "vm pool 6" -> null
      - num_cores     = 1 -> null
      - owner         = 1 -> null
      - priority      = 30 -> null
      - pw            = "WalDCnalGg" -> null
      - ram_size      = 128 -> null
      - status        = "RUNNING" -> null
      - system        = "ubuntu" -> null
      - vlans         = [] -> null
    }

  # circle3_vm.for_each_users["7"] will be destroyed
  - resource "circle3_vm" "for_each_users" {
      - arch          = "x86_64" -> null
      - ci_meta_data  = <<-EOT
            instance-id: {{ hostname }} 
            local-hostname: {{ hostname }} 
            cloud-name: circle3
            platform: circle3
        EOT -> null
      - ci_user_data  = <<-EOT
            #cloud-config
            
            ssh_pwauth: 1
            
            users:
              - name: {{ sysuser }} 
                sudo: ['ALL=(ALL) NOPASSWD:ALL']
                groups: sudo
                shell: /bin/bash
                chpasswd: { expire: False }
                lock-passwd: false
            chpasswd:
                list: |
                    {{ sysuser }}:{{ password }}
                expire: False
        EOT -> null
      - cloud_init    = true -> null
      - disks         = [
          - 275,
          - 260,
        ] -> null
      - from_template = 2 -> null
      - has_agent     = false -> null
      - id            = "131" -> null
      - ipv4          = "None" -> null
      - ipv6          = "None" -> null
      - max_ram_size  = 128 -> null
      - name          = "vm pool 7" -> null
      - num_cores     = 1 -> null
      - owner         = 1 -> null
      - priority      = 30 -> null
      - pw            = "AEMUoGRL47" -> null
      - ram_size      = 128 -> null
      - status        = "RUNNING" -> null
      - system        = "ubuntu" -> null
      - vlans         = [] -> null
    }

  # circle3_vm.for_each_users["8"] will be destroyed
  - resource "circle3_vm" "for_each_users" {
      - arch          = "x86_64" -> null
      - ci_meta_data  = <<-EOT
            instance-id: {{ hostname }} 
            local-hostname: {{ hostname }} 
            cloud-name: circle3
            platform: circle3
        EOT -> null
      - ci_user_data  = <<-EOT
            #cloud-config
            
            ssh_pwauth: 1
            
            users:
              - name: {{ sysuser }} 
                sudo: ['ALL=(ALL) NOPASSWD:ALL']
                groups: sudo
                shell: /bin/bash
                chpasswd: { expire: False }
                lock-passwd: false
            chpasswd:
                list: |
                    {{ sysuser }}:{{ password }}
                expire: False
        EOT -> null
      - cloud_init    = true -> null
      - disks         = [
          - 276,
          - 268,
        ] -> null
      - from_template = 2 -> null
      - has_agent     = false -> null
      - id            = "135" -> null
      - ipv4          = "None" -> null
      - ipv6          = "None" -> null
      - max_ram_size  = 128 -> null
      - name          = "vm pool 8" -> null
      - num_cores     = 1 -> null
      - owner         = 1 -> null
      - priority      = 30 -> null
      - pw            = "cTjbhd8W3u" -> null
      - ram_size      = 128 -> null
      - status        = "RUNNING" -> null
      - system        = "ubuntu" -> null
      - vlans         = [] -> null
    }

  # circle3_vm.for_each_users["9"] will be destroyed
  - resource "circle3_vm" "for_each_users" {
      - arch          = "x86_64" -> null
      - ci_meta_data  = <<-EOT
            instance-id: {{ hostname }} 
            local-hostname: {{ hostname }} 
            cloud-name: circle3
            platform: circle3
        EOT -> null
      - ci_user_data  = <<-EOT
            #cloud-config
            
            ssh_pwauth: 1
            
            users:
              - name: {{ sysuser }} 
                sudo: ['ALL=(ALL) NOPASSWD:ALL']
                groups: sudo
                shell: /bin/bash
                chpasswd: { expire: False }
                lock-passwd: false
            chpasswd:
                list: |
                    {{ sysuser }}:{{ password }}
                expire: False
        EOT -> null
      - cloud_init    = true -> null
      - disks         = [
          - 273,
          - 267,
        ] -> null
      - from_template = 2 -> null
      - has_agent     = false -> null
      - id            = "134" -> null
      - ipv4          = "None" -> null
      - ipv6          = "None" -> null
      - max_ram_size  = 128 -> null
      - name          = "vm pool 9" -> null
      - num_cores     = 1 -> null
      - owner         = 1 -> null
      - priority      = 30 -> null
      - pw            = "hXnelNahh2" -> null
      - ram_size      = 128 -> null
      - status        = "RUNNING" -> null
      - system        = "ubuntu" -> null
      - vlans         = [] -> null
    }

Plan: 0 to add, 0 to change, 10 to destroy.
circle3_vm.for_each_users["10"]: Destroying... [id=127]
circle3_vm.for_each_users["5"]: Destroying... [id=133]
circle3_vm.for_each_users["4"]: Destroying... [id=132]
circle3_vm.for_each_users["1"]: Destroying... [id=128]
circle3_vm.for_each_users["8"]: Destroying... [id=135]
circle3_vm.for_each_users["2"]: Destroying... [id=130]
circle3_vm.for_each_users["9"]: Destroying... [id=134]
circle3_vm.for_each_users["7"]: Destroying... [id=131]
circle3_vm.for_each_users["6"]: Destroying... [id=126]
circle3_vm.for_each_users["3"]: Destroying... [id=129]
circle3_vm.for_each_users["8"]: Destruction complete after 2s
circle3_vm.for_each_users["1"]: Destruction complete after 3s
circle3_vm.for_each_users["5"]: Destruction complete after 4s
circle3_vm.for_each_users["4"]: Destruction complete after 4s
circle3_vm.for_each_users["6"]: Destruction complete after 4s
circle3_vm.for_each_users["2"]: Destruction complete after 4s
circle3_vm.for_each_users["9"]: Destruction complete after 4s
circle3_vm.for_each_users["10"]: Destruction complete after 4s
circle3_vm.for_each_users["7"]: Destruction complete after 5s
circle3_vm.for_each_users["3"]: Destruction complete after 5s

Destroy complete! Resources: 10 destroyed.

real	0m6,448s
user	0m1,087s
sys	0m0,200s
Apply (20) ...
data.circle3_template.basetemplate: Reading...
data.circle3_template.basetemplate: Read complete after 0s [id=2]

Terraform used the selected providers to generate the following execution
plan. Resource actions are indicated with the following symbols:
  + create

Terraform will perform the following actions:

  # circle3_vm.for_each_users["1"] will be created
  + resource "circle3_vm" "for_each_users" {
      + cloud_init    = false
      + from_template = 2
      + id            = (known after apply)
      + ipv4          = (known after apply)
      + ipv6          = (known after apply)
      + name          = "vm pool 1"
      + node          = (known after apply)
      + owner         = 1
      + pw            = (known after apply)
      + vlans         = (known after apply)
    }

  # circle3_vm.for_each_users["10"] will be created
  + resource "circle3_vm" "for_each_users" {
      + cloud_init    = false
      + from_template = 2
      + id            = (known after apply)
      + ipv4          = (known after apply)
      + ipv6          = (known after apply)
      + name          = "vm pool 10"
      + node          = (known after apply)
      + owner         = 1
      + pw            = (known after apply)
      + vlans         = (known after apply)
    }

  # circle3_vm.for_each_users["11"] will be created
  + resource "circle3_vm" "for_each_users" {
      + cloud_init    = false
      + from_template = 2
      + id            = (known after apply)
      + ipv4          = (known after apply)
      + ipv6          = (known after apply)
      + name          = "vm pool 11"
      + node          = (known after apply)
      + owner         = 1
      + pw            = (known after apply)
      + vlans         = (known after apply)
    }

  # circle3_vm.for_each_users["12"] will be created
  + resource "circle3_vm" "for_each_users" {
      + cloud_init    = false
      + from_template = 2
      + id            = (known after apply)
      + ipv4          = (known after apply)
      + ipv6          = (known after apply)
      + name          = "vm pool 12"
      + node          = (known after apply)
      + owner         = 1
      + pw            = (known after apply)
      + vlans         = (known after apply)
    }

  # circle3_vm.for_each_users["13"] will be created
  + resource "circle3_vm" "for_each_users" {
      + cloud_init    = false
      + from_template = 2
      + id            = (known after apply)
      + ipv4          = (known after apply)
      + ipv6          = (known after apply)
      + name          = "vm pool 13"
      + node          = (known after apply)
      + owner         = 1
      + pw            = (known after apply)
      + vlans         = (known after apply)
    }

  # circle3_vm.for_each_users["14"] will be created
  + resource "circle3_vm" "for_each_users" {
      + cloud_init    = false
      + from_template = 2
      + id            = (known after apply)
      + ipv4          = (known after apply)
      + ipv6          = (known after apply)
      + name          = "vm pool 14"
      + node          = (known after apply)
      + owner         = 1
      + pw            = (known after apply)
      + vlans         = (known after apply)
    }

  # circle3_vm.for_each_users["15"] will be created
  + resource "circle3_vm" "for_each_users" {
      + cloud_init    = false
      + from_template = 2
      + id            = (known after apply)
      + ipv4          = (known after apply)
      + ipv6          = (known after apply)
      + name          = "vm pool 15"
      + node          = (known after apply)
      + owner         = 1
      + pw            = (known after apply)
      + vlans         = (known after apply)
    }

  # circle3_vm.for_each_users["16"] will be created
  + resource "circle3_vm" "for_each_users" {
      + cloud_init    = false
      + from_template = 2
      + id            = (known after apply)
      + ipv4          = (known after apply)
      + ipv6          = (known after apply)
      + name          = "vm pool 16"
      + node          = (known after apply)
      + owner         = 1
      + pw            = (known after apply)
      + vlans         = (known after apply)
    }

  # circle3_vm.for_each_users["17"] will be created
  + resource "circle3_vm" "for_each_users" {
      + cloud_init    = false
      + from_template = 2
      + id            = (known after apply)
      + ipv4          = (known after apply)
      + ipv6          = (known after apply)
      + name          = "vm pool 17"
      + node          = (known after apply)
      + owner         = 1
      + pw            = (known after apply)
      + vlans         = (known after apply)
    }

  # circle3_vm.for_each_users["18"] will be created
  + resource "circle3_vm" "for_each_users" {
      + cloud_init    = false
      + from_template = 2
      + id            = (known after apply)
      + ipv4          = (known after apply)
      + ipv6          = (known after apply)
      + name          = "vm pool 18"
      + node          = (known after apply)
      + owner         = 1
      + pw            = (known after apply)
      + vlans         = (known after apply)
    }

  # circle3_vm.for_each_users["19"] will be created
  + resource "circle3_vm" "for_each_users" {
      + cloud_init    = false
      + from_template = 2
      + id            = (known after apply)
      + ipv4          = (known after apply)
      + ipv6          = (known after apply)
      + name          = "vm pool 19"
      + node          = (known after apply)
      + owner         = 1
      + pw            = (known after apply)
      + vlans         = (known after apply)
    }

  # circle3_vm.for_each_users["2"] will be created
  + resource "circle3_vm" "for_each_users" {
      + cloud_init    = false
      + from_template = 2
      + id            = (known after apply)
      + ipv4          = (known after apply)
      + ipv6          = (known after apply)
      + name          = "vm pool 2"
      + node          = (known after apply)
      + owner         = 1
      + pw            = (known after apply)
      + vlans         = (known after apply)
    }

  # circle3_vm.for_each_users["20"] will be created
  + resource "circle3_vm" "for_each_users" {
      + cloud_init    = false
      + from_template = 2
      + id            = (known after apply)
      + ipv4          = (known after apply)
      + ipv6          = (known after apply)
      + name          = "vm pool 20"
      + node          = (known after apply)
      + owner         = 1
      + pw            = (known after apply)
      + vlans         = (known after apply)
    }

  # circle3_vm.for_each_users["3"] will be created
  + resource "circle3_vm" "for_each_users" {
      + cloud_init    = false
      + from_template = 2
      + id            = (known after apply)
      + ipv4          = (known after apply)
      + ipv6          = (known after apply)
      + name          = "vm pool 3"
      + node          = (known after apply)
      + owner         = 1
      + pw            = (known after apply)
      + vlans         = (known after apply)
    }

  # circle3_vm.for_each_users["4"] will be created
  + resource "circle3_vm" "for_each_users" {
      + cloud_init    = false
      + from_template = 2
      + id            = (known after apply)
      + ipv4          = (known after apply)
      + ipv6          = (known after apply)
      + name          = "vm pool 4"
      + node          = (known after apply)
      + owner         = 1
      + pw            = (known after apply)
      + vlans         = (known after apply)
    }

  # circle3_vm.for_each_users["5"] will be created
  + resource "circle3_vm" "for_each_users" {
      + cloud_init    = false
      + from_template = 2
      + id            = (known after apply)
      + ipv4          = (known after apply)
      + ipv6          = (known after apply)
      + name          = "vm pool 5"
      + node          = (known after apply)
      + owner         = 1
      + pw            = (known after apply)
      + vlans         = (known after apply)
    }

  # circle3_vm.for_each_users["6"] will be created
  + resource "circle3_vm" "for_each_users" {
      + cloud_init    = false
      + from_template = 2
      + id            = (known after apply)
      + ipv4          = (known after apply)
      + ipv6          = (known after apply)
      + name          = "vm pool 6"
      + node          = (known after apply)
      + owner         = 1
      + pw            = (known after apply)
      + vlans         = (known after apply)
    }

  # circle3_vm.for_each_users["7"] will be created
  + resource "circle3_vm" "for_each_users" {
      + cloud_init    = false
      + from_template = 2
      + id            = (known after apply)
      + ipv4          = (known after apply)
      + ipv6          = (known after apply)
      + name          = "vm pool 7"
      + node          = (known after apply)
      + owner         = 1
      + pw            = (known after apply)
      + vlans         = (known after apply)
    }

  # circle3_vm.for_each_users["8"] will be created
  + resource "circle3_vm" "for_each_users" {
      + cloud_init    = false
      + from_template = 2
      + id            = (known after apply)
      + ipv4          = (known after apply)
      + ipv6          = (known after apply)
      + name          = "vm pool 8"
      + node          = (known after apply)
      + owner         = 1
      + pw            = (known after apply)
      + vlans         = (known after apply)
    }

  # circle3_vm.for_each_users["9"] will be created
  + resource "circle3_vm" "for_each_users" {
      + cloud_init    = false
      + from_template = 2
      + id            = (known after apply)
      + ipv4          = (known after apply)
      + ipv6          = (known after apply)
      + name          = "vm pool 9"
      + node          = (known after apply)
      + owner         = 1
      + pw            = (known after apply)
      + vlans         = (known after apply)
    }

Plan: 20 to add, 0 to change, 0 to destroy.
circle3_vm.for_each_users["2"]: Creating...
circle3_vm.for_each_users["9"]: Creating...
circle3_vm.for_each_users["8"]: Creating...
circle3_vm.for_each_users["20"]: Creating...
circle3_vm.for_each_users["15"]: Creating...
circle3_vm.for_each_users["10"]: Creating...
circle3_vm.for_each_users["3"]: Creating...
circle3_vm.for_each_users["18"]: Creating...
circle3_vm.for_each_users["16"]: Creating...
circle3_vm.for_each_users["19"]: Creating...
circle3_vm.for_each_users["2"]: Creation complete after 2s [id=136]
circle3_vm.for_each_users["15"]: Creation complete after 2s [id=139]
circle3_vm.for_each_users["9"]: Creation complete after 2s [id=138]
circle3_vm.for_each_users["20"]: Creation complete after 2s [id=140]
circle3_vm.for_each_users["4"]: Creating...
circle3_vm.for_each_users["8"]: Creation complete after 2s [id=141]
circle3_vm.for_each_users["18"]: Creation complete after 2s [id=144]
circle3_vm.for_each_users["10"]: Creation complete after 2s [id=142]
circle3_vm.for_each_users["3"]: Creation complete after 2s [id=137]
circle3_vm.for_each_users["17"]: Creating...
circle3_vm.for_each_users["16"]: Creation complete after 2s [id=145]
circle3_vm.for_each_users["13"]: Creating...
circle3_vm.for_each_users["11"]: Creating...
circle3_vm.for_each_users["12"]: Creating...
circle3_vm.for_each_users["19"]: Creation complete after 2s [id=143]
circle3_vm.for_each_users["14"]: Creating...
circle3_vm.for_each_users["6"]: Creating...
circle3_vm.for_each_users["1"]: Creating...
circle3_vm.for_each_users["5"]: Creating...
circle3_vm.for_each_users["7"]: Creating...
circle3_vm.for_each_users["4"]: Creation complete after 2s [id=146]
circle3_vm.for_each_users["17"]: Creation complete after 2s [id=147]
circle3_vm.for_each_users["13"]: Creation complete after 2s [id=148]
circle3_vm.for_each_users["14"]: Creation complete after 2s [id=152]
circle3_vm.for_each_users["12"]: Creation complete after 2s [id=150]
circle3_vm.for_each_users["5"]: Creation complete after 2s [id=151]
circle3_vm.for_each_users["1"]: Creation complete after 2s [id=153]
circle3_vm.for_each_users["7"]: Creation complete after 2s [id=154]
circle3_vm.for_each_users["6"]: Creation complete after 2s [id=155]
circle3_vm.for_each_users["11"]: Creation complete after 2s [id=149]

Apply complete! Resources: 20 added, 0 changed, 0 destroyed.

real	0m4,396s
user	0m1,225s
sys	0m0,172s
Destroy (20) ...
data.circle3_template.basetemplate: Reading...
data.circle3_template.basetemplate: Read complete after 0s [id=2]
circle3_vm.for_each_users["13"]: Refreshing state... [id=148]
circle3_vm.for_each_users["2"]: Refreshing state... [id=136]
circle3_vm.for_each_users["20"]: Refreshing state... [id=140]
circle3_vm.for_each_users["3"]: Refreshing state... [id=137]
circle3_vm.for_each_users["15"]: Refreshing state... [id=139]
circle3_vm.for_each_users["6"]: Refreshing state... [id=155]
circle3_vm.for_each_users["8"]: Refreshing state... [id=141]
circle3_vm.for_each_users["14"]: Refreshing state... [id=152]
circle3_vm.for_each_users["11"]: Refreshing state... [id=149]
circle3_vm.for_each_users["19"]: Refreshing state... [id=143]
circle3_vm.for_each_users["16"]: Refreshing state... [id=145]
circle3_vm.for_each_users["17"]: Refreshing state... [id=147]
circle3_vm.for_each_users["12"]: Refreshing state... [id=150]
circle3_vm.for_each_users["18"]: Refreshing state... [id=144]
circle3_vm.for_each_users["5"]: Refreshing state... [id=151]
circle3_vm.for_each_users["9"]: Refreshing state... [id=138]
circle3_vm.for_each_users["10"]: Refreshing state... [id=142]
circle3_vm.for_each_users["4"]: Refreshing state... [id=146]
circle3_vm.for_each_users["1"]: Refreshing state... [id=153]
circle3_vm.for_each_users["7"]: Refreshing state... [id=154]

Terraform used the selected providers to generate the following execution
plan. Resource actions are indicated with the following symbols:
  - destroy

Terraform will perform the following actions:

  # circle3_vm.for_each_users["1"] will be destroyed
  - resource "circle3_vm" "for_each_users" {
      - arch          = "x86_64" -> null
      - ci_meta_data  = <<-EOT
            instance-id: {{ hostname }} 
            local-hostname: {{ hostname }} 
            cloud-name: circle3
            platform: circle3
        EOT -> null
      - ci_user_data  = <<-EOT
            #cloud-config
            
            ssh_pwauth: 1
            
            users:
              - name: {{ sysuser }} 
                sudo: ['ALL=(ALL) NOPASSWD:ALL']
                groups: sudo
                shell: /bin/bash
                chpasswd: { expire: False }
                lock-passwd: false
            chpasswd:
                list: |
                    {{ sysuser }}:{{ password }}
                expire: False
        EOT -> null
      - cloud_init    = true -> null
      - disks         = [
          - 314,
          - 297,
        ] -> null
      - from_template = 2 -> null
      - has_agent     = false -> null
      - id            = "153" -> null
      - ipv4          = "None" -> null
      - ipv6          = "None" -> null
      - max_ram_size  = 128 -> null
      - name          = "vm pool 1" -> null
      - num_cores     = 1 -> null
      - owner         = 1 -> null
      - priority      = 30 -> null
      - pw            = "F4owQSHG3f" -> null
      - ram_size      = 128 -> null
      - status        = "RUNNING" -> null
      - system        = "ubuntu" -> null
      - vlans         = [] -> null
    }

  # circle3_vm.for_each_users["10"] will be destroyed
  - resource "circle3_vm" "for_each_users" {
      - arch          = "x86_64" -> null
      - ci_meta_data  = <<-EOT
            instance-id: {{ hostname }} 
            local-hostname: {{ hostname }} 
            cloud-name: circle3
            platform: circle3
        EOT -> null
      - ci_user_data  = <<-EOT
            #cloud-config
            
            ssh_pwauth: 1
            
            users:
              - name: {{ sysuser }} 
                sudo: ['ALL=(ALL) NOPASSWD:ALL']
                groups: sudo
                shell: /bin/bash
                chpasswd: { expire: False }
                lock-passwd: false
            chpasswd:
                list: |
                    {{ sysuser }}:{{ password }}
                expire: False
        EOT -> null
      - cloud_init    = true -> null
      - disks         = [
          - 306,
          - 285,
        ] -> null
      - from_template = 2 -> null
      - has_agent     = false -> null
      - id            = "142" -> null
      - ipv4          = "None" -> null
      - ipv6          = "None" -> null
      - max_ram_size  = 128 -> null
      - name          = "vm pool 10" -> null
      - num_cores     = 1 -> null
      - owner         = 1 -> null
      - priority      = 30 -> null
      - pw            = "VlJGP6QpKx" -> null
      - ram_size      = 128 -> null
      - status        = "RUNNING" -> null
      - system        = "ubuntu" -> null
      - vlans         = [] -> null
    }

  # circle3_vm.for_each_users["11"] will be destroyed
  - resource "circle3_vm" "for_each_users" {
      - arch          = "x86_64" -> null
      - ci_meta_data  = <<-EOT
            instance-id: {{ hostname }} 
            local-hostname: {{ hostname }} 
            cloud-name: circle3
            platform: circle3
        EOT -> null
      - ci_user_data  = <<-EOT
            #cloud-config
            
            ssh_pwauth: 1
            
            users:
              - name: {{ sysuser }} 
                sudo: ['ALL=(ALL) NOPASSWD:ALL']
                groups: sudo
                shell: /bin/bash
                chpasswd: { expire: False }
                lock-passwd: false
            chpasswd:
                list: |
                    {{ sysuser }}:{{ password }}
                expire: False
        EOT -> null
      - cloud_init    = true -> null
      - disks         = [
          - 318,
          - 299,
        ] -> null
      - from_template = 2 -> null
      - has_agent     = false -> null
      - id            = "149" -> null
      - ipv4          = "None" -> null
      - ipv6          = "None" -> null
      - max_ram_size  = 128 -> null
      - name          = "vm pool 11" -> null
      - num_cores     = 1 -> null
      - owner         = 1 -> null
      - priority      = 30 -> null
      - pw            = "rDiHf8XsUx" -> null
      - ram_size      = 128 -> null
      - status        = "RUNNING" -> null
      - system        = "ubuntu" -> null
      - vlans         = [] -> null
    }

  # circle3_vm.for_each_users["12"] will be destroyed
  - resource "circle3_vm" "for_each_users" {
      - arch          = "x86_64" -> null
      - ci_meta_data  = <<-EOT
            instance-id: {{ hostname }} 
            local-hostname: {{ hostname }} 
            cloud-name: circle3
            platform: circle3
        EOT -> null
      - ci_user_data  = <<-EOT
            #cloud-config
            
            ssh_pwauth: 1
            
            users:
              - name: {{ sysuser }} 
                sudo: ['ALL=(ALL) NOPASSWD:ALL']
                groups: sudo
                shell: /bin/bash
                chpasswd: { expire: False }
                lock-passwd: false
            chpasswd:
                list: |
                    {{ sysuser }}:{{ password }}
                expire: False
        EOT -> null
      - cloud_init    = true -> null
      - disks         = [
          - 315,
          - 296,
        ] -> null
      - from_template = 2 -> null
      - has_agent     = false -> null
      - id            = "150" -> null
      - ipv4          = "None" -> null
      - ipv6          = "None" -> null
      - max_ram_size  = 128 -> null
      - name          = "vm pool 12" -> null
      - num_cores     = 1 -> null
      - owner         = 1 -> null
      - priority      = 30 -> null
      - pw            = "2vREandw87" -> null
      - ram_size      = 128 -> null
      - status        = "RUNNING" -> null
      - system        = "ubuntu" -> null
      - vlans         = [] -> null
    }

  # circle3_vm.for_each_users["13"] will be destroyed
  - resource "circle3_vm" "for_each_users" {
      - arch          = "x86_64" -> null
      - ci_meta_data  = <<-EOT
            instance-id: {{ hostname }} 
            local-hostname: {{ hostname }} 
            cloud-name: circle3
            platform: circle3
        EOT -> null
      - ci_user_data  = <<-EOT
            #cloud-config
            
            ssh_pwauth: 1
            
            users:
              - name: {{ sysuser }} 
                sudo: ['ALL=(ALL) NOPASSWD:ALL']
                groups: sudo
                shell: /bin/bash
                chpasswd: { expire: False }
                lock-passwd: false
            chpasswd:
                list: |
                    {{ sysuser }}:{{ password }}
                expire: False
        EOT -> null
      - cloud_init    = true -> null
      - disks         = [
          - 311,
          - 294,
        ] -> null
      - from_template = 2 -> null
      - has_agent     = false -> null
      - id            = "148" -> null
      - ipv4          = "None" -> null
      - ipv6          = "None" -> null
      - max_ram_size  = 128 -> null
      - name          = "vm pool 13" -> null
      - num_cores     = 1 -> null
      - owner         = 1 -> null
      - priority      = 30 -> null
      - pw            = "2FuE7KLkd6" -> null
      - ram_size      = 128 -> null
      - status        = "RUNNING" -> null
      - system        = "ubuntu" -> null
      - vlans         = [] -> null
    }

  # circle3_vm.for_each_users["14"] will be destroyed
  - resource "circle3_vm" "for_each_users" {
      - arch          = "x86_64" -> null
      - ci_meta_data  = <<-EOT
            instance-id: {{ hostname }} 
            local-hostname: {{ hostname }} 
            cloud-name: circle3
            platform: circle3
        EOT -> null
      - ci_user_data  = <<-EOT
            #cloud-config
            
            ssh_pwauth: 1
            
            users:
              - name: {{ sysuser }} 
                sudo: ['ALL=(ALL) NOPASSWD:ALL']
                groups: sudo
                shell: /bin/bash
                chpasswd: { expire: False }
                lock-passwd: false
            chpasswd:
                list: |
                    {{ sysuser }}:{{ password }}
                expire: False
        EOT -> null
      - cloud_init    = true -> null
      - disks         = [
          - 312,
          - 295,
        ] -> null
      - from_template = 2 -> null
      - has_agent     = false -> null
      - id            = "152" -> null
      - ipv4          = "None" -> null
      - ipv6          = "None" -> null
      - max_ram_size  = 128 -> null
      - name          = "vm pool 14" -> null
      - num_cores     = 1 -> null
      - owner         = 1 -> null
      - priority      = 30 -> null
      - pw            = "WUUsb1sgpn" -> null
      - ram_size      = 128 -> null
      - status        = "RUNNING" -> null
      - system        = "ubuntu" -> null
      - vlans         = [] -> null
    }

  # circle3_vm.for_each_users["15"] will be destroyed
  - resource "circle3_vm" "for_each_users" {
      - arch          = "x86_64" -> null
      - ci_meta_data  = <<-EOT
            instance-id: {{ hostname }} 
            local-hostname: {{ hostname }} 
            cloud-name: circle3
            platform: circle3
        EOT -> null
      - ci_user_data  = <<-EOT
            #cloud-config
            
            ssh_pwauth: 1
            
            users:
              - name: {{ sysuser }} 
                sudo: ['ALL=(ALL) NOPASSWD:ALL']
                groups: sudo
                shell: /bin/bash
                chpasswd: { expire: False }
                lock-passwd: false
            chpasswd:
                list: |
                    {{ sysuser }}:{{ password }}
                expire: False
        EOT -> null
      - cloud_init    = true -> null
      - disks         = [
          - 302,
          - 282,
        ] -> null
      - from_template = 2 -> null
      - has_agent     = false -> null
      - id            = "139" -> null
      - ipv4          = "None" -> null
      - ipv6          = "None" -> null
      - max_ram_size  = 128 -> null
      - name          = "vm pool 15" -> null
      - num_cores     = 1 -> null
      - owner         = 1 -> null
      - priority      = 30 -> null
      - pw            = "oMokos19NB" -> null
      - ram_size      = 128 -> null
      - status        = "RUNNING" -> null
      - system        = "ubuntu" -> null
      - vlans         = [] -> null
    }

  # circle3_vm.for_each_users["16"] will be destroyed
  - resource "circle3_vm" "for_each_users" {
      - arch          = "x86_64" -> null
      - ci_meta_data  = <<-EOT
            instance-id: {{ hostname }} 
            local-hostname: {{ hostname }} 
            cloud-name: circle3
            platform: circle3
        EOT -> null
      - ci_user_data  = <<-EOT
            #cloud-config
            
            ssh_pwauth: 1
            
            users:
              - name: {{ sysuser }} 
                sudo: ['ALL=(ALL) NOPASSWD:ALL']
                groups: sudo
                shell: /bin/bash
                chpasswd: { expire: False }
                lock-passwd: false
            chpasswd:
                list: |
                    {{ sysuser }}:{{ password }}
                expire: False
        EOT -> null
      - cloud_init    = true -> null
      - disks         = [
          - 305,
          - 287,
        ] -> null
      - from_template = 2 -> null
      - has_agent     = false -> null
      - id            = "145" -> null
      - ipv4          = "None" -> null
      - ipv6          = "None" -> null
      - max_ram_size  = 128 -> null
      - name          = "vm pool 16" -> null
      - num_cores     = 1 -> null
      - owner         = 1 -> null
      - priority      = 30 -> null
      - pw            = "cmd997iLVf" -> null
      - ram_size      = 128 -> null
      - status        = "RUNNING" -> null
      - system        = "ubuntu" -> null
      - vlans         = [] -> null
    }

  # circle3_vm.for_each_users["17"] will be destroyed
  - resource "circle3_vm" "for_each_users" {
      - arch          = "x86_64" -> null
      - ci_meta_data  = <<-EOT
            instance-id: {{ hostname }} 
            local-hostname: {{ hostname }} 
            cloud-name: circle3
            platform: circle3
        EOT -> null
      - ci_user_data  = <<-EOT
            #cloud-config
            
            ssh_pwauth: 1
            
            users:
              - name: {{ sysuser }} 
                sudo: ['ALL=(ALL) NOPASSWD:ALL']
                groups: sudo
                shell: /bin/bash
                chpasswd: { expire: False }
                lock-passwd: false
            chpasswd:
                list: |
                    {{ sysuser }}:{{ password }}
                expire: False
        EOT -> null
      - cloud_init    = true -> null
      - disks         = [
          - 310,
          - 293,
        ] -> null
      - from_template = 2 -> null
      - has_agent     = false -> null
      - id            = "147" -> null
      - ipv4          = "None" -> null
      - ipv6          = "None" -> null
      - max_ram_size  = 128 -> null
      - name          = "vm pool 17" -> null
      - num_cores     = 1 -> null
      - owner         = 1 -> null
      - priority      = 30 -> null
      - pw            = "68SXNHnq6s" -> null
      - ram_size      = 128 -> null
      - status        = "RUNNING" -> null
      - system        = "ubuntu" -> null
      - vlans         = [] -> null
    }

  # circle3_vm.for_each_users["18"] will be destroyed
  - resource "circle3_vm" "for_each_users" {
      - arch          = "x86_64" -> null
      - ci_meta_data  = <<-EOT
            instance-id: {{ hostname }} 
            local-hostname: {{ hostname }} 
            cloud-name: circle3
            platform: circle3
        EOT -> null
      - ci_user_data  = <<-EOT
            #cloud-config
            
            ssh_pwauth: 1
            
            users:
              - name: {{ sysuser }} 
                sudo: ['ALL=(ALL) NOPASSWD:ALL']
                groups: sudo
                shell: /bin/bash
                chpasswd: { expire: False }
                lock-passwd: false
            chpasswd:
                list: |
                    {{ sysuser }}:{{ password }}
                expire: False
        EOT -> null
      - cloud_init    = true -> null
      - disks         = [
          - 308,
          - 288,
        ] -> null
      - from_template = 2 -> null
      - has_agent     = false -> null
      - id            = "144" -> null
      - ipv4          = "None" -> null
      - ipv6          = "None" -> null
      - max_ram_size  = 128 -> null
      - name          = "vm pool 18" -> null
      - num_cores     = 1 -> null
      - owner         = 1 -> null
      - priority      = 30 -> null
      - pw            = "eqE3w3JW7s" -> null
      - ram_size      = 128 -> null
      - status        = "RUNNING" -> null
      - system        = "ubuntu" -> null
      - vlans         = [] -> null
    }

  # circle3_vm.for_each_users["19"] will be destroyed
  - resource "circle3_vm" "for_each_users" {
      - arch          = "x86_64" -> null
      - ci_meta_data  = <<-EOT
            instance-id: {{ hostname }} 
            local-hostname: {{ hostname }} 
            cloud-name: circle3
            platform: circle3
        EOT -> null
      - ci_user_data  = <<-EOT
            #cloud-config
            
            ssh_pwauth: 1
            
            users:
              - name: {{ sysuser }} 
                sudo: ['ALL=(ALL) NOPASSWD:ALL']
                groups: sudo
                shell: /bin/bash
                chpasswd: { expire: False }
                lock-passwd: false
            chpasswd:
                list: |
                    {{ sysuser }}:{{ password }}
                expire: False
        EOT -> null
      - cloud_init    = true -> null
      - disks         = [
          - 307,
          - 286,
        ] -> null
      - from_template = 2 -> null
      - has_agent     = false -> null
      - id            = "143" -> null
      - ipv4          = "None" -> null
      - ipv6          = "None" -> null
      - max_ram_size  = 128 -> null
      - name          = "vm pool 19" -> null
      - num_cores     = 1 -> null
      - owner         = 1 -> null
      - priority      = 30 -> null
      - pw            = "emV8LfEqSc" -> null
      - ram_size      = 128 -> null
      - status        = "RUNNING" -> null
      - system        = "ubuntu" -> null
      - vlans         = [] -> null
    }

  # circle3_vm.for_each_users["2"] will be destroyed
  - resource "circle3_vm" "for_each_users" {
      - arch          = "x86_64" -> null
      - ci_meta_data  = <<-EOT
            instance-id: {{ hostname }} 
            local-hostname: {{ hostname }} 
            cloud-name: circle3
            platform: circle3
        EOT -> null
      - ci_user_data  = <<-EOT
            #cloud-config
            
            ssh_pwauth: 1
            
            users:
              - name: {{ sysuser }} 
                sudo: ['ALL=(ALL) NOPASSWD:ALL']
                groups: sudo
                shell: /bin/bash
                chpasswd: { expire: False }
                lock-passwd: false
            chpasswd:
                list: |
                    {{ sysuser }}:{{ password }}
                expire: False
        EOT -> null
      - cloud_init    = true -> null
      - disks         = [
          - 291,
          - 279,
        ] -> null
      - from_template = 2 -> null
      - has_agent     = false -> null
      - id            = "136" -> null
      - ipv4          = "None" -> null
      - ipv6          = "None" -> null
      - max_ram_size  = 128 -> null
      - name          = "vm pool 2" -> null
      - num_cores     = 1 -> null
      - owner         = 1 -> null
      - priority      = 30 -> null
      - pw            = "X3oipOaqbR" -> null
      - ram_size      = 128 -> null
      - status        = "RUNNING" -> null
      - system        = "ubuntu" -> null
      - vlans         = [] -> null
    }

  # circle3_vm.for_each_users["20"] will be destroyed
  - resource "circle3_vm" "for_each_users" {
      - arch          = "x86_64" -> null
      - ci_meta_data  = <<-EOT
            instance-id: {{ hostname }} 
            local-hostname: {{ hostname }} 
            cloud-name: circle3
            platform: circle3
        EOT -> null
      - ci_user_data  = <<-EOT
            #cloud-config
            
            ssh_pwauth: 1
            
            users:
              - name: {{ sysuser }} 
                sudo: ['ALL=(ALL) NOPASSWD:ALL']
                groups: sudo
                shell: /bin/bash
                chpasswd: { expire: False }
                lock-passwd: false
            chpasswd:
                list: |
                    {{ sysuser }}:{{ password }}
                expire: False
        EOT -> null
      - cloud_init    = true -> null
      - disks         = [
          - 304,
          - 284,
        ] -> null
      - from_template = 2 -> null
      - has_agent     = false -> null
      - id            = "140" -> null
      - ipv4          = "None" -> null
      - ipv6          = "None" -> null
      - max_ram_size  = 128 -> null
      - name          = "vm pool 20" -> null
      - num_cores     = 1 -> null
      - owner         = 1 -> null
      - priority      = 30 -> null
      - pw            = "RnwQvTcxO7" -> null
      - ram_size      = 128 -> null
      - status        = "RUNNING" -> null
      - system        = "ubuntu" -> null
      - vlans         = [] -> null
    }

  # circle3_vm.for_each_users["3"] will be destroyed
  - resource "circle3_vm" "for_each_users" {
      - arch          = "x86_64" -> null
      - ci_meta_data  = <<-EOT
            instance-id: {{ hostname }} 
            local-hostname: {{ hostname }} 
            cloud-name: circle3
            platform: circle3
        EOT -> null
      - ci_user_data  = <<-EOT
            #cloud-config
            
            ssh_pwauth: 1
            
            users:
              - name: {{ sysuser }} 
                sudo: ['ALL=(ALL) NOPASSWD:ALL']
                groups: sudo
                shell: /bin/bash
                chpasswd: { expire: False }
                lock-passwd: false
            chpasswd:
                list: |
                    {{ sysuser }}:{{ password }}
                expire: False
        EOT -> null
      - cloud_init    = true -> null
      - disks         = [
          - 289,
          - 280,
        ] -> null
      - from_template = 2 -> null
      - has_agent     = false -> null
      - id            = "137" -> null
      - ipv4          = "None" -> null
      - ipv6          = "None" -> null
      - max_ram_size  = 128 -> null
      - name          = "vm pool 3" -> null
      - num_cores     = 1 -> null
      - owner         = 1 -> null
      - priority      = 30 -> null
      - pw            = "wIIFMoFdWc" -> null
      - ram_size      = 128 -> null
      - status        = "RUNNING" -> null
      - system        = "ubuntu" -> null
      - vlans         = [] -> null
    }

  # circle3_vm.for_each_users["4"] will be destroyed
  - resource "circle3_vm" "for_each_users" {
      - arch          = "x86_64" -> null
      - ci_meta_data  = <<-EOT
            instance-id: {{ hostname }} 
            local-hostname: {{ hostname }} 
            cloud-name: circle3
            platform: circle3
        EOT -> null
      - ci_user_data  = <<-EOT
            #cloud-config
            
            ssh_pwauth: 1
            
            users:
              - name: {{ sysuser }} 
                sudo: ['ALL=(ALL) NOPASSWD:ALL']
                groups: sudo
                shell: /bin/bash
                chpasswd: { expire: False }
                lock-passwd: false
            chpasswd:
                list: |
                    {{ sysuser }}:{{ password }}
                expire: False
        EOT -> null
      - cloud_init    = true -> null
      - disks         = [
          - 309,
          - 292,
        ] -> null
      - from_template = 2 -> null
      - has_agent     = false -> null
      - id            = "146" -> null
      - ipv4          = "None" -> null
      - ipv6          = "None" -> null
      - max_ram_size  = 128 -> null
      - name          = "vm pool 4" -> null
      - num_cores     = 1 -> null
      - owner         = 1 -> null
      - priority      = 30 -> null
      - pw            = "aVr4UuWxAM" -> null
      - ram_size      = 128 -> null
      - status        = "RUNNING" -> null
      - system        = "ubuntu" -> null
      - vlans         = [] -> null
    }

  # circle3_vm.for_each_users["5"] will be destroyed
  - resource "circle3_vm" "for_each_users" {
      - arch          = "x86_64" -> null
      - ci_meta_data  = <<-EOT
            instance-id: {{ hostname }} 
            local-hostname: {{ hostname }} 
            cloud-name: circle3
            platform: circle3
        EOT -> null
      - ci_user_data  = <<-EOT
            #cloud-config
            
            ssh_pwauth: 1
            
            users:
              - name: {{ sysuser }} 
                sudo: ['ALL=(ALL) NOPASSWD:ALL']
                groups: sudo
                shell: /bin/bash
                chpasswd: { expire: False }
                lock-passwd: false
            chpasswd:
                list: |
                    {{ sysuser }}:{{ password }}
                expire: False
        EOT -> null
      - cloud_init    = true -> null
      - disks         = [
          - 313,
          - 298,
        ] -> null
      - from_template = 2 -> null
      - has_agent     = false -> null
      - id            = "151" -> null
      - ipv4          = "None" -> null
      - ipv6          = "None" -> null
      - max_ram_size  = 128 -> null
      - name          = "vm pool 5" -> null
      - num_cores     = 1 -> null
      - owner         = 1 -> null
      - priority      = 30 -> null
      - pw            = "VMCMIoM7c4" -> null
      - ram_size      = 128 -> null
      - status        = "RUNNING" -> null
      - system        = "ubuntu" -> null
      - vlans         = [] -> null
    }

  # circle3_vm.for_each_users["6"] will be destroyed
  - resource "circle3_vm" "for_each_users" {
      - arch          = "x86_64" -> null
      - ci_meta_data  = <<-EOT
            instance-id: {{ hostname }} 
            local-hostname: {{ hostname }} 
            cloud-name: circle3
            platform: circle3
        EOT -> null
      - ci_user_data  = <<-EOT
            #cloud-config
            
            ssh_pwauth: 1
            
            users:
              - name: {{ sysuser }} 
                sudo: ['ALL=(ALL) NOPASSWD:ALL']
                groups: sudo
                shell: /bin/bash
                chpasswd: { expire: False }
                lock-passwd: false
            chpasswd:
                list: |
                    {{ sysuser }}:{{ password }}
                expire: False
        EOT -> null
      - cloud_init    = true -> null
      - disks         = [
          - 317,
          - 301,
        ] -> null
      - from_template = 2 -> null
      - has_agent     = false -> null
      - id            = "155" -> null
      - ipv4          = "None" -> null
      - ipv6          = "None" -> null
      - max_ram_size  = 128 -> null
      - name          = "vm pool 6" -> null
      - num_cores     = 1 -> null
      - owner         = 1 -> null
      - priority      = 30 -> null
      - pw            = "8LcfkqwtEO" -> null
      - ram_size      = 128 -> null
      - status        = "RUNNING" -> null
      - system        = "ubuntu" -> null
      - vlans         = [] -> null
    }

  # circle3_vm.for_each_users["7"] will be destroyed
  - resource "circle3_vm" "for_each_users" {
      - arch          = "x86_64" -> null
      - ci_meta_data  = <<-EOT
            instance-id: {{ hostname }} 
            local-hostname: {{ hostname }} 
            cloud-name: circle3
            platform: circle3
        EOT -> null
      - ci_user_data  = <<-EOT
            #cloud-config
            
            ssh_pwauth: 1
            
            users:
              - name: {{ sysuser }} 
                sudo: ['ALL=(ALL) NOPASSWD:ALL']
                groups: sudo
                shell: /bin/bash
                chpasswd: { expire: False }
                lock-passwd: false
            chpasswd:
                list: |
                    {{ sysuser }}:{{ password }}
                expire: False
        EOT -> null
      - cloud_init    = true -> null
      - disks         = [
          - 316,
          - 300,
        ] -> null
      - from_template = 2 -> null
      - has_agent     = false -> null
      - id            = "154" -> null
      - ipv4          = "None" -> null
      - ipv6          = "None" -> null
      - max_ram_size  = 128 -> null
      - name          = "vm pool 7" -> null
      - num_cores     = 1 -> null
      - owner         = 1 -> null
      - priority      = 30 -> null
      - pw            = "GTAGDqdJrQ" -> null
      - ram_size      = 128 -> null
      - status        = "RUNNING" -> null
      - system        = "ubuntu" -> null
      - vlans         = [] -> null
    }

  # circle3_vm.for_each_users["8"] will be destroyed
  - resource "circle3_vm" "for_each_users" {
      - arch          = "x86_64" -> null
      - ci_meta_data  = <<-EOT
            instance-id: {{ hostname }} 
            local-hostname: {{ hostname }} 
            cloud-name: circle3
            platform: circle3
        EOT -> null
      - ci_user_data  = <<-EOT
            #cloud-config
            
            ssh_pwauth: 1
            
            users:
              - name: {{ sysuser }} 
                sudo: ['ALL=(ALL) NOPASSWD:ALL']
                groups: sudo
                shell: /bin/bash
                chpasswd: { expire: False }
                lock-passwd: false
            chpasswd:
                list: |
                    {{ sysuser }}:{{ password }}
                expire: False
        EOT -> null
      - cloud_init    = true -> null
      - disks         = [
          - 303,
          - 283,
        ] -> null
      - from_template = 2 -> null
      - has_agent     = false -> null
      - id            = "141" -> null
      - ipv4          = "None" -> null
      - ipv6          = "None" -> null
      - max_ram_size  = 128 -> null
      - name          = "vm pool 8" -> null
      - num_cores     = 1 -> null
      - owner         = 1 -> null
      - priority      = 30 -> null
      - pw            = "jcmggiPDEj" -> null
      - ram_size      = 128 -> null
      - status        = "RUNNING" -> null
      - system        = "ubuntu" -> null
      - vlans         = [] -> null
    }

  # circle3_vm.for_each_users["9"] will be destroyed
  - resource "circle3_vm" "for_each_users" {
      - arch          = "x86_64" -> null
      - ci_meta_data  = <<-EOT
            instance-id: {{ hostname }} 
            local-hostname: {{ hostname }} 
            cloud-name: circle3
            platform: circle3
        EOT -> null
      - ci_user_data  = <<-EOT
            #cloud-config
            
            ssh_pwauth: 1
            
            users:
              - name: {{ sysuser }} 
                sudo: ['ALL=(ALL) NOPASSWD:ALL']
                groups: sudo
                shell: /bin/bash
                chpasswd: { expire: False }
                lock-passwd: false
            chpasswd:
                list: |
                    {{ sysuser }}:{{ password }}
                expire: False
        EOT -> null
      - cloud_init    = true -> null
      - disks         = [
          - 290,
          - 281,
        ] -> null
      - from_template = 2 -> null
      - has_agent     = false -> null
      - id            = "138" -> null
      - ipv4          = "None" -> null
      - ipv6          = "None" -> null
      - max_ram_size  = 128 -> null
      - name          = "vm pool 9" -> null
      - num_cores     = 1 -> null
      - owner         = 1 -> null
      - priority      = 30 -> null
      - pw            = "27KFad5b1k" -> null
      - ram_size      = 128 -> null
      - status        = "RUNNING" -> null
      - system        = "ubuntu" -> null
      - vlans         = [] -> null
    }

Plan: 0 to add, 0 to change, 20 to destroy.
circle3_vm.for_each_users["18"]: Destroying... [id=144]
circle3_vm.for_each_users["16"]: Destroying... [id=145]
circle3_vm.for_each_users["17"]: Destroying... [id=147]
circle3_vm.for_each_users["11"]: Destroying... [id=149]
circle3_vm.for_each_users["1"]: Destroying... [id=153]
circle3_vm.for_each_users["10"]: Destroying... [id=142]
circle3_vm.for_each_users["15"]: Destroying... [id=139]
circle3_vm.for_each_users["5"]: Destroying... [id=151]
circle3_vm.for_each_users["9"]: Destroying... [id=138]
circle3_vm.for_each_users["14"]: Destroying... [id=152]
circle3_vm.for_each_users["9"]: Destruction complete after 2s
circle3_vm.for_each_users["2"]: Destroying... [id=136]
circle3_vm.for_each_users["18"]: Destruction complete after 3s
circle3_vm.for_each_users["6"]: Destroying... [id=155]
circle3_vm.for_each_users["15"]: Destruction complete after 4s
circle3_vm.for_each_users["13"]: Destroying... [id=148]
circle3_vm.for_each_users["17"]: Destruction complete after 4s
circle3_vm.for_each_users["3"]: Destroying... [id=137]
circle3_vm.for_each_users["11"]: Destruction complete after 4s
circle3_vm.for_each_users["8"]: Destroying... [id=141]
circle3_vm.for_each_users["1"]: Destruction complete after 4s
circle3_vm.for_each_users["12"]: Destroying... [id=150]
circle3_vm.for_each_users["5"]: Destruction complete after 5s
circle3_vm.for_each_users["20"]: Destroying... [id=140]
circle3_vm.for_each_users["16"]: Destruction complete after 5s
circle3_vm.for_each_users["7"]: Destroying... [id=154]
circle3_vm.for_each_users["14"]: Destruction complete after 5s
circle3_vm.for_each_users["10"]: Destruction complete after 5s
circle3_vm.for_each_users["19"]: Destroying... [id=143]
circle3_vm.for_each_users["4"]: Destroying... [id=146]
circle3_vm.for_each_users["2"]: Destruction complete after 3s
circle3_vm.for_each_users["6"]: Destruction complete after 2s
circle3_vm.for_each_users["13"]: Destruction complete after 2s
circle3_vm.for_each_users["12"]: Destruction complete after 4s
circle3_vm.for_each_users["3"]: Destruction complete after 4s
circle3_vm.for_each_users["8"]: Destruction complete after 4s
circle3_vm.for_each_users["20"]: Destruction complete after 3s
circle3_vm.for_each_users["4"]: Destruction complete after 4s
circle3_vm.for_each_users["19"]: Destruction complete after 4s
circle3_vm.for_each_users["7"]: Destruction complete after 4s

Destroy complete! Resources: 20 destroyed.

real	0m11,708s
user	0m1,511s
sys	0m0,243s
Apply (40) ...
data.circle3_template.basetemplate: Reading...
data.circle3_template.basetemplate: Read complete after 0s [id=2]

Terraform used the selected providers to generate the following execution
plan. Resource actions are indicated with the following symbols:
  + create

Terraform will perform the following actions:

  # circle3_vm.for_each_users["1"] will be created
  + resource "circle3_vm" "for_each_users" {
      + cloud_init    = false
      + from_template = 2
      + id            = (known after apply)
      + ipv4          = (known after apply)
      + ipv6          = (known after apply)
      + name          = "vm pool 1"
      + node          = (known after apply)
      + owner         = 1
      + pw            = (known after apply)
      + vlans         = (known after apply)
    }

  # circle3_vm.for_each_users["10"] will be created
  + resource "circle3_vm" "for_each_users" {
      + cloud_init    = false
      + from_template = 2
      + id            = (known after apply)
      + ipv4          = (known after apply)
      + ipv6          = (known after apply)
      + name          = "vm pool 10"
      + node          = (known after apply)
      + owner         = 1
      + pw            = (known after apply)
      + vlans         = (known after apply)
    }

  # circle3_vm.for_each_users["11"] will be created
  + resource "circle3_vm" "for_each_users" {
      + cloud_init    = false
      + from_template = 2
      + id            = (known after apply)
      + ipv4          = (known after apply)
      + ipv6          = (known after apply)
      + name          = "vm pool 11"
      + node          = (known after apply)
      + owner         = 1
      + pw            = (known after apply)
      + vlans         = (known after apply)
    }

  # circle3_vm.for_each_users["12"] will be created
  + resource "circle3_vm" "for_each_users" {
      + cloud_init    = false
      + from_template = 2
      + id            = (known after apply)
      + ipv4          = (known after apply)
      + ipv6          = (known after apply)
      + name          = "vm pool 12"
      + node          = (known after apply)
      + owner         = 1
      + pw            = (known after apply)
      + vlans         = (known after apply)
    }

  # circle3_vm.for_each_users["13"] will be created
  + resource "circle3_vm" "for_each_users" {
      + cloud_init    = false
      + from_template = 2
      + id            = (known after apply)
      + ipv4          = (known after apply)
      + ipv6          = (known after apply)
      + name          = "vm pool 13"
      + node          = (known after apply)
      + owner         = 1
      + pw            = (known after apply)
      + vlans         = (known after apply)
    }

  # circle3_vm.for_each_users["14"] will be created
  + resource "circle3_vm" "for_each_users" {
      + cloud_init    = false
      + from_template = 2
      + id            = (known after apply)
      + ipv4          = (known after apply)
      + ipv6          = (known after apply)
      + name          = "vm pool 14"
      + node          = (known after apply)
      + owner         = 1
      + pw            = (known after apply)
      + vlans         = (known after apply)
    }

  # circle3_vm.for_each_users["15"] will be created
  + resource "circle3_vm" "for_each_users" {
      + cloud_init    = false
      + from_template = 2
      + id            = (known after apply)
      + ipv4          = (known after apply)
      + ipv6          = (known after apply)
      + name          = "vm pool 15"
      + node          = (known after apply)
      + owner         = 1
      + pw            = (known after apply)
      + vlans         = (known after apply)
    }

  # circle3_vm.for_each_users["16"] will be created
  + resource "circle3_vm" "for_each_users" {
      + cloud_init    = false
      + from_template = 2
      + id            = (known after apply)
      + ipv4          = (known after apply)
      + ipv6          = (known after apply)
      + name          = "vm pool 16"
      + node          = (known after apply)
      + owner         = 1
      + pw            = (known after apply)
      + vlans         = (known after apply)
    }

  # circle3_vm.for_each_users["17"] will be created
  + resource "circle3_vm" "for_each_users" {
      + cloud_init    = false
      + from_template = 2
      + id            = (known after apply)
      + ipv4          = (known after apply)
      + ipv6          = (known after apply)
      + name          = "vm pool 17"
      + node          = (known after apply)
      + owner         = 1
      + pw            = (known after apply)
      + vlans         = (known after apply)
    }

  # circle3_vm.for_each_users["18"] will be created
  + resource "circle3_vm" "for_each_users" {
      + cloud_init    = false
      + from_template = 2
      + id            = (known after apply)
      + ipv4          = (known after apply)
      + ipv6          = (known after apply)
      + name          = "vm pool 18"
      + node          = (known after apply)
      + owner         = 1
      + pw            = (known after apply)
      + vlans         = (known after apply)
    }

  # circle3_vm.for_each_users["19"] will be created
  + resource "circle3_vm" "for_each_users" {
      + cloud_init    = false
      + from_template = 2
      + id            = (known after apply)
      + ipv4          = (known after apply)
      + ipv6          = (known after apply)
      + name          = "vm pool 19"
      + node          = (known after apply)
      + owner         = 1
      + pw            = (known after apply)
      + vlans         = (known after apply)
    }

  # circle3_vm.for_each_users["2"] will be created
  + resource "circle3_vm" "for_each_users" {
      + cloud_init    = false
      + from_template = 2
      + id            = (known after apply)
      + ipv4          = (known after apply)
      + ipv6          = (known after apply)
      + name          = "vm pool 2"
      + node          = (known after apply)
      + owner         = 1
      + pw            = (known after apply)
      + vlans         = (known after apply)
    }

  # circle3_vm.for_each_users["20"] will be created
  + resource "circle3_vm" "for_each_users" {
      + cloud_init    = false
      + from_template = 2
      + id            = (known after apply)
      + ipv4          = (known after apply)
      + ipv6          = (known after apply)
      + name          = "vm pool 20"
      + node          = (known after apply)
      + owner         = 1
      + pw            = (known after apply)
      + vlans         = (known after apply)
    }

  # circle3_vm.for_each_users["21"] will be created
  + resource "circle3_vm" "for_each_users" {
      + cloud_init    = false
      + from_template = 2
      + id            = (known after apply)
      + ipv4          = (known after apply)
      + ipv6          = (known after apply)
      + name          = "vm pool 21"
      + node          = (known after apply)
      + owner         = 1
      + pw            = (known after apply)
      + vlans         = (known after apply)
    }

  # circle3_vm.for_each_users["22"] will be created
  + resource "circle3_vm" "for_each_users" {
      + cloud_init    = false
      + from_template = 2
      + id            = (known after apply)
      + ipv4          = (known after apply)
      + ipv6          = (known after apply)
      + name          = "vm pool 22"
      + node          = (known after apply)
      + owner         = 1
      + pw            = (known after apply)
      + vlans         = (known after apply)
    }

  # circle3_vm.for_each_users["23"] will be created
  + resource "circle3_vm" "for_each_users" {
      + cloud_init    = false
      + from_template = 2
      + id            = (known after apply)
      + ipv4          = (known after apply)
      + ipv6          = (known after apply)
      + name          = "vm pool 23"
      + node          = (known after apply)
      + owner         = 1
      + pw            = (known after apply)
      + vlans         = (known after apply)
    }

  # circle3_vm.for_each_users["24"] will be created
  + resource "circle3_vm" "for_each_users" {
      + cloud_init    = false
      + from_template = 2
      + id            = (known after apply)
      + ipv4          = (known after apply)
      + ipv6          = (known after apply)
      + name          = "vm pool 24"
      + node          = (known after apply)
      + owner         = 1
      + pw            = (known after apply)
      + vlans         = (known after apply)
    }

  # circle3_vm.for_each_users["25"] will be created
  + resource "circle3_vm" "for_each_users" {
      + cloud_init    = false
      + from_template = 2
      + id            = (known after apply)
      + ipv4          = (known after apply)
      + ipv6          = (known after apply)
      + name          = "vm pool 25"
      + node          = (known after apply)
      + owner         = 1
      + pw            = (known after apply)
      + vlans         = (known after apply)
    }

  # circle3_vm.for_each_users["26"] will be created
  + resource "circle3_vm" "for_each_users" {
      + cloud_init    = false
      + from_template = 2
      + id            = (known after apply)
      + ipv4          = (known after apply)
      + ipv6          = (known after apply)
      + name          = "vm pool 26"
      + node          = (known after apply)
      + owner         = 1
      + pw            = (known after apply)
      + vlans         = (known after apply)
    }

  # circle3_vm.for_each_users["27"] will be created
  + resource "circle3_vm" "for_each_users" {
      + cloud_init    = false
      + from_template = 2
      + id            = (known after apply)
      + ipv4          = (known after apply)
      + ipv6          = (known after apply)
      + name          = "vm pool 27"
      + node          = (known after apply)
      + owner         = 1
      + pw            = (known after apply)
      + vlans         = (known after apply)
    }

  # circle3_vm.for_each_users["28"] will be created
  + resource "circle3_vm" "for_each_users" {
      + cloud_init    = false
      + from_template = 2
      + id            = (known after apply)
      + ipv4          = (known after apply)
      + ipv6          = (known after apply)
      + name          = "vm pool 28"
      + node          = (known after apply)
      + owner         = 1
      + pw            = (known after apply)
      + vlans         = (known after apply)
    }

  # circle3_vm.for_each_users["29"] will be created
  + resource "circle3_vm" "for_each_users" {
      + cloud_init    = false
      + from_template = 2
      + id            = (known after apply)
      + ipv4          = (known after apply)
      + ipv6          = (known after apply)
      + name          = "vm pool 29"
      + node          = (known after apply)
      + owner         = 1
      + pw            = (known after apply)
      + vlans         = (known after apply)
    }

  # circle3_vm.for_each_users["3"] will be created
  + resource "circle3_vm" "for_each_users" {
      + cloud_init    = false
      + from_template = 2
      + id            = (known after apply)
      + ipv4          = (known after apply)
      + ipv6          = (known after apply)
      + name          = "vm pool 3"
      + node          = (known after apply)
      + owner         = 1
      + pw            = (known after apply)
      + vlans         = (known after apply)
    }

  # circle3_vm.for_each_users["30"] will be created
  + resource "circle3_vm" "for_each_users" {
      + cloud_init    = false
      + from_template = 2
      + id            = (known after apply)
      + ipv4          = (known after apply)
      + ipv6          = (known after apply)
      + name          = "vm pool 30"
      + node          = (known after apply)
      + owner         = 1
      + pw            = (known after apply)
      + vlans         = (known after apply)
    }

  # circle3_vm.for_each_users["31"] will be created
  + resource "circle3_vm" "for_each_users" {
      + cloud_init    = false
      + from_template = 2
      + id            = (known after apply)
      + ipv4          = (known after apply)
      + ipv6          = (known after apply)
      + name          = "vm pool 31"
      + node          = (known after apply)
      + owner         = 1
      + pw            = (known after apply)
      + vlans         = (known after apply)
    }

  # circle3_vm.for_each_users["32"] will be created
  + resource "circle3_vm" "for_each_users" {
      + cloud_init    = false
      + from_template = 2
      + id            = (known after apply)
      + ipv4          = (known after apply)
      + ipv6          = (known after apply)
      + name          = "vm pool 32"
      + node          = (known after apply)
      + owner         = 1
      + pw            = (known after apply)
      + vlans         = (known after apply)
    }

  # circle3_vm.for_each_users["33"] will be created
  + resource "circle3_vm" "for_each_users" {
      + cloud_init    = false
      + from_template = 2
      + id            = (known after apply)
      + ipv4          = (known after apply)
      + ipv6          = (known after apply)
      + name          = "vm pool 33"
      + node          = (known after apply)
      + owner         = 1
      + pw            = (known after apply)
      + vlans         = (known after apply)
    }

  # circle3_vm.for_each_users["34"] will be created
  + resource "circle3_vm" "for_each_users" {
      + cloud_init    = false
      + from_template = 2
      + id            = (known after apply)
      + ipv4          = (known after apply)
      + ipv6          = (known after apply)
      + name          = "vm pool 34"
      + node          = (known after apply)
      + owner         = 1
      + pw            = (known after apply)
      + vlans         = (known after apply)
    }

  # circle3_vm.for_each_users["35"] will be created
  + resource "circle3_vm" "for_each_users" {
      + cloud_init    = false
      + from_template = 2
      + id            = (known after apply)
      + ipv4          = (known after apply)
      + ipv6          = (known after apply)
      + name          = "vm pool 35"
      + node          = (known after apply)
      + owner         = 1
      + pw            = (known after apply)
      + vlans         = (known after apply)
    }

  # circle3_vm.for_each_users["36"] will be created
  + resource "circle3_vm" "for_each_users" {
      + cloud_init    = false
      + from_template = 2
      + id            = (known after apply)
      + ipv4          = (known after apply)
      + ipv6          = (known after apply)
      + name          = "vm pool 36"
      + node          = (known after apply)
      + owner         = 1
      + pw            = (known after apply)
      + vlans         = (known after apply)
    }

  # circle3_vm.for_each_users["37"] will be created
  + resource "circle3_vm" "for_each_users" {
      + cloud_init    = false
      + from_template = 2
      + id            = (known after apply)
      + ipv4          = (known after apply)
      + ipv6          = (known after apply)
      + name          = "vm pool 37"
      + node          = (known after apply)
      + owner         = 1
      + pw            = (known after apply)
      + vlans         = (known after apply)
    }

  # circle3_vm.for_each_users["38"] will be created
  + resource "circle3_vm" "for_each_users" {
      + cloud_init    = false
      + from_template = 2
      + id            = (known after apply)
      + ipv4          = (known after apply)
      + ipv6          = (known after apply)
      + name          = "vm pool 38"
      + node          = (known after apply)
      + owner         = 1
      + pw            = (known after apply)
      + vlans         = (known after apply)
    }

  # circle3_vm.for_each_users["39"] will be created
  + resource "circle3_vm" "for_each_users" {
      + cloud_init    = false
      + from_template = 2
      + id            = (known after apply)
      + ipv4          = (known after apply)
      + ipv6          = (known after apply)
      + name          = "vm pool 39"
      + node          = (known after apply)
      + owner         = 1
      + pw            = (known after apply)
      + vlans         = (known after apply)
    }

  # circle3_vm.for_each_users["4"] will be created
  + resource "circle3_vm" "for_each_users" {
      + cloud_init    = false
      + from_template = 2
      + id            = (known after apply)
      + ipv4          = (known after apply)
      + ipv6          = (known after apply)
      + name          = "vm pool 4"
      + node          = (known after apply)
      + owner         = 1
      + pw            = (known after apply)
      + vlans         = (known after apply)
    }

  # circle3_vm.for_each_users["40"] will be created
  + resource "circle3_vm" "for_each_users" {
      + cloud_init    = false
      + from_template = 2
      + id            = (known after apply)
      + ipv4          = (known after apply)
      + ipv6          = (known after apply)
      + name          = "vm pool 40"
      + node          = (known after apply)
      + owner         = 1
      + pw            = (known after apply)
      + vlans         = (known after apply)
    }

  # circle3_vm.for_each_users["5"] will be created
  + resource "circle3_vm" "for_each_users" {
      + cloud_init    = false
      + from_template = 2
      + id            = (known after apply)
      + ipv4          = (known after apply)
      + ipv6          = (known after apply)
      + name          = "vm pool 5"
      + node          = (known after apply)
      + owner         = 1
      + pw            = (known after apply)
      + vlans         = (known after apply)
    }

  # circle3_vm.for_each_users["6"] will be created
  + resource "circle3_vm" "for_each_users" {
      + cloud_init    = false
      + from_template = 2
      + id            = (known after apply)
      + ipv4          = (known after apply)
      + ipv6          = (known after apply)
      + name          = "vm pool 6"
      + node          = (known after apply)
      + owner         = 1
      + pw            = (known after apply)
      + vlans         = (known after apply)
    }

  # circle3_vm.for_each_users["7"] will be created
  + resource "circle3_vm" "for_each_users" {
      + cloud_init    = false
      + from_template = 2
      + id            = (known after apply)
      + ipv4          = (known after apply)
      + ipv6          = (known after apply)
      + name          = "vm pool 7"
      + node          = (known after apply)
      + owner         = 1
      + pw            = (known after apply)
      + vlans         = (known after apply)
    }

  # circle3_vm.for_each_users["8"] will be created
  + resource "circle3_vm" "for_each_users" {
      + cloud_init    = false
      + from_template = 2
      + id            = (known after apply)
      + ipv4          = (known after apply)
      + ipv6          = (known after apply)
      + name          = "vm pool 8"
      + node          = (known after apply)
      + owner         = 1
      + pw            = (known after apply)
      + vlans         = (known after apply)
    }

  # circle3_vm.for_each_users["9"] will be created
  + resource "circle3_vm" "for_each_users" {
      + cloud_init    = false
      + from_template = 2
      + id            = (known after apply)
      + ipv4          = (known after apply)
      + ipv6          = (known after apply)
      + name          = "vm pool 9"
      + node          = (known after apply)
      + owner         = 1
      + pw            = (known after apply)
      + vlans         = (known after apply)
    }

Plan: 40 to add, 0 to change, 0 to destroy.
circle3_vm.for_each_users["11"]: Creating...
circle3_vm.for_each_users["17"]: Creating...
circle3_vm.for_each_users["35"]: Creating...
circle3_vm.for_each_users["30"]: Creating...
circle3_vm.for_each_users["32"]: Creating...
circle3_vm.for_each_users["28"]: Creating...
circle3_vm.for_each_users["20"]: Creating...
circle3_vm.for_each_users["31"]: Creating...
circle3_vm.for_each_users["8"]: Creating...
circle3_vm.for_each_users["9"]: Creating...
circle3_vm.for_each_users["32"]: Creation complete after 1s [id=156]
circle3_vm.for_each_users["17"]: Creation complete after 1s [id=158]
circle3_vm.for_each_users["11"]: Creation complete after 1s [id=160]
circle3_vm.for_each_users["8"]: Creation complete after 1s [id=164]
circle3_vm.for_each_users["27"]: Creating...
circle3_vm.for_each_users["20"]: Creation complete after 1s [id=162]
circle3_vm.for_each_users["35"]: Creation complete after 1s [id=157]
circle3_vm.for_each_users["10"]: Creating...
circle3_vm.for_each_users["28"]: Creation complete after 1s [id=161]
circle3_vm.for_each_users["5"]: Creating...
circle3_vm.for_each_users["31"]: Creation complete after 1s [id=163]
circle3_vm.for_each_users["30"]: Creation complete after 1s [id=159]
circle3_vm.for_each_users["9"]: Creation complete after 1s [id=165]
circle3_vm.for_each_users["39"]: Creating...
circle3_vm.for_each_users["29"]: Creating...
circle3_vm.for_each_users["24"]: Creating...
circle3_vm.for_each_users["15"]: Creating...
circle3_vm.for_each_users["4"]: Creating...
circle3_vm.for_each_users["40"]: Creating...
circle3_vm.for_each_users["38"]: Creating...
circle3_vm.for_each_users["10"]: Creation complete after 1s [id=167]
circle3_vm.for_each_users["19"]: Creating...
circle3_vm.for_each_users["27"]: Creation complete after 1s [id=166]
circle3_vm.for_each_users["3"]: Creating...
circle3_vm.for_each_users["24"]: Creation complete after 1s [id=168]
circle3_vm.for_each_users["21"]: Creating...
circle3_vm.for_each_users["4"]: Creation complete after 1s [id=173]
circle3_vm.for_each_users["5"]: Creation complete after 1s [id=172]
circle3_vm.for_each_users["25"]: Creating...
circle3_vm.for_each_users["23"]: Creating...
circle3_vm.for_each_users["15"]: Creation complete after 1s [id=170]
circle3_vm.for_each_users["26"]: Creating...
circle3_vm.for_each_users["40"]: Creation complete after 1s [id=171]
circle3_vm.for_each_users["39"]: Creation complete after 1s [id=169]
circle3_vm.for_each_users["29"]: Creation complete after 1s [id=174]
circle3_vm.for_each_users["2"]: Creating...
circle3_vm.for_each_users["38"]: Creation complete after 1s [id=175]
circle3_vm.for_each_users["22"]: Creating...
circle3_vm.for_each_users["14"]: Creating...
circle3_vm.for_each_users["7"]: Creating...
circle3_vm.for_each_users["3"]: Creation complete after 1s [id=177]
circle3_vm.for_each_users["19"]: Creation complete after 2s [id=176]
circle3_vm.for_each_users["36"]: Creating...
circle3_vm.for_each_users["18"]: Creating...
circle3_vm.for_each_users["21"]: Creation complete after 2s [id=178]
circle3_vm.for_each_users["12"]: Creating...
circle3_vm.for_each_users["23"]: Creation complete after 2s [id=181]
circle3_vm.for_each_users["25"]: Creation complete after 2s [id=179]
circle3_vm.for_each_users["33"]: Creating...
circle3_vm.for_each_users["37"]: Creating...
circle3_vm.for_each_users["2"]: Creation complete after 2s [id=182]
circle3_vm.for_each_users["16"]: Creating...
circle3_vm.for_each_users["26"]: Creation complete after 2s [id=180]
circle3_vm.for_each_users["7"]: Creation complete after 2s [id=184]
circle3_vm.for_each_users["6"]: Creating...
circle3_vm.for_each_users["22"]: Creation complete after 2s [id=183]
circle3_vm.for_each_users["14"]: Creation complete after 2s [id=185]
circle3_vm.for_each_users["13"]: Creating...
circle3_vm.for_each_users["34"]: Creating...
circle3_vm.for_each_users["1"]: Creating...
circle3_vm.for_each_users["36"]: Creation complete after 1s [id=186]
circle3_vm.for_each_users["12"]: Creation complete after 1s [id=189]
circle3_vm.for_each_users["18"]: Creation complete after 1s [id=187]
circle3_vm.for_each_users["33"]: Creation complete after 1s [id=188]
circle3_vm.for_each_users["37"]: Creation complete after 1s [id=190]
circle3_vm.for_each_users["16"]: Creation complete after 2s [id=191]
circle3_vm.for_each_users["6"]: Creation complete after 2s [id=192]
circle3_vm.for_each_users["13"]: Creation complete after 2s [id=193]
circle3_vm.for_each_users["34"]: Creation complete after 2s [id=194]
circle3_vm.for_each_users["1"]: Creation complete after 2s [id=195]

Apply complete! Resources: 40 added, 0 changed, 0 destroyed.

real	0m6,836s
user	0m1,969s
sys	0m0,239s
Destroy (40) ...
data.circle3_template.basetemplate: Reading...
data.circle3_template.basetemplate: Read complete after 0s [id=2]
circle3_vm.for_each_users["23"]: Refreshing state... [id=181]
circle3_vm.for_each_users["22"]: Refreshing state... [id=183]
circle3_vm.for_each_users["16"]: Refreshing state... [id=191]
circle3_vm.for_each_users["18"]: Refreshing state... [id=187]
circle3_vm.for_each_users["15"]: Refreshing state... [id=170]
circle3_vm.for_each_users["37"]: Refreshing state... [id=190]
circle3_vm.for_each_users["4"]: Refreshing state... [id=173]
circle3_vm.for_each_users["17"]: Refreshing state... [id=158]
circle3_vm.for_each_users["31"]: Refreshing state... [id=163]
circle3_vm.for_each_users["39"]: Refreshing state... [id=169]
circle3_vm.for_each_users["29"]: Refreshing state... [id=174]
circle3_vm.for_each_users["6"]: Refreshing state... [id=192]
circle3_vm.for_each_users["35"]: Refreshing state... [id=157]
circle3_vm.for_each_users["36"]: Refreshing state... [id=186]
circle3_vm.for_each_users["19"]: Refreshing state... [id=176]
circle3_vm.for_each_users["10"]: Refreshing state... [id=167]
circle3_vm.for_each_users["13"]: Refreshing state... [id=193]
circle3_vm.for_each_users["3"]: Refreshing state... [id=177]
circle3_vm.for_each_users["32"]: Refreshing state... [id=156]
circle3_vm.for_each_users["8"]: Refreshing state... [id=164]
circle3_vm.for_each_users["12"]: Refreshing state... [id=189]
circle3_vm.for_each_users["21"]: Refreshing state... [id=178]
circle3_vm.for_each_users["28"]: Refreshing state... [id=161]
circle3_vm.for_each_users["33"]: Refreshing state... [id=188]
circle3_vm.for_each_users["40"]: Refreshing state... [id=171]
circle3_vm.for_each_users["20"]: Refreshing state... [id=162]
circle3_vm.for_each_users["2"]: Refreshing state... [id=182]
circle3_vm.for_each_users["24"]: Refreshing state... [id=168]
circle3_vm.for_each_users["5"]: Refreshing state... [id=172]
circle3_vm.for_each_users["25"]: Refreshing state... [id=179]
circle3_vm.for_each_users["38"]: Refreshing state... [id=175]
circle3_vm.for_each_users["14"]: Refreshing state... [id=185]
circle3_vm.for_each_users["9"]: Refreshing state... [id=165]
circle3_vm.for_each_users["26"]: Refreshing state... [id=180]
circle3_vm.for_each_users["11"]: Refreshing state... [id=160]
circle3_vm.for_each_users["1"]: Refreshing state... [id=195]
circle3_vm.for_each_users["7"]: Refreshing state... [id=184]
circle3_vm.for_each_users["30"]: Refreshing state... [id=159]
circle3_vm.for_each_users["34"]: Refreshing state... [id=194]
circle3_vm.for_each_users["27"]: Refreshing state... [id=166]

Terraform used the selected providers to generate the following execution
plan. Resource actions are indicated with the following symbols:
  - destroy

Terraform will perform the following actions:

  # circle3_vm.for_each_users["1"] will be destroyed
  - resource "circle3_vm" "for_each_users" {
      - arch          = "x86_64" -> null
      - ci_meta_data  = <<-EOT
            instance-id: {{ hostname }} 
            local-hostname: {{ hostname }} 
            cloud-name: circle3
            platform: circle3
        EOT -> null
      - ci_user_data  = <<-EOT
            #cloud-config
            
            ssh_pwauth: 1
            
            users:
              - name: {{ sysuser }} 
                sudo: ['ALL=(ALL) NOPASSWD:ALL']
                groups: sudo
                shell: /bin/bash
                chpasswd: { expire: False }
                lock-passwd: false
            chpasswd:
                list: |
                    {{ sysuser }}:{{ password }}
                expire: False
        EOT -> null
      - cloud_init    = true -> null
      - disks         = [
          - 398,
          - 361,
        ] -> null
      - from_template = 2 -> null
      - has_agent     = false -> null
      - id            = "195" -> null
      - ipv4          = "None" -> null
      - ipv6          = "None" -> null
      - max_ram_size  = 128 -> null
      - name          = "vm pool 1" -> null
      - num_cores     = 1 -> null
      - owner         = 1 -> null
      - priority      = 30 -> null
      - pw            = "B54AaKpEot" -> null
      - ram_size      = 128 -> null
      - status        = "RUNNING" -> null
      - system        = "ubuntu" -> null
      - vlans         = [] -> null
    }

  # circle3_vm.for_each_users["10"] will be destroyed
  - resource "circle3_vm" "for_each_users" {
      - arch          = "x86_64" -> null
      - ci_meta_data  = <<-EOT
            instance-id: {{ hostname }} 
            local-hostname: {{ hostname }} 
            cloud-name: circle3
            platform: circle3
        EOT -> null
      - ci_user_data  = <<-EOT
            #cloud-config
            
            ssh_pwauth: 1
            
            users:
              - name: {{ sysuser }} 
                sudo: ['ALL=(ALL) NOPASSWD:ALL']
                groups: sudo
                shell: /bin/bash
                chpasswd: { expire: False }
                lock-passwd: false
            chpasswd:
                list: |
                    {{ sysuser }}:{{ password }}
                expire: False
        EOT -> null
      - cloud_init    = true -> null
      - disks         = [
          - 368,
          - 332,
        ] -> null
      - from_template = 2 -> null
      - has_agent     = false -> null
      - id            = "167" -> null
      - ipv4          = "None" -> null
      - ipv6          = "None" -> null
      - max_ram_size  = 128 -> null
      - name          = "vm pool 10" -> null
      - num_cores     = 1 -> null
      - owner         = 1 -> null
      - priority      = 30 -> null
      - pw            = "hdGktTdmGv" -> null
      - ram_size      = 128 -> null
      - status        = "RUNNING" -> null
      - system        = "ubuntu" -> null
      - vlans         = [] -> null
    }

  # circle3_vm.for_each_users["11"] will be destroyed
  - resource "circle3_vm" "for_each_users" {
      - arch          = "x86_64" -> null
      - ci_meta_data  = <<-EOT
            instance-id: {{ hostname }} 
            local-hostname: {{ hostname }} 
            cloud-name: circle3
            platform: circle3
        EOT -> null
      - ci_user_data  = <<-EOT
            #cloud-config
            
            ssh_pwauth: 1
            
            users:
              - name: {{ sysuser }} 
                sudo: ['ALL=(ALL) NOPASSWD:ALL']
                groups: sudo
                shell: /bin/bash
                chpasswd: { expire: False }
                lock-passwd: false
            chpasswd:
                list: |
                    {{ sysuser }}:{{ password }}
                expire: False
        EOT -> null
      - cloud_init    = true -> null
      - disks         = [
          - 363,
          - 321,
        ] -> null
      - from_template = 2 -> null
      - has_agent     = false -> null
      - id            = "160" -> null
      - ipv4          = "None" -> null
      - ipv6          = "None" -> null
      - max_ram_size  = 128 -> null
      - name          = "vm pool 11" -> null
      - num_cores     = 1 -> null
      - owner         = 1 -> null
      - priority      = 30 -> null
      - pw            = "S5DRg6CMRt" -> null
      - ram_size      = 128 -> null
      - status        = "RUNNING" -> null
      - system        = "ubuntu" -> null
      - vlans         = [] -> null
    }

  # circle3_vm.for_each_users["12"] will be destroyed
  - resource "circle3_vm" "for_each_users" {
      - arch          = "x86_64" -> null
      - ci_meta_data  = <<-EOT
            instance-id: {{ hostname }} 
            local-hostname: {{ hostname }} 
            cloud-name: circle3
            platform: circle3
        EOT -> null
      - ci_user_data  = <<-EOT
            #cloud-config
            
            ssh_pwauth: 1
            
            users:
              - name: {{ sysuser }} 
                sudo: ['ALL=(ALL) NOPASSWD:ALL']
                groups: sudo
                shell: /bin/bash
                chpasswd: { expire: False }
                lock-passwd: false
            chpasswd:
                list: |
                    {{ sysuser }}:{{ password }}
                expire: False
        EOT -> null
      - cloud_init    = true -> null
      - disks         = [
          - 391,
          - 355,
        ] -> null
      - from_template = 2 -> null
      - has_agent     = false -> null
      - id            = "189" -> null
      - ipv4          = "None" -> null
      - ipv6          = "None" -> null
      - max_ram_size  = 128 -> null
      - name          = "vm pool 12" -> null
      - num_cores     = 1 -> null
      - owner         = 1 -> null
      - priority      = 30 -> null
      - pw            = "iXfc388FHv" -> null
      - ram_size      = 128 -> null
      - status        = "RUNNING" -> null
      - system        = "ubuntu" -> null
      - vlans         = [] -> null
    }

  # circle3_vm.for_each_users["13"] will be destroyed
  - resource "circle3_vm" "for_each_users" {
      - arch          = "x86_64" -> null
      - ci_meta_data  = <<-EOT
            instance-id: {{ hostname }} 
            local-hostname: {{ hostname }} 
            cloud-name: circle3
            platform: circle3
        EOT -> null
      - ci_user_data  = <<-EOT
            #cloud-config
            
            ssh_pwauth: 1
            
            users:
              - name: {{ sysuser }} 
                sudo: ['ALL=(ALL) NOPASSWD:ALL']
                groups: sudo
                shell: /bin/bash
                chpasswd: { expire: False }
                lock-passwd: false
            chpasswd:
                list: |
                    {{ sysuser }}:{{ password }}
                expire: False
        EOT -> null
      - cloud_init    = true -> null
      - disks         = [
          - 395,
          - 359,
        ] -> null
      - from_template = 2 -> null
      - has_agent     = false -> null
      - id            = "193" -> null
      - ipv4          = "None" -> null
      - ipv6          = "None" -> null
      - max_ram_size  = 128 -> null
      - name          = "vm pool 13" -> null
      - num_cores     = 1 -> null
      - owner         = 1 -> null
      - priority      = 30 -> null
      - pw            = "geQfFntWBU" -> null
      - ram_size      = 128 -> null
      - status        = "RUNNING" -> null
      - system        = "ubuntu" -> null
      - vlans         = [] -> null
    }

  # circle3_vm.for_each_users["14"] will be destroyed
  - resource "circle3_vm" "for_each_users" {
      - arch          = "x86_64" -> null
      - ci_meta_data  = <<-EOT
            instance-id: {{ hostname }} 
            local-hostname: {{ hostname }} 
            cloud-name: circle3
            platform: circle3
        EOT -> null
      - ci_user_data  = <<-EOT
            #cloud-config
            
            ssh_pwauth: 1
            
            users:
              - name: {{ sysuser }} 
                sudo: ['ALL=(ALL) NOPASSWD:ALL']
                groups: sudo
                shell: /bin/bash
                chpasswd: { expire: False }
                lock-passwd: false
            chpasswd:
                list: |
                    {{ sysuser }}:{{ password }}
                expire: False
        EOT -> null
      - cloud_init    = true -> null
      - disks         = [
          - 388,
          - 351,
        ] -> null
      - from_template = 2 -> null
      - has_agent     = false -> null
      - id            = "185" -> null
      - ipv4          = "None" -> null
      - ipv6          = "None" -> null
      - max_ram_size  = 128 -> null
      - name          = "vm pool 14" -> null
      - num_cores     = 1 -> null
      - owner         = 1 -> null
      - priority      = 30 -> null
      - pw            = "Uwu4xNVVu7" -> null
      - ram_size      = 128 -> null
      - status        = "RUNNING" -> null
      - system        = "ubuntu" -> null
      - vlans         = [] -> null
    }

  # circle3_vm.for_each_users["15"] will be destroyed
  - resource "circle3_vm" "for_each_users" {
      - arch          = "x86_64" -> null
      - ci_meta_data  = <<-EOT
            instance-id: {{ hostname }} 
            local-hostname: {{ hostname }} 
            cloud-name: circle3
            platform: circle3
        EOT -> null
      - ci_user_data  = <<-EOT
            #cloud-config
            
            ssh_pwauth: 1
            
            users:
              - name: {{ sysuser }} 
                sudo: ['ALL=(ALL) NOPASSWD:ALL']
                groups: sudo
                shell: /bin/bash
                chpasswd: { expire: False }
                lock-passwd: false
            chpasswd:
                list: |
                    {{ sysuser }}:{{ password }}
                expire: False
        EOT -> null
      - cloud_init    = true -> null
      - disks         = [
          - 372,
          - 336,
        ] -> null
      - from_template = 2 -> null
      - has_agent     = false -> null
      - id            = "170" -> null
      - ipv4          = "None" -> null
      - ipv6          = "None" -> null
      - max_ram_size  = 128 -> null
      - name          = "vm pool 15" -> null
      - num_cores     = 1 -> null
      - owner         = 1 -> null
      - priority      = 30 -> null
      - pw            = "VmjJ2A9cQn" -> null
      - ram_size      = 128 -> null
      - status        = "RUNNING" -> null
      - system        = "ubuntu" -> null
      - vlans         = [] -> null
    }

  # circle3_vm.for_each_users["16"] will be destroyed
  - resource "circle3_vm" "for_each_users" {
      - arch          = "x86_64" -> null
      - ci_meta_data  = <<-EOT
            instance-id: {{ hostname }} 
            local-hostname: {{ hostname }} 
            cloud-name: circle3
            platform: circle3
        EOT -> null
      - ci_user_data  = <<-EOT
            #cloud-config
            
            ssh_pwauth: 1
            
            users:
              - name: {{ sysuser }} 
                sudo: ['ALL=(ALL) NOPASSWD:ALL']
                groups: sudo
                shell: /bin/bash
                chpasswd: { expire: False }
                lock-passwd: false
            chpasswd:
                list: |
                    {{ sysuser }}:{{ password }}
                expire: False
        EOT -> null
      - cloud_init    = true -> null
      - disks         = [
          - 394,
          - 357,
        ] -> null
      - from_template = 2 -> null
      - has_agent     = false -> null
      - id            = "191" -> null
      - ipv4          = "None" -> null
      - ipv6          = "None" -> null
      - max_ram_size  = 128 -> null
      - name          = "vm pool 16" -> null
      - num_cores     = 1 -> null
      - owner         = 1 -> null
      - priority      = 30 -> null
      - pw            = "X6KQWuCbOk" -> null
      - ram_size      = 128 -> null
      - status        = "RUNNING" -> null
      - system        = "ubuntu" -> null
      - vlans         = [] -> null
    }

  # circle3_vm.for_each_users["17"] will be destroyed
  - resource "circle3_vm" "for_each_users" {
      - arch          = "x86_64" -> null
      - ci_meta_data  = <<-EOT
            instance-id: {{ hostname }} 
            local-hostname: {{ hostname }} 
            cloud-name: circle3
            platform: circle3
        EOT -> null
      - ci_user_data  = <<-EOT
            #cloud-config
            
            ssh_pwauth: 1
            
            users:
              - name: {{ sysuser }} 
                sudo: ['ALL=(ALL) NOPASSWD:ALL']
                groups: sudo
                shell: /bin/bash
                chpasswd: { expire: False }
                lock-passwd: false
            chpasswd:
                list: |
                    {{ sysuser }}:{{ password }}
                expire: False
        EOT -> null
      - cloud_init    = true -> null
      - disks         = [
          - 331,
          - 320,
        ] -> null
      - from_template = 2 -> null
      - has_agent     = false -> null
      - id            = "158" -> null
      - ipv4          = "None" -> null
      - ipv6          = "None" -> null
      - max_ram_size  = 128 -> null
      - name          = "vm pool 17" -> null
      - num_cores     = 1 -> null
      - owner         = 1 -> null
      - priority      = 30 -> null
      - pw            = "ubIQL8iQO7" -> null
      - ram_size      = 128 -> null
      - status        = "RUNNING" -> null
      - system        = "ubuntu" -> null
      - vlans         = [] -> null
    }

  # circle3_vm.for_each_users["18"] will be destroyed
  - resource "circle3_vm" "for_each_users" {
      - arch          = "x86_64" -> null
      - ci_meta_data  = <<-EOT
            instance-id: {{ hostname }} 
            local-hostname: {{ hostname }} 
            cloud-name: circle3
            platform: circle3
        EOT -> null
      - ci_user_data  = <<-EOT
            #cloud-config
            
            ssh_pwauth: 1
            
            users:
              - name: {{ sysuser }} 
                sudo: ['ALL=(ALL) NOPASSWD:ALL']
                groups: sudo
                shell: /bin/bash
                chpasswd: { expire: False }
                lock-passwd: false
            chpasswd:
                list: |
                    {{ sysuser }}:{{ password }}
                expire: False
        EOT -> null
      - cloud_init    = true -> null
      - disks         = [
          - 390,
          - 353,
        ] -> null
      - from_template = 2 -> null
      - has_agent     = false -> null
      - id            = "187" -> null
      - ipv4          = "None" -> null
      - ipv6          = "None" -> null
      - max_ram_size  = 128 -> null
      - name          = "vm pool 18" -> null
      - num_cores     = 1 -> null
      - owner         = 1 -> null
      - priority      = 30 -> null
      - pw            = "eV3F811cdf" -> null
      - ram_size      = 128 -> null
      - status        = "RUNNING" -> null
      - system        = "ubuntu" -> null
      - vlans         = [] -> null
    }

  # circle3_vm.for_each_users["19"] will be destroyed
  - resource "circle3_vm" "for_each_users" {
      - arch          = "x86_64" -> null
      - ci_meta_data  = <<-EOT
            instance-id: {{ hostname }} 
            local-hostname: {{ hostname }} 
            cloud-name: circle3
            platform: circle3
        EOT -> null
      - ci_user_data  = <<-EOT
            #cloud-config
            
            ssh_pwauth: 1
            
            users:
              - name: {{ sysuser }} 
                sudo: ['ALL=(ALL) NOPASSWD:ALL']
                groups: sudo
                shell: /bin/bash
                chpasswd: { expire: False }
                lock-passwd: false
            chpasswd:
                list: |
                    {{ sysuser }}:{{ password }}
                expire: False
        EOT -> null
      - cloud_init    = true -> null
      - disks         = [
          - 380,
          - 343,
        ] -> null
      - from_template = 2 -> null
      - has_agent     = false -> null
      - id            = "176" -> null
      - ipv4          = "None" -> null
      - ipv6          = "None" -> null
      - max_ram_size  = 128 -> null
      - name          = "vm pool 19" -> null
      - num_cores     = 1 -> null
      - owner         = 1 -> null
      - priority      = 30 -> null
      - pw            = "WVJguCnlWE" -> null
      - ram_size      = 128 -> null
      - status        = "RUNNING" -> null
      - system        = "ubuntu" -> null
      - vlans         = [] -> null
    }

  # circle3_vm.for_each_users["2"] will be destroyed
  - resource "circle3_vm" "for_each_users" {
      - arch          = "x86_64" -> null
      - ci_meta_data  = <<-EOT
            instance-id: {{ hostname }} 
            local-hostname: {{ hostname }} 
            cloud-name: circle3
            platform: circle3
        EOT -> null
      - ci_user_data  = <<-EOT
            #cloud-config
            
            ssh_pwauth: 1
            
            users:
              - name: {{ sysuser }} 
                sudo: ['ALL=(ALL) NOPASSWD:ALL']
                groups: sudo
                shell: /bin/bash
                chpasswd: { expire: False }
                lock-passwd: false
            chpasswd:
                list: |
                    {{ sysuser }}:{{ password }}
                expire: False
        EOT -> null
      - cloud_init    = true -> null
      - disks         = [
          - 384,
          - 348,
        ] -> null
      - from_template = 2 -> null
      - has_agent     = false -> null
      - id            = "182" -> null
      - ipv4          = "None" -> null
      - ipv6          = "None" -> null
      - max_ram_size  = 128 -> null
      - name          = "vm pool 2" -> null
      - num_cores     = 1 -> null
      - owner         = 1 -> null
      - priority      = 30 -> null
      - pw            = "Klg16KM7K5" -> null
      - ram_size      = 128 -> null
      - status        = "RUNNING" -> null
      - system        = "ubuntu" -> null
      - vlans         = [] -> null
    }

  # circle3_vm.for_each_users["20"] will be destroyed
  - resource "circle3_vm" "for_each_users" {
      - arch          = "x86_64" -> null
      - ci_meta_data  = <<-EOT
            instance-id: {{ hostname }} 
            local-hostname: {{ hostname }} 
            cloud-name: circle3
            platform: circle3
        EOT -> null
      - ci_user_data  = <<-EOT
            #cloud-config
            
            ssh_pwauth: 1
            
            users:
              - name: {{ sysuser }} 
                sudo: ['ALL=(ALL) NOPASSWD:ALL']
                groups: sudo
                shell: /bin/bash
                chpasswd: { expire: False }
                lock-passwd: false
            chpasswd:
                list: |
                    {{ sysuser }}:{{ password }}
                expire: False
        EOT -> null
      - cloud_init    = true -> null
      - disks         = [
          - 362,
          - 324,
        ] -> null
      - from_template = 2 -> null
      - has_agent     = false -> null
      - id            = "162" -> null
      - ipv4          = "None" -> null
      - ipv6          = "None" -> null
      - max_ram_size  = 128 -> null
      - name          = "vm pool 20" -> null
      - num_cores     = 1 -> null
      - owner         = 1 -> null
      - priority      = 30 -> null
      - pw            = "CSRjeVjj2D" -> null
      - ram_size      = 128 -> null
      - status        = "RUNNING" -> null
      - system        = "ubuntu" -> null
      - vlans         = [] -> null
    }

  # circle3_vm.for_each_users["21"] will be destroyed
  - resource "circle3_vm" "for_each_users" {
      - arch          = "x86_64" -> null
      - ci_meta_data  = <<-EOT
            instance-id: {{ hostname }} 
            local-hostname: {{ hostname }} 
            cloud-name: circle3
            platform: circle3
        EOT -> null
      - ci_user_data  = <<-EOT
            #cloud-config
            
            ssh_pwauth: 1
            
            users:
              - name: {{ sysuser }} 
                sudo: ['ALL=(ALL) NOPASSWD:ALL']
                groups: sudo
                shell: /bin/bash
                chpasswd: { expire: False }
                lock-passwd: false
            chpasswd:
                list: |
                    {{ sysuser }}:{{ password }}
                expire: False
        EOT -> null
      - cloud_init    = true -> null
      - disks         = [
          - 381,
          - 344,
        ] -> null
      - from_template = 2 -> null
      - has_agent     = false -> null
      - id            = "178" -> null
      - ipv4          = "None" -> null
      - ipv6          = "None" -> null
      - max_ram_size  = 128 -> null
      - name          = "vm pool 21" -> null
      - num_cores     = 1 -> null
      - owner         = 1 -> null
      - priority      = 30 -> null
      - pw            = "SGWinvBQF8" -> null
      - ram_size      = 128 -> null
      - status        = "RUNNING" -> null
      - system        = "ubuntu" -> null
      - vlans         = [] -> null
    }

  # circle3_vm.for_each_users["22"] will be destroyed
  - resource "circle3_vm" "for_each_users" {
      - arch          = "x86_64" -> null
      - ci_meta_data  = <<-EOT
            instance-id: {{ hostname }} 
            local-hostname: {{ hostname }} 
            cloud-name: circle3
            platform: circle3
        EOT -> null
      - ci_user_data  = <<-EOT
            #cloud-config
            
            ssh_pwauth: 1
            
            users:
              - name: {{ sysuser }} 
                sudo: ['ALL=(ALL) NOPASSWD:ALL']
                groups: sudo
                shell: /bin/bash
                chpasswd: { expire: False }
                lock-passwd: false
            chpasswd:
                list: |
                    {{ sysuser }}:{{ password }}
                expire: False
        EOT -> null
      - cloud_init    = true -> null
      - disks         = [
          - 387,
          - 349,
        ] -> null
      - from_template = 2 -> null
      - has_agent     = false -> null
      - id            = "183" -> null
      - ipv4          = "None" -> null
      - ipv6          = "None" -> null
      - max_ram_size  = 128 -> null
      - name          = "vm pool 22" -> null
      - num_cores     = 1 -> null
      - owner         = 1 -> null
      - priority      = 30 -> null
      - pw            = "4vsh9EHP96" -> null
      - ram_size      = 128 -> null
      - status        = "RUNNING" -> null
      - system        = "ubuntu" -> null
      - vlans         = [] -> null
    }

  # circle3_vm.for_each_users["23"] will be destroyed
  - resource "circle3_vm" "for_each_users" {
      - arch          = "x86_64" -> null
      - ci_meta_data  = <<-EOT
            instance-id: {{ hostname }} 
            local-hostname: {{ hostname }} 
            cloud-name: circle3
            platform: circle3
        EOT -> null
      - ci_user_data  = <<-EOT
            #cloud-config
            
            ssh_pwauth: 1
            
            users:
              - name: {{ sysuser }} 
                sudo: ['ALL=(ALL) NOPASSWD:ALL']
                groups: sudo
                shell: /bin/bash
                chpasswd: { expire: False }
                lock-passwd: false
            chpasswd:
                list: |
                    {{ sysuser }}:{{ password }}
                expire: False
        EOT -> null
      - cloud_init    = true -> null
      - disks         = [
          - 385,
          - 346,
        ] -> null
      - from_template = 2 -> null
      - has_agent     = false -> null
      - id            = "181" -> null
      - ipv4          = "None" -> null
      - ipv6          = "None" -> null
      - max_ram_size  = 128 -> null
      - name          = "vm pool 23" -> null
      - num_cores     = 1 -> null
      - owner         = 1 -> null
      - priority      = 30 -> null
      - pw            = "reLNhTaLgT" -> null
      - ram_size      = 128 -> null
      - status        = "RUNNING" -> null
      - system        = "ubuntu" -> null
      - vlans         = [] -> null
    }

  # circle3_vm.for_each_users["24"] will be destroyed
  - resource "circle3_vm" "for_each_users" {
      - arch          = "x86_64" -> null
      - ci_meta_data  = <<-EOT
            instance-id: {{ hostname }} 
            local-hostname: {{ hostname }} 
            cloud-name: circle3
            platform: circle3
        EOT -> null
      - ci_user_data  = <<-EOT
            #cloud-config
            
            ssh_pwauth: 1
            
            users:
              - name: {{ sysuser }} 
                sudo: ['ALL=(ALL) NOPASSWD:ALL']
                groups: sudo
                shell: /bin/bash
                chpasswd: { expire: False }
                lock-passwd: false
            chpasswd:
                list: |
                    {{ sysuser }}:{{ password }}
                expire: False
        EOT -> null
      - cloud_init    = true -> null
      - disks         = [
          - 371,
          - 335,
        ] -> null
      - from_template = 2 -> null
      - has_agent     = false -> null
      - id            = "168" -> null
      - ipv4          = "None" -> null
      - ipv6          = "None" -> null
      - max_ram_size  = 128 -> null
      - name          = "vm pool 24" -> null
      - num_cores     = 1 -> null
      - owner         = 1 -> null
      - priority      = 30 -> null
      - pw            = "oKFrhp9Mdh" -> null
      - ram_size      = 128 -> null
      - status        = "RUNNING" -> null
      - system        = "ubuntu" -> null
      - vlans         = [] -> null
    }

  # circle3_vm.for_each_users["25"] will be destroyed
  - resource "circle3_vm" "for_each_users" {
      - arch          = "x86_64" -> null
      - ci_meta_data  = <<-EOT
            instance-id: {{ hostname }} 
            local-hostname: {{ hostname }} 
            cloud-name: circle3
            platform: circle3
        EOT -> null
      - ci_user_data  = <<-EOT
            #cloud-config
            
            ssh_pwauth: 1
            
            users:
              - name: {{ sysuser }} 
                sudo: ['ALL=(ALL) NOPASSWD:ALL']
                groups: sudo
                shell: /bin/bash
                chpasswd: { expire: False }
                lock-passwd: false
            chpasswd:
                list: |
                    {{ sysuser }}:{{ password }}
                expire: False
        EOT -> null
      - cloud_init    = true -> null
      - disks         = [
          - 382,
          - 345,
        ] -> null
      - from_template = 2 -> null
      - has_agent     = false -> null
      - id            = "179" -> null
      - ipv4          = "None" -> null
      - ipv6          = "None" -> null
      - max_ram_size  = 128 -> null
      - name          = "vm pool 25" -> null
      - num_cores     = 1 -> null
      - owner         = 1 -> null
      - priority      = 30 -> null
      - pw            = "dDRcWjIXrT" -> null
      - ram_size      = 128 -> null
      - status        = "RUNNING" -> null
      - system        = "ubuntu" -> null
      - vlans         = [] -> null
    }

  # circle3_vm.for_each_users["26"] will be destroyed
  - resource "circle3_vm" "for_each_users" {
      - arch          = "x86_64" -> null
      - ci_meta_data  = <<-EOT
            instance-id: {{ hostname }} 
            local-hostname: {{ hostname }} 
            cloud-name: circle3
            platform: circle3
        EOT -> null
      - ci_user_data  = <<-EOT
            #cloud-config
            
            ssh_pwauth: 1
            
            users:
              - name: {{ sysuser }} 
                sudo: ['ALL=(ALL) NOPASSWD:ALL']
                groups: sudo
                shell: /bin/bash
                chpasswd: { expire: False }
                lock-passwd: false
            chpasswd:
                list: |
                    {{ sysuser }}:{{ password }}
                expire: False
        EOT -> null
      - cloud_init    = true -> null
      - disks         = [
          - 383,
          - 347,
        ] -> null
      - from_template = 2 -> null
      - has_agent     = false -> null
      - id            = "180" -> null
      - ipv4          = "None" -> null
      - ipv6          = "None" -> null
      - max_ram_size  = 128 -> null
      - name          = "vm pool 26" -> null
      - num_cores     = 1 -> null
      - owner         = 1 -> null
      - priority      = 30 -> null
      - pw            = "bMMx3vo2Fc" -> null
      - ram_size      = 128 -> null
      - status        = "RUNNING" -> null
      - system        = "ubuntu" -> null
      - vlans         = [] -> null
    }

  # circle3_vm.for_each_users["27"] will be destroyed
  - resource "circle3_vm" "for_each_users" {
      - arch          = "x86_64" -> null
      - ci_meta_data  = <<-EOT
            instance-id: {{ hostname }} 
            local-hostname: {{ hostname }} 
            cloud-name: circle3
            platform: circle3
        EOT -> null
      - ci_user_data  = <<-EOT
            #cloud-config
            
            ssh_pwauth: 1
            
            users:
              - name: {{ sysuser }} 
                sudo: ['ALL=(ALL) NOPASSWD:ALL']
                groups: sudo
                shell: /bin/bash
                chpasswd: { expire: False }
                lock-passwd: false
            chpasswd:
                list: |
                    {{ sysuser }}:{{ password }}
                expire: False
        EOT -> null
      - cloud_init    = true -> null
      - disks         = [
          - 369,
          - 333,
        ] -> null
      - from_template = 2 -> null
      - has_agent     = false -> null
      - id            = "166" -> null
      - ipv4          = "None" -> null
      - ipv6          = "None" -> null
      - max_ram_size  = 128 -> null
      - name          = "vm pool 27" -> null
      - num_cores     = 1 -> null
      - owner         = 1 -> null
      - priority      = 30 -> null
      - pw            = "uiwDjQ95Ng" -> null
      - ram_size      = 128 -> null
      - status        = "RUNNING" -> null
      - system        = "ubuntu" -> null
      - vlans         = [] -> null
    }

  # circle3_vm.for_each_users["28"] will be destroyed
  - resource "circle3_vm" "for_each_users" {
      - arch          = "x86_64" -> null
      - ci_meta_data  = <<-EOT
            instance-id: {{ hostname }} 
            local-hostname: {{ hostname }} 
            cloud-name: circle3
            platform: circle3
        EOT -> null
      - ci_user_data  = <<-EOT
            #cloud-config
            
            ssh_pwauth: 1
            
            users:
              - name: {{ sysuser }} 
                sudo: ['ALL=(ALL) NOPASSWD:ALL']
                groups: sudo
                shell: /bin/bash
                chpasswd: { expire: False }
                lock-passwd: false
            chpasswd:
                list: |
                    {{ sysuser }}:{{ password }}
                expire: False
        EOT -> null
      - cloud_init    = true -> null
      - disks         = [
          - 365,
          - 325,
        ] -> null
      - from_template = 2 -> null
      - has_agent     = false -> null
      - id            = "161" -> null
      - ipv4          = "None" -> null
      - ipv6          = "None" -> null
      - max_ram_size  = 128 -> null
      - name          = "vm pool 28" -> null
      - num_cores     = 1 -> null
      - owner         = 1 -> null
      - priority      = 30 -> null
      - pw            = "6VjVtgUwV9" -> null
      - ram_size      = 128 -> null
      - status        = "RUNNING" -> null
      - system        = "ubuntu" -> null
      - vlans         = [] -> null
    }

  # circle3_vm.for_each_users["29"] will be destroyed
  - resource "circle3_vm" "for_each_users" {
      - arch          = "x86_64" -> null
      - ci_meta_data  = <<-EOT
            instance-id: {{ hostname }} 
            local-hostname: {{ hostname }} 
            cloud-name: circle3
            platform: circle3
        EOT -> null
      - ci_user_data  = <<-EOT
            #cloud-config
            
            ssh_pwauth: 1
            
            users:
              - name: {{ sysuser }} 
                sudo: ['ALL=(ALL) NOPASSWD:ALL']
                groups: sudo
                shell: /bin/bash
                chpasswd: { expire: False }
                lock-passwd: false
            chpasswd:
                list: |
                    {{ sysuser }}:{{ password }}
                expire: False
        EOT -> null
      - cloud_init    = true -> null
      - disks         = [
          - 378,
          - 341,
        ] -> null
      - from_template = 2 -> null
      - has_agent     = false -> null
      - id            = "174" -> null
      - ipv4          = "None" -> null
      - ipv6          = "None" -> null
      - max_ram_size  = 128 -> null
      - name          = "vm pool 29" -> null
      - num_cores     = 1 -> null
      - owner         = 1 -> null
      - priority      = 30 -> null
      - pw            = "tS4Dp2Hjpl" -> null
      - ram_size      = 128 -> null
      - status        = "RUNNING" -> null
      - system        = "ubuntu" -> null
      - vlans         = [] -> null
    }

  # circle3_vm.for_each_users["3"] will be destroyed
  - resource "circle3_vm" "for_each_users" {
      - arch          = "x86_64" -> null
      - ci_meta_data  = <<-EOT
            instance-id: {{ hostname }} 
            local-hostname: {{ hostname }} 
            cloud-name: circle3
            platform: circle3
        EOT -> null
      - ci_user_data  = <<-EOT
            #cloud-config
            
            ssh_pwauth: 1
            
            users:
              - name: {{ sysuser }} 
                sudo: ['ALL=(ALL) NOPASSWD:ALL']
                groups: sudo
                shell: /bin/bash
                chpasswd: { expire: False }
                lock-passwd: false
            chpasswd:
                list: |
                    {{ sysuser }}:{{ password }}
                expire: False
        EOT -> null
      - cloud_init    = true -> null
      - disks         = [
          - 379,
          - 342,
        ] -> null
      - from_template = 2 -> null
      - has_agent     = false -> null
      - id            = "177" -> null
      - ipv4          = "None" -> null
      - ipv6          = "None" -> null
      - max_ram_size  = 128 -> null
      - name          = "vm pool 3" -> null
      - num_cores     = 1 -> null
      - owner         = 1 -> null
      - priority      = 30 -> null
      - pw            = "9JJaTCQrAV" -> null
      - ram_size      = 128 -> null
      - status        = "RUNNING" -> null
      - system        = "ubuntu" -> null
      - vlans         = [] -> null
    }

  # circle3_vm.for_each_users["30"] will be destroyed
  - resource "circle3_vm" "for_each_users" {
      - arch          = "x86_64" -> null
      - ci_meta_data  = <<-EOT
            instance-id: {{ hostname }} 
            local-hostname: {{ hostname }} 
            cloud-name: circle3
            platform: circle3
        EOT -> null
      - ci_user_data  = <<-EOT
            #cloud-config
            
            ssh_pwauth: 1
            
            users:
              - name: {{ sysuser }} 
                sudo: ['ALL=(ALL) NOPASSWD:ALL']
                groups: sudo
                shell: /bin/bash
                chpasswd: { expire: False }
                lock-passwd: false
            chpasswd:
                list: |
                    {{ sysuser }}:{{ password }}
                expire: False
        EOT -> null
      - cloud_init    = true -> null
      - disks         = [
          - 367,
          - 323,
        ] -> null
      - from_template = 2 -> null
      - has_agent     = false -> null
      - id            = "159" -> null
      - ipv4          = "None" -> null
      - ipv6          = "None" -> null
      - max_ram_size  = 128 -> null
      - name          = "vm pool 30" -> null
      - num_cores     = 1 -> null
      - owner         = 1 -> null
      - priority      = 30 -> null
      - pw            = "sOah4RDH3x" -> null
      - ram_size      = 128 -> null
      - status        = "RUNNING" -> null
      - system        = "ubuntu" -> null
      - vlans         = [] -> null
    }

  # circle3_vm.for_each_users["31"] will be destroyed
  - resource "circle3_vm" "for_each_users" {
      - arch          = "x86_64" -> null
      - ci_meta_data  = <<-EOT
            instance-id: {{ hostname }} 
            local-hostname: {{ hostname }} 
            cloud-name: circle3
            platform: circle3
        EOT -> null
      - ci_user_data  = <<-EOT
            #cloud-config
            
            ssh_pwauth: 1
            
            users:
              - name: {{ sysuser }} 
                sudo: ['ALL=(ALL) NOPASSWD:ALL']
                groups: sudo
                shell: /bin/bash
                chpasswd: { expire: False }
                lock-passwd: false
            chpasswd:
                list: |
                    {{ sysuser }}:{{ password }}
                expire: False
        EOT -> null
      - cloud_init    = true -> null
      - disks         = [
          - 370,
          - 328,
        ] -> null
      - from_template = 2 -> null
      - has_agent     = false -> null
      - id            = "163" -> null
      - ipv4          = "None" -> null
      - ipv6          = "None" -> null
      - max_ram_size  = 128 -> null
      - name          = "vm pool 31" -> null
      - num_cores     = 1 -> null
      - owner         = 1 -> null
      - priority      = 30 -> null
      - pw            = "kxxEu1PSMt" -> null
      - ram_size      = 128 -> null
      - status        = "RUNNING" -> null
      - system        = "ubuntu" -> null
      - vlans         = [] -> null
    }

  # circle3_vm.for_each_users["32"] will be destroyed
  - resource "circle3_vm" "for_each_users" {
      - arch          = "x86_64" -> null
      - ci_meta_data  = <<-EOT
            instance-id: {{ hostname }} 
            local-hostname: {{ hostname }} 
            cloud-name: circle3
            platform: circle3
        EOT -> null
      - ci_user_data  = <<-EOT
            #cloud-config
            
            ssh_pwauth: 1
            
            users:
              - name: {{ sysuser }} 
                sudo: ['ALL=(ALL) NOPASSWD:ALL']
                groups: sudo
                shell: /bin/bash
                chpasswd: { expire: False }
                lock-passwd: false
            chpasswd:
                list: |
                    {{ sysuser }}:{{ password }}
                expire: False
        EOT -> null
      - cloud_init    = true -> null
      - disks         = [
          - 330,
          - 322,
        ] -> null
      - from_template = 2 -> null
      - has_agent     = false -> null
      - id            = "156" -> null
      - ipv4          = "None" -> null
      - ipv6          = "None" -> null
      - max_ram_size  = 128 -> null
      - name          = "vm pool 32" -> null
      - num_cores     = 1 -> null
      - owner         = 1 -> null
      - priority      = 30 -> null
      - pw            = "dwxCh2nMEh" -> null
      - ram_size      = 128 -> null
      - status        = "RUNNING" -> null
      - system        = "ubuntu" -> null
      - vlans         = [] -> null
    }

  # circle3_vm.for_each_users["33"] will be destroyed
  - resource "circle3_vm" "for_each_users" {
      - arch          = "x86_64" -> null
      - ci_meta_data  = <<-EOT
            instance-id: {{ hostname }} 
            local-hostname: {{ hostname }} 
            cloud-name: circle3
            platform: circle3
        EOT -> null
      - ci_user_data  = <<-EOT
            #cloud-config
            
            ssh_pwauth: 1
            
            users:
              - name: {{ sysuser }} 
                sudo: ['ALL=(ALL) NOPASSWD:ALL']
                groups: sudo
                shell: /bin/bash
                chpasswd: { expire: False }
                lock-passwd: false
            chpasswd:
                list: |
                    {{ sysuser }}:{{ password }}
                expire: False
        EOT -> null
      - cloud_init    = true -> null
      - disks         = [
          - 393,
          - 356,
        ] -> null
      - from_template = 2 -> null
      - has_agent     = false -> null
      - id            = "188" -> null
      - ipv4          = "None" -> null
      - ipv6          = "None" -> null
      - max_ram_size  = 128 -> null
      - name          = "vm pool 33" -> null
      - num_cores     = 1 -> null
      - owner         = 1 -> null
      - priority      = 30 -> null
      - pw            = "Lvxq9HvBrF" -> null
      - ram_size      = 128 -> null
      - status        = "RUNNING" -> null
      - system        = "ubuntu" -> null
      - vlans         = [] -> null
    }

  # circle3_vm.for_each_users["34"] will be destroyed
  - resource "circle3_vm" "for_each_users" {
      - arch          = "x86_64" -> null
      - ci_meta_data  = <<-EOT
            instance-id: {{ hostname }} 
            local-hostname: {{ hostname }} 
            cloud-name: circle3
            platform: circle3
        EOT -> null
      - ci_user_data  = <<-EOT
            #cloud-config
            
            ssh_pwauth: 1
            
            users:
              - name: {{ sysuser }} 
                sudo: ['ALL=(ALL) NOPASSWD:ALL']
                groups: sudo
                shell: /bin/bash
                chpasswd: { expire: False }
                lock-passwd: false
            chpasswd:
                list: |
                    {{ sysuser }}:{{ password }}
                expire: False
        EOT -> null
      - cloud_init    = true -> null
      - disks         = [
          - 397,
          - 360,
        ] -> null
      - from_template = 2 -> null
      - has_agent     = false -> null
      - id            = "194" -> null
      - ipv4          = "None" -> null
      - ipv6          = "None" -> null
      - max_ram_size  = 128 -> null
      - name          = "vm pool 34" -> null
      - num_cores     = 1 -> null
      - owner         = 1 -> null
      - priority      = 30 -> null
      - pw            = "4mx29MB2KX" -> null
      - ram_size      = 128 -> null
      - status        = "RUNNING" -> null
      - system        = "ubuntu" -> null
      - vlans         = [] -> null
    }

  # circle3_vm.for_each_users["35"] will be destroyed
  - resource "circle3_vm" "for_each_users" {
      - arch          = "x86_64" -> null
      - ci_meta_data  = <<-EOT
            instance-id: {{ hostname }} 
            local-hostname: {{ hostname }} 
            cloud-name: circle3
            platform: circle3
        EOT -> null
      - ci_user_data  = <<-EOT
            #cloud-config
            
            ssh_pwauth: 1
            
            users:
              - name: {{ sysuser }} 
                sudo: ['ALL=(ALL) NOPASSWD:ALL']
                groups: sudo
                shell: /bin/bash
                chpasswd: { expire: False }
                lock-passwd: false
            chpasswd:
                list: |
                    {{ sysuser }}:{{ password }}
                expire: False
        EOT -> null
      - cloud_init    = true -> null
      - disks         = [
          - 329,
          - 319,
        ] -> null
      - from_template = 2 -> null
      - has_agent     = false -> null
      - id            = "157" -> null
      - ipv4          = "None" -> null
      - ipv6          = "None" -> null
      - max_ram_size  = 128 -> null
      - name          = "vm pool 35" -> null
      - num_cores     = 1 -> null
      - owner         = 1 -> null
      - priority      = 30 -> null
      - pw            = "aKgMK8JXPR" -> null
      - ram_size      = 128 -> null
      - status        = "RUNNING" -> null
      - system        = "ubuntu" -> null
      - vlans         = [] -> null
    }

  # circle3_vm.for_each_users["36"] will be destroyed
  - resource "circle3_vm" "for_each_users" {
      - arch          = "x86_64" -> null
      - ci_meta_data  = <<-EOT
            instance-id: {{ hostname }} 
            local-hostname: {{ hostname }} 
            cloud-name: circle3
            platform: circle3
        EOT -> null
      - ci_user_data  = <<-EOT
            #cloud-config
            
            ssh_pwauth: 1
            
            users:
              - name: {{ sysuser }} 
                sudo: ['ALL=(ALL) NOPASSWD:ALL']
                groups: sudo
                shell: /bin/bash
                chpasswd: { expire: False }
                lock-passwd: false
            chpasswd:
                list: |
                    {{ sysuser }}:{{ password }}
                expire: False
        EOT -> null
      - cloud_init    = true -> null
      - disks         = [
          - 389,
          - 352,
        ] -> null
      - from_template = 2 -> null
      - has_agent     = false -> null
      - id            = "186" -> null
      - ipv4          = "None" -> null
      - ipv6          = "None" -> null
      - max_ram_size  = 128 -> null
      - name          = "vm pool 36" -> null
      - num_cores     = 1 -> null
      - owner         = 1 -> null
      - priority      = 30 -> null
      - pw            = "khl3NAG6Lt" -> null
      - ram_size      = 128 -> null
      - status        = "RUNNING" -> null
      - system        = "ubuntu" -> null
      - vlans         = [] -> null
    }

  # circle3_vm.for_each_users["37"] will be destroyed
  - resource "circle3_vm" "for_each_users" {
      - arch          = "x86_64" -> null
      - ci_meta_data  = <<-EOT
            instance-id: {{ hostname }} 
            local-hostname: {{ hostname }} 
            cloud-name: circle3
            platform: circle3
        EOT -> null
      - ci_user_data  = <<-EOT
            #cloud-config
            
            ssh_pwauth: 1
            
            users:
              - name: {{ sysuser }} 
                sudo: ['ALL=(ALL) NOPASSWD:ALL']
                groups: sudo
                shell: /bin/bash
                chpasswd: { expire: False }
                lock-passwd: false
            chpasswd:
                list: |
                    {{ sysuser }}:{{ password }}
                expire: False
        EOT -> null
      - cloud_init    = true -> null
      - disks         = [
          - 392,
          - 354,
        ] -> null
      - from_template = 2 -> null
      - has_agent     = false -> null
      - id            = "190" -> null
      - ipv4          = "None" -> null
      - ipv6          = "None" -> null
      - max_ram_size  = 128 -> null
      - name          = "vm pool 37" -> null
      - num_cores     = 1 -> null
      - owner         = 1 -> null
      - priority      = 30 -> null
      - pw            = "kC7AQkbiHs" -> null
      - ram_size      = 128 -> null
      - status        = "RUNNING" -> null
      - system        = "ubuntu" -> null
      - vlans         = [] -> null
    }

  # circle3_vm.for_each_users["38"] will be destroyed
  - resource "circle3_vm" "for_each_users" {
      - arch          = "x86_64" -> null
      - ci_meta_data  = <<-EOT
            instance-id: {{ hostname }} 
            local-hostname: {{ hostname }} 
            cloud-name: circle3
            platform: circle3
        EOT -> null
      - ci_user_data  = <<-EOT
            #cloud-config
            
            ssh_pwauth: 1
            
            users:
              - name: {{ sysuser }} 
                sudo: ['ALL=(ALL) NOPASSWD:ALL']
                groups: sudo
                shell: /bin/bash
                chpasswd: { expire: False }
                lock-passwd: false
            chpasswd:
                list: |
                    {{ sysuser }}:{{ password }}
                expire: False
        EOT -> null
      - cloud_init    = true -> null
      - disks         = [
          - 377,
          - 339,
        ] -> null
      - from_template = 2 -> null
      - has_agent     = false -> null
      - id            = "175" -> null
      - ipv4          = "None" -> null
      - ipv6          = "None" -> null
      - max_ram_size  = 128 -> null
      - name          = "vm pool 38" -> null
      - num_cores     = 1 -> null
      - owner         = 1 -> null
      - priority      = 30 -> null
      - pw            = "V34J3rWGp6" -> null
      - ram_size      = 128 -> null
      - status        = "RUNNING" -> null
      - system        = "ubuntu" -> null
      - vlans         = [] -> null
    }

  # circle3_vm.for_each_users["39"] will be destroyed
  - resource "circle3_vm" "for_each_users" {
      - arch          = "x86_64" -> null
      - ci_meta_data  = <<-EOT
            instance-id: {{ hostname }} 
            local-hostname: {{ hostname }} 
            cloud-name: circle3
            platform: circle3
        EOT -> null
      - ci_user_data  = <<-EOT
            #cloud-config
            
            ssh_pwauth: 1
            
            users:
              - name: {{ sysuser }} 
                sudo: ['ALL=(ALL) NOPASSWD:ALL']
                groups: sudo
                shell: /bin/bash
                chpasswd: { expire: False }
                lock-passwd: false
            chpasswd:
                list: |
                    {{ sysuser }}:{{ password }}
                expire: False
        EOT -> null
      - cloud_init    = true -> null
      - disks         = [
          - 375,
          - 337,
        ] -> null
      - from_template = 2 -> null
      - has_agent     = false -> null
      - id            = "169" -> null
      - ipv4          = "None" -> null
      - ipv6          = "None" -> null
      - max_ram_size  = 128 -> null
      - name          = "vm pool 39" -> null
      - num_cores     = 1 -> null
      - owner         = 1 -> null
      - priority      = 30 -> null
      - pw            = "tqPhrxIsgw" -> null
      - ram_size      = 128 -> null
      - status        = "RUNNING" -> null
      - system        = "ubuntu" -> null
      - vlans         = [] -> null
    }

  # circle3_vm.for_each_users["4"] will be destroyed
  - resource "circle3_vm" "for_each_users" {
      - arch          = "x86_64" -> null
      - ci_meta_data  = <<-EOT
            instance-id: {{ hostname }} 
            local-hostname: {{ hostname }} 
            cloud-name: circle3
            platform: circle3
        EOT -> null
      - ci_user_data  = <<-EOT
            #cloud-config
            
            ssh_pwauth: 1
            
            users:
              - name: {{ sysuser }} 
                sudo: ['ALL=(ALL) NOPASSWD:ALL']
                groups: sudo
                shell: /bin/bash
                chpasswd: { expire: False }
                lock-passwd: false
            chpasswd:
                list: |
                    {{ sysuser }}:{{ password }}
                expire: False
        EOT -> null
      - cloud_init    = true -> null
      - disks         = [
          - 373,
          - 334,
        ] -> null
      - from_template = 2 -> null
      - has_agent     = false -> null
      - id            = "173" -> null
      - ipv4          = "None" -> null
      - ipv6          = "None" -> null
      - max_ram_size  = 128 -> null
      - name          = "vm pool 4" -> null
      - num_cores     = 1 -> null
      - owner         = 1 -> null
      - priority      = 30 -> null
      - pw            = "hpP1caeAgp" -> null
      - ram_size      = 128 -> null
      - status        = "RUNNING" -> null
      - system        = "ubuntu" -> null
      - vlans         = [] -> null
    }

  # circle3_vm.for_each_users["40"] will be destroyed
  - resource "circle3_vm" "for_each_users" {
      - arch          = "x86_64" -> null
      - ci_meta_data  = <<-EOT
            instance-id: {{ hostname }} 
            local-hostname: {{ hostname }} 
            cloud-name: circle3
            platform: circle3
        EOT -> null
      - ci_user_data  = <<-EOT
            #cloud-config
            
            ssh_pwauth: 1
            
            users:
              - name: {{ sysuser }} 
                sudo: ['ALL=(ALL) NOPASSWD:ALL']
                groups: sudo
                shell: /bin/bash
                chpasswd: { expire: False }
                lock-passwd: false
            chpasswd:
                list: |
                    {{ sysuser }}:{{ password }}
                expire: False
        EOT -> null
      - cloud_init    = true -> null
      - disks         = [
          - 376,
          - 340,
        ] -> null
      - from_template = 2 -> null
      - has_agent     = false -> null
      - id            = "171" -> null
      - ipv4          = "None" -> null
      - ipv6          = "None" -> null
      - max_ram_size  = 128 -> null
      - name          = "vm pool 40" -> null
      - num_cores     = 1 -> null
      - owner         = 1 -> null
      - priority      = 30 -> null
      - pw            = "fVgUC6x92a" -> null
      - ram_size      = 128 -> null
      - status        = "RUNNING" -> null
      - system        = "ubuntu" -> null
      - vlans         = [] -> null
    }

  # circle3_vm.for_each_users["5"] will be destroyed
  - resource "circle3_vm" "for_each_users" {
      - arch          = "x86_64" -> null
      - ci_meta_data  = <<-EOT
            instance-id: {{ hostname }} 
            local-hostname: {{ hostname }} 
            cloud-name: circle3
            platform: circle3
        EOT -> null
      - ci_user_data  = <<-EOT
            #cloud-config
            
            ssh_pwauth: 1
            
            users:
              - name: {{ sysuser }} 
                sudo: ['ALL=(ALL) NOPASSWD:ALL']
                groups: sudo
                shell: /bin/bash
                chpasswd: { expire: False }
                lock-passwd: false
            chpasswd:
                list: |
                    {{ sysuser }}:{{ password }}
                expire: False
        EOT -> null
      - cloud_init    = true -> null
      - disks         = [
          - 374,
          - 338,
        ] -> null
      - from_template = 2 -> null
      - has_agent     = false -> null
      - id            = "172" -> null
      - ipv4          = "None" -> null
      - ipv6          = "None" -> null
      - max_ram_size  = 128 -> null
      - name          = "vm pool 5" -> null
      - num_cores     = 1 -> null
      - owner         = 1 -> null
      - priority      = 30 -> null
      - pw            = "exINwKiNFW" -> null
      - ram_size      = 128 -> null
      - status        = "RUNNING" -> null
      - system        = "ubuntu" -> null
      - vlans         = [] -> null
    }

  # circle3_vm.for_each_users["6"] will be destroyed
  - resource "circle3_vm" "for_each_users" {
      - arch          = "x86_64" -> null
      - ci_meta_data  = <<-EOT
            instance-id: {{ hostname }} 
            local-hostname: {{ hostname }} 
            cloud-name: circle3
            platform: circle3
        EOT -> null
      - ci_user_data  = <<-EOT
            #cloud-config
            
            ssh_pwauth: 1
            
            users:
              - name: {{ sysuser }} 
                sudo: ['ALL=(ALL) NOPASSWD:ALL']
                groups: sudo
                shell: /bin/bash
                chpasswd: { expire: False }
                lock-passwd: false
            chpasswd:
                list: |
                    {{ sysuser }}:{{ password }}
                expire: False
        EOT -> null
      - cloud_init    = true -> null
      - disks         = [
          - 396,
          - 358,
        ] -> null
      - from_template = 2 -> null
      - has_agent     = false -> null
      - id            = "192" -> null
      - ipv4          = "None" -> null
      - ipv6          = "None" -> null
      - max_ram_size  = 128 -> null
      - name          = "vm pool 6" -> null
      - num_cores     = 1 -> null
      - owner         = 1 -> null
      - priority      = 30 -> null
      - pw            = "wXLhuQ3cgk" -> null
      - ram_size      = 128 -> null
      - status        = "RUNNING" -> null
      - system        = "ubuntu" -> null
      - vlans         = [] -> null
    }

  # circle3_vm.for_each_users["7"] will be destroyed
  - resource "circle3_vm" "for_each_users" {
      - arch          = "x86_64" -> null
      - ci_meta_data  = <<-EOT
            instance-id: {{ hostname }} 
            local-hostname: {{ hostname }} 
            cloud-name: circle3
            platform: circle3
        EOT -> null
      - ci_user_data  = <<-EOT
            #cloud-config
            
            ssh_pwauth: 1
            
            users:
              - name: {{ sysuser }} 
                sudo: ['ALL=(ALL) NOPASSWD:ALL']
                groups: sudo
                shell: /bin/bash
                chpasswd: { expire: False }
                lock-passwd: false
            chpasswd:
                list: |
                    {{ sysuser }}:{{ password }}
                expire: False
        EOT -> null
      - cloud_init    = true -> null
      - disks         = [
          - 386,
          - 350,
        ] -> null
      - from_template = 2 -> null
      - has_agent     = false -> null
      - id            = "184" -> null
      - ipv4          = "None" -> null
      - ipv6          = "None" -> null
      - max_ram_size  = 128 -> null
      - name          = "vm pool 7" -> null
      - num_cores     = 1 -> null
      - owner         = 1 -> null
      - priority      = 30 -> null
      - pw            = "s9aH23r6SV" -> null
      - ram_size      = 128 -> null
      - status        = "RUNNING" -> null
      - system        = "ubuntu" -> null
      - vlans         = [] -> null
    }

  # circle3_vm.for_each_users["8"] will be destroyed
  - resource "circle3_vm" "for_each_users" {
      - arch          = "x86_64" -> null
      - ci_meta_data  = <<-EOT
            instance-id: {{ hostname }} 
            local-hostname: {{ hostname }} 
            cloud-name: circle3
            platform: circle3
        EOT -> null
      - ci_user_data  = <<-EOT
            #cloud-config
            
            ssh_pwauth: 1
            
            users:
              - name: {{ sysuser }} 
                sudo: ['ALL=(ALL) NOPASSWD:ALL']
                groups: sudo
                shell: /bin/bash
                chpasswd: { expire: False }
                lock-passwd: false
            chpasswd:
                list: |
                    {{ sysuser }}:{{ password }}
                expire: False
        EOT -> null
      - cloud_init    = true -> null
      - disks         = [
          - 366,
          - 327,
        ] -> null
      - from_template = 2 -> null
      - has_agent     = false -> null
      - id            = "164" -> null
      - ipv4          = "None" -> null
      - ipv6          = "None" -> null
      - max_ram_size  = 128 -> null
      - name          = "vm pool 8" -> null
      - num_cores     = 1 -> null
      - owner         = 1 -> null
      - priority      = 30 -> null
      - pw            = "gV9SvwUkln" -> null
      - ram_size      = 128 -> null
      - status        = "RUNNING" -> null
      - system        = "ubuntu" -> null
      - vlans         = [] -> null
    }

  # circle3_vm.for_each_users["9"] will be destroyed
  - resource "circle3_vm" "for_each_users" {
      - arch          = "x86_64" -> null
      - ci_meta_data  = <<-EOT
            instance-id: {{ hostname }} 
            local-hostname: {{ hostname }} 
            cloud-name: circle3
            platform: circle3
        EOT -> null
      - ci_user_data  = <<-EOT
            #cloud-config
            
            ssh_pwauth: 1
            
            users:
              - name: {{ sysuser }} 
                sudo: ['ALL=(ALL) NOPASSWD:ALL']
                groups: sudo
                shell: /bin/bash
                chpasswd: { expire: False }
                lock-passwd: false
            chpasswd:
                list: |
                    {{ sysuser }}:{{ password }}
                expire: False
        EOT -> null
      - cloud_init    = true -> null
      - disks         = [
          - 364,
          - 326,
        ] -> null
      - from_template = 2 -> null
      - has_agent     = false -> null
      - id            = "165" -> null
      - ipv4          = "None" -> null
      - ipv6          = "None" -> null
      - max_ram_size  = 128 -> null
      - name          = "vm pool 9" -> null
      - num_cores     = 1 -> null
      - owner         = 1 -> null
      - priority      = 30 -> null
      - pw            = "6fb8qGdBDF" -> null
      - ram_size      = 128 -> null
      - status        = "RUNNING" -> null
      - system        = "ubuntu" -> null
      - vlans         = [] -> null
    }

Plan: 0 to add, 0 to change, 40 to destroy.
circle3_vm.for_each_users["6"]: Destroying... [id=192]
circle3_vm.for_each_users["38"]: Destroying... [id=175]
circle3_vm.for_each_users["32"]: Destroying... [id=156]
circle3_vm.for_each_users["13"]: Destroying... [id=193]
circle3_vm.for_each_users["36"]: Destroying... [id=186]
circle3_vm.for_each_users["34"]: Destroying... [id=194]
circle3_vm.for_each_users["37"]: Destroying... [id=190]
circle3_vm.for_each_users["21"]: Destroying... [id=178]
circle3_vm.for_each_users["3"]: Destroying... [id=177]
circle3_vm.for_each_users["4"]: Destroying... [id=173]
circle3_vm.for_each_users["21"]: Destruction complete after 2s
circle3_vm.for_each_users["1"]: Destroying... [id=195]
circle3_vm.for_each_users["3"]: Destruction complete after 3s
circle3_vm.for_each_users["32"]: Destruction complete after 4s
circle3_vm.for_each_users["36"]: Destruction complete after 4s
circle3_vm.for_each_users["31"]: Destroying... [id=163]
circle3_vm.for_each_users["27"]: Destroying... [id=166]
circle3_vm.for_each_users["10"]: Destroying... [id=167]
circle3_vm.for_each_users["34"]: Destruction complete after 4s
circle3_vm.for_each_users["16"]: Destroying... [id=191]
circle3_vm.for_each_users["6"]: Destruction complete after 4s
circle3_vm.for_each_users["13"]: Destruction complete after 4s
circle3_vm.for_each_users["40"]: Destroying... [id=171]
circle3_vm.for_each_users["17"]: Destroying... [id=158]
circle3_vm.for_each_users["37"]: Destruction complete after 6s
circle3_vm.for_each_users["4"]: Destruction complete after 6s
circle3_vm.for_each_users["38"]: Destruction complete after 6s
circle3_vm.for_each_users["1"]: Destruction complete after 3s
circle3_vm.for_each_users["24"]: Destroying... [id=168]
circle3_vm.for_each_users["33"]: Destroying... [id=188]
circle3_vm.for_each_users["12"]: Destroying... [id=189]
circle3_vm.for_each_users["18"]: Destroying... [id=187]
circle3_vm.for_each_users["27"]: Destruction complete after 2s
circle3_vm.for_each_users["11"]: Destroying... [id=160]
circle3_vm.for_each_users["10"]: Destruction complete after 2s
circle3_vm.for_each_users["25"]: Destroying... [id=179]
circle3_vm.for_each_users["16"]: Destruction complete after 3s
circle3_vm.for_each_users["14"]: Destroying... [id=185]
circle3_vm.for_each_users["17"]: Destruction complete after 3s
circle3_vm.for_each_users["15"]: Destroying... [id=170]
circle3_vm.for_each_users["31"]: Destruction complete after 3s
circle3_vm.for_each_users["40"]: Destruction complete after 3s
circle3_vm.for_each_users["9"]: Destroying... [id=165]
circle3_vm.for_each_users["28"]: Destroying... [id=161]
circle3_vm.for_each_users["24"]: Destruction complete after 2s
circle3_vm.for_each_users["8"]: Destroying... [id=164]
circle3_vm.for_each_users["12"]: Destruction complete after 3s
circle3_vm.for_each_users["5"]: Destroying... [id=172]
circle3_vm.for_each_users["33"]: Destruction complete after 3s
circle3_vm.for_each_users["29"]: Destroying... [id=174]
circle3_vm.for_each_users["11"]: Destruction complete after 3s
circle3_vm.for_each_users["23"]: Destroying... [id=181]
circle3_vm.for_each_users["18"]: Destruction complete after 4s
circle3_vm.for_each_users["22"]: Destroying... [id=183]
circle3_vm.for_each_users["14"]: Destruction complete after 3s
circle3_vm.for_each_users["35"]: Destroying... [id=157]
circle3_vm.for_each_users["25"]: Destruction complete after 4s
circle3_vm.for_each_users["7"]: Destroying... [id=184]
circle3_vm.for_each_users["15"]: Still destroying... [id=170, 10s elapsed]
circle3_vm.for_each_users["9"]: Still destroying... [id=165, 10s elapsed]
circle3_vm.for_each_users["28"]: Still destroying... [id=161, 10s elapsed]
circle3_vm.for_each_users["8"]: Still destroying... [id=164, 10s elapsed]
circle3_vm.for_each_users["5"]: Still destroying... [id=172, 10s elapsed]
circle3_vm.for_each_users["29"]: Still destroying... [id=174, 10s elapsed]
circle3_vm.for_each_users["23"]: Still destroying... [id=181, 10s elapsed]
circle3_vm.for_each_users["22"]: Still destroying... [id=183, 10s elapsed]
circle3_vm.for_each_users["28"]: Destruction complete after 13s
circle3_vm.for_each_users["9"]: Destruction complete after 13s
circle3_vm.for_each_users["30"]: Destroying... [id=159]
circle3_vm.for_each_users["20"]: Destroying... [id=162]
circle3_vm.for_each_users["35"]: Still destroying... [id=157, 10s elapsed]
circle3_vm.for_each_users["15"]: Destruction complete after 13s
circle3_vm.for_each_users["26"]: Destroying... [id=180]
circle3_vm.for_each_users["7"]: Still destroying... [id=184, 10s elapsed]
circle3_vm.for_each_users["8"]: Destruction complete after 13s
circle3_vm.for_each_users["2"]: Destroying... [id=182]
circle3_vm.for_each_users["22"]: Destruction complete after 13s
circle3_vm.for_each_users["29"]: Destruction complete after 14s
circle3_vm.for_each_users["23"]: Destruction complete after 14s
circle3_vm.for_each_users["7"]: Destruction complete after 13s
circle3_vm.for_each_users["35"]: Destruction complete after 13s
circle3_vm.for_each_users["5"]: Destruction complete after 14s
circle3_vm.for_each_users["39"]: Destroying... [id=169]
circle3_vm.for_each_users["19"]: Destroying... [id=176]
circle3_vm.for_each_users["20"]: Destruction complete after 3s
circle3_vm.for_each_users["30"]: Destruction complete after 3s
circle3_vm.for_each_users["2"]: Destruction complete after 3s
circle3_vm.for_each_users["26"]: Destruction complete after 4s
circle3_vm.for_each_users["39"]: Destruction complete after 2s
circle3_vm.for_each_users["19"]: Destruction complete after 2s

Destroy complete! Resources: 40 destroyed.

real	0m30,699s
user	0m2,835s
sys	0m0,319s
Apply (80) ...
data.circle3_template.basetemplate: Reading...
data.circle3_template.basetemplate: Read complete after 0s [id=2]

Terraform used the selected providers to generate the following execution
plan. Resource actions are indicated with the following symbols:
  + create

Terraform will perform the following actions:

  # circle3_vm.for_each_users["1"] will be created
  + resource "circle3_vm" "for_each_users" {
      + cloud_init    = false
      + from_template = 2
      + id            = (known after apply)
      + ipv4          = (known after apply)
      + ipv6          = (known after apply)
      + name          = "vm pool 1"
      + node          = (known after apply)
      + owner         = 1
      + pw            = (known after apply)
      + vlans         = (known after apply)
    }

  # circle3_vm.for_each_users["10"] will be created
  + resource "circle3_vm" "for_each_users" {
      + cloud_init    = false
      + from_template = 2
      + id            = (known after apply)
      + ipv4          = (known after apply)
      + ipv6          = (known after apply)
      + name          = "vm pool 10"
      + node          = (known after apply)
      + owner         = 1
      + pw            = (known after apply)
      + vlans         = (known after apply)
    }

  # circle3_vm.for_each_users["11"] will be created
  + resource "circle3_vm" "for_each_users" {
      + cloud_init    = false
      + from_template = 2
      + id            = (known after apply)
      + ipv4          = (known after apply)
      + ipv6          = (known after apply)
      + name          = "vm pool 11"
      + node          = (known after apply)
      + owner         = 1
      + pw            = (known after apply)
      + vlans         = (known after apply)
    }

  # circle3_vm.for_each_users["12"] will be created
  + resource "circle3_vm" "for_each_users" {
      + cloud_init    = false
      + from_template = 2
      + id            = (known after apply)
      + ipv4          = (known after apply)
      + ipv6          = (known after apply)
      + name          = "vm pool 12"
      + node          = (known after apply)
      + owner         = 1
      + pw            = (known after apply)
      + vlans         = (known after apply)
    }

  # circle3_vm.for_each_users["13"] will be created
  + resource "circle3_vm" "for_each_users" {
      + cloud_init    = false
      + from_template = 2
      + id            = (known after apply)
      + ipv4          = (known after apply)
      + ipv6          = (known after apply)
      + name          = "vm pool 13"
      + node          = (known after apply)
      + owner         = 1
      + pw            = (known after apply)
      + vlans         = (known after apply)
    }

  # circle3_vm.for_each_users["14"] will be created
  + resource "circle3_vm" "for_each_users" {
      + cloud_init    = false
      + from_template = 2
      + id            = (known after apply)
      + ipv4          = (known after apply)
      + ipv6          = (known after apply)
      + name          = "vm pool 14"
      + node          = (known after apply)
      + owner         = 1
      + pw            = (known after apply)
      + vlans         = (known after apply)
    }

  # circle3_vm.for_each_users["15"] will be created
  + resource "circle3_vm" "for_each_users" {
      + cloud_init    = false
      + from_template = 2
      + id            = (known after apply)
      + ipv4          = (known after apply)
      + ipv6          = (known after apply)
      + name          = "vm pool 15"
      + node          = (known after apply)
      + owner         = 1
      + pw            = (known after apply)
      + vlans         = (known after apply)
    }

  # circle3_vm.for_each_users["16"] will be created
  + resource "circle3_vm" "for_each_users" {
      + cloud_init    = false
      + from_template = 2
      + id            = (known after apply)
      + ipv4          = (known after apply)
      + ipv6          = (known after apply)
      + name          = "vm pool 16"
      + node          = (known after apply)
      + owner         = 1
      + pw            = (known after apply)
      + vlans         = (known after apply)
    }

  # circle3_vm.for_each_users["17"] will be created
  + resource "circle3_vm" "for_each_users" {
      + cloud_init    = false
      + from_template = 2
      + id            = (known after apply)
      + ipv4          = (known after apply)
      + ipv6          = (known after apply)
      + name          = "vm pool 17"
      + node          = (known after apply)
      + owner         = 1
      + pw            = (known after apply)
      + vlans         = (known after apply)
    }

  # circle3_vm.for_each_users["18"] will be created
  + resource "circle3_vm" "for_each_users" {
      + cloud_init    = false
      + from_template = 2
      + id            = (known after apply)
      + ipv4          = (known after apply)
      + ipv6          = (known after apply)
      + name          = "vm pool 18"
      + node          = (known after apply)
      + owner         = 1
      + pw            = (known after apply)
      + vlans         = (known after apply)
    }

  # circle3_vm.for_each_users["19"] will be created
  + resource "circle3_vm" "for_each_users" {
      + cloud_init    = false
      + from_template = 2
      + id            = (known after apply)
      + ipv4          = (known after apply)
      + ipv6          = (known after apply)
      + name          = "vm pool 19"
      + node          = (known after apply)
      + owner         = 1
      + pw            = (known after apply)
      + vlans         = (known after apply)
    }

  # circle3_vm.for_each_users["2"] will be created
  + resource "circle3_vm" "for_each_users" {
      + cloud_init    = false
      + from_template = 2
      + id            = (known after apply)
      + ipv4          = (known after apply)
      + ipv6          = (known after apply)
      + name          = "vm pool 2"
      + node          = (known after apply)
      + owner         = 1
      + pw            = (known after apply)
      + vlans         = (known after apply)
    }

  # circle3_vm.for_each_users["20"] will be created
  + resource "circle3_vm" "for_each_users" {
      + cloud_init    = false
      + from_template = 2
      + id            = (known after apply)
      + ipv4          = (known after apply)
      + ipv6          = (known after apply)
      + name          = "vm pool 20"
      + node          = (known after apply)
      + owner         = 1
      + pw            = (known after apply)
      + vlans         = (known after apply)
    }

  # circle3_vm.for_each_users["21"] will be created
  + resource "circle3_vm" "for_each_users" {
      + cloud_init    = false
      + from_template = 2
      + id            = (known after apply)
      + ipv4          = (known after apply)
      + ipv6          = (known after apply)
      + name          = "vm pool 21"
      + node          = (known after apply)
      + owner         = 1
      + pw            = (known after apply)
      + vlans         = (known after apply)
    }

  # circle3_vm.for_each_users["22"] will be created
  + resource "circle3_vm" "for_each_users" {
      + cloud_init    = false
      + from_template = 2
      + id            = (known after apply)
      + ipv4          = (known after apply)
      + ipv6          = (known after apply)
      + name          = "vm pool 22"
      + node          = (known after apply)
      + owner         = 1
      + pw            = (known after apply)
      + vlans         = (known after apply)
    }

  # circle3_vm.for_each_users["23"] will be created
  + resource "circle3_vm" "for_each_users" {
      + cloud_init    = false
      + from_template = 2
      + id            = (known after apply)
      + ipv4          = (known after apply)
      + ipv6          = (known after apply)
      + name          = "vm pool 23"
      + node          = (known after apply)
      + owner         = 1
      + pw            = (known after apply)
      + vlans         = (known after apply)
    }

  # circle3_vm.for_each_users["24"] will be created
  + resource "circle3_vm" "for_each_users" {
      + cloud_init    = false
      + from_template = 2
      + id            = (known after apply)
      + ipv4          = (known after apply)
      + ipv6          = (known after apply)
      + name          = "vm pool 24"
      + node          = (known after apply)
      + owner         = 1
      + pw            = (known after apply)
      + vlans         = (known after apply)
    }

  # circle3_vm.for_each_users["25"] will be created
  + resource "circle3_vm" "for_each_users" {
      + cloud_init    = false
      + from_template = 2
      + id            = (known after apply)
      + ipv4          = (known after apply)
      + ipv6          = (known after apply)
      + name          = "vm pool 25"
      + node          = (known after apply)
      + owner         = 1
      + pw            = (known after apply)
      + vlans         = (known after apply)
    }

  # circle3_vm.for_each_users["26"] will be created
  + resource "circle3_vm" "for_each_users" {
      + cloud_init    = false
      + from_template = 2
      + id            = (known after apply)
      + ipv4          = (known after apply)
      + ipv6          = (known after apply)
      + name          = "vm pool 26"
      + node          = (known after apply)
      + owner         = 1
      + pw            = (known after apply)
      + vlans         = (known after apply)
    }

  # circle3_vm.for_each_users["27"] will be created
  + resource "circle3_vm" "for_each_users" {
      + cloud_init    = false
      + from_template = 2
      + id            = (known after apply)
      + ipv4          = (known after apply)
      + ipv6          = (known after apply)
      + name          = "vm pool 27"
      + node          = (known after apply)
      + owner         = 1
      + pw            = (known after apply)
      + vlans         = (known after apply)
    }

  # circle3_vm.for_each_users["28"] will be created
  + resource "circle3_vm" "for_each_users" {
      + cloud_init    = false
      + from_template = 2
      + id            = (known after apply)
      + ipv4          = (known after apply)
      + ipv6          = (known after apply)
      + name          = "vm pool 28"
      + node          = (known after apply)
      + owner         = 1
      + pw            = (known after apply)
      + vlans         = (known after apply)
    }

  # circle3_vm.for_each_users["29"] will be created
  + resource "circle3_vm" "for_each_users" {
      + cloud_init    = false
      + from_template = 2
      + id            = (known after apply)
      + ipv4          = (known after apply)
      + ipv6          = (known after apply)
      + name          = "vm pool 29"
      + node          = (known after apply)
      + owner         = 1
      + pw            = (known after apply)
      + vlans         = (known after apply)
    }

  # circle3_vm.for_each_users["3"] will be created
  + resource "circle3_vm" "for_each_users" {
      + cloud_init    = false
      + from_template = 2
      + id            = (known after apply)
      + ipv4          = (known after apply)
      + ipv6          = (known after apply)
      + name          = "vm pool 3"
      + node          = (known after apply)
      + owner         = 1
      + pw            = (known after apply)
      + vlans         = (known after apply)
    }

  # circle3_vm.for_each_users["30"] will be created
  + resource "circle3_vm" "for_each_users" {
      + cloud_init    = false
      + from_template = 2
      + id            = (known after apply)
      + ipv4          = (known after apply)
      + ipv6          = (known after apply)
      + name          = "vm pool 30"
      + node          = (known after apply)
      + owner         = 1
      + pw            = (known after apply)
      + vlans         = (known after apply)
    }

  # circle3_vm.for_each_users["31"] will be created
  + resource "circle3_vm" "for_each_users" {
      + cloud_init    = false
      + from_template = 2
      + id            = (known after apply)
      + ipv4          = (known after apply)
      + ipv6          = (known after apply)
      + name          = "vm pool 31"
      + node          = (known after apply)
      + owner         = 1
      + pw            = (known after apply)
      + vlans         = (known after apply)
    }

  # circle3_vm.for_each_users["32"] will be created
  + resource "circle3_vm" "for_each_users" {
      + cloud_init    = false
      + from_template = 2
      + id            = (known after apply)
      + ipv4          = (known after apply)
      + ipv6          = (known after apply)
      + name          = "vm pool 32"
      + node          = (known after apply)
      + owner         = 1
      + pw            = (known after apply)
      + vlans         = (known after apply)
    }

  # circle3_vm.for_each_users["33"] will be created
  + resource "circle3_vm" "for_each_users" {
      + cloud_init    = false
      + from_template = 2
      + id            = (known after apply)
      + ipv4          = (known after apply)
      + ipv6          = (known after apply)
      + name          = "vm pool 33"
      + node          = (known after apply)
      + owner         = 1
      + pw            = (known after apply)
      + vlans         = (known after apply)
    }

  # circle3_vm.for_each_users["34"] will be created
  + resource "circle3_vm" "for_each_users" {
      + cloud_init    = false
      + from_template = 2
      + id            = (known after apply)
      + ipv4          = (known after apply)
      + ipv6          = (known after apply)
      + name          = "vm pool 34"
      + node          = (known after apply)
      + owner         = 1
      + pw            = (known after apply)
      + vlans         = (known after apply)
    }

  # circle3_vm.for_each_users["35"] will be created
  + resource "circle3_vm" "for_each_users" {
      + cloud_init    = false
      + from_template = 2
      + id            = (known after apply)
      + ipv4          = (known after apply)
      + ipv6          = (known after apply)
      + name          = "vm pool 35"
      + node          = (known after apply)
      + owner         = 1
      + pw            = (known after apply)
      + vlans         = (known after apply)
    }

  # circle3_vm.for_each_users["36"] will be created
  + resource "circle3_vm" "for_each_users" {
      + cloud_init    = false
      + from_template = 2
      + id            = (known after apply)
      + ipv4          = (known after apply)
      + ipv6          = (known after apply)
      + name          = "vm pool 36"
      + node          = (known after apply)
      + owner         = 1
      + pw            = (known after apply)
      + vlans         = (known after apply)
    }

  # circle3_vm.for_each_users["37"] will be created
  + resource "circle3_vm" "for_each_users" {
      + cloud_init    = false
      + from_template = 2
      + id            = (known after apply)
      + ipv4          = (known after apply)
      + ipv6          = (known after apply)
      + name          = "vm pool 37"
      + node          = (known after apply)
      + owner         = 1
      + pw            = (known after apply)
      + vlans         = (known after apply)
    }

  # circle3_vm.for_each_users["38"] will be created
  + resource "circle3_vm" "for_each_users" {
      + cloud_init    = false
      + from_template = 2
      + id            = (known after apply)
      + ipv4          = (known after apply)
      + ipv6          = (known after apply)
      + name          = "vm pool 38"
      + node          = (known after apply)
      + owner         = 1
      + pw            = (known after apply)
      + vlans         = (known after apply)
    }

  # circle3_vm.for_each_users["39"] will be created
  + resource "circle3_vm" "for_each_users" {
      + cloud_init    = false
      + from_template = 2
      + id            = (known after apply)
      + ipv4          = (known after apply)
      + ipv6          = (known after apply)
      + name          = "vm pool 39"
      + node          = (known after apply)
      + owner         = 1
      + pw            = (known after apply)
      + vlans         = (known after apply)
    }

  # circle3_vm.for_each_users["4"] will be created
  + resource "circle3_vm" "for_each_users" {
      + cloud_init    = false
      + from_template = 2
      + id            = (known after apply)
      + ipv4          = (known after apply)
      + ipv6          = (known after apply)
      + name          = "vm pool 4"
      + node          = (known after apply)
      + owner         = 1
      + pw            = (known after apply)
      + vlans         = (known after apply)
    }

  # circle3_vm.for_each_users["40"] will be created
  + resource "circle3_vm" "for_each_users" {
      + cloud_init    = false
      + from_template = 2
      + id            = (known after apply)
      + ipv4          = (known after apply)
      + ipv6          = (known after apply)
      + name          = "vm pool 40"
      + node          = (known after apply)
      + owner         = 1
      + pw            = (known after apply)
      + vlans         = (known after apply)
    }

  # circle3_vm.for_each_users["41"] will be created
  + resource "circle3_vm" "for_each_users" {
      + cloud_init    = false
      + from_template = 2
      + id            = (known after apply)
      + ipv4          = (known after apply)
      + ipv6          = (known after apply)
      + name          = "vm pool 41"
      + node          = (known after apply)
      + owner         = 1
      + pw            = (known after apply)
      + vlans         = (known after apply)
    }

  # circle3_vm.for_each_users["42"] will be created
  + resource "circle3_vm" "for_each_users" {
      + cloud_init    = false
      + from_template = 2
      + id            = (known after apply)
      + ipv4          = (known after apply)
      + ipv6          = (known after apply)
      + name          = "vm pool 42"
      + node          = (known after apply)
      + owner         = 1
      + pw            = (known after apply)
      + vlans         = (known after apply)
    }

  # circle3_vm.for_each_users["43"] will be created
  + resource "circle3_vm" "for_each_users" {
      + cloud_init    = false
      + from_template = 2
      + id            = (known after apply)
      + ipv4          = (known after apply)
      + ipv6          = (known after apply)
      + name          = "vm pool 43"
      + node          = (known after apply)
      + owner         = 1
      + pw            = (known after apply)
      + vlans         = (known after apply)
    }

  # circle3_vm.for_each_users["44"] will be created
  + resource "circle3_vm" "for_each_users" {
      + cloud_init    = false
      + from_template = 2
      + id            = (known after apply)
      + ipv4          = (known after apply)
      + ipv6          = (known after apply)
      + name          = "vm pool 44"
      + node          = (known after apply)
      + owner         = 1
      + pw            = (known after apply)
      + vlans         = (known after apply)
    }

  # circle3_vm.for_each_users["45"] will be created
  + resource "circle3_vm" "for_each_users" {
      + cloud_init    = false
      + from_template = 2
      + id            = (known after apply)
      + ipv4          = (known after apply)
      + ipv6          = (known after apply)
      + name          = "vm pool 45"
      + node          = (known after apply)
      + owner         = 1
      + pw            = (known after apply)
      + vlans         = (known after apply)
    }

  # circle3_vm.for_each_users["46"] will be created
  + resource "circle3_vm" "for_each_users" {
      + cloud_init    = false
      + from_template = 2
      + id            = (known after apply)
      + ipv4          = (known after apply)
      + ipv6          = (known after apply)
      + name          = "vm pool 46"
      + node          = (known after apply)
      + owner         = 1
      + pw            = (known after apply)
      + vlans         = (known after apply)
    }

  # circle3_vm.for_each_users["47"] will be created
  + resource "circle3_vm" "for_each_users" {
      + cloud_init    = false
      + from_template = 2
      + id            = (known after apply)
      + ipv4          = (known after apply)
      + ipv6          = (known after apply)
      + name          = "vm pool 47"
      + node          = (known after apply)
      + owner         = 1
      + pw            = (known after apply)
      + vlans         = (known after apply)
    }

  # circle3_vm.for_each_users["48"] will be created
  + resource "circle3_vm" "for_each_users" {
      + cloud_init    = false
      + from_template = 2
      + id            = (known after apply)
      + ipv4          = (known after apply)
      + ipv6          = (known after apply)
      + name          = "vm pool 48"
      + node          = (known after apply)
      + owner         = 1
      + pw            = (known after apply)
      + vlans         = (known after apply)
    }

  # circle3_vm.for_each_users["49"] will be created
  + resource "circle3_vm" "for_each_users" {
      + cloud_init    = false
      + from_template = 2
      + id            = (known after apply)
      + ipv4          = (known after apply)
      + ipv6          = (known after apply)
      + name          = "vm pool 49"
      + node          = (known after apply)
      + owner         = 1
      + pw            = (known after apply)
      + vlans         = (known after apply)
    }

  # circle3_vm.for_each_users["5"] will be created
  + resource "circle3_vm" "for_each_users" {
      + cloud_init    = false
      + from_template = 2
      + id            = (known after apply)
      + ipv4          = (known after apply)
      + ipv6          = (known after apply)
      + name          = "vm pool 5"
      + node          = (known after apply)
      + owner         = 1
      + pw            = (known after apply)
      + vlans         = (known after apply)
    }

  # circle3_vm.for_each_users["50"] will be created
  + resource "circle3_vm" "for_each_users" {
      + cloud_init    = false
      + from_template = 2
      + id            = (known after apply)
      + ipv4          = (known after apply)
      + ipv6          = (known after apply)
      + name          = "vm pool 50"
      + node          = (known after apply)
      + owner         = 1
      + pw            = (known after apply)
      + vlans         = (known after apply)
    }

  # circle3_vm.for_each_users["51"] will be created
  + resource "circle3_vm" "for_each_users" {
      + cloud_init    = false
      + from_template = 2
      + id            = (known after apply)
      + ipv4          = (known after apply)
      + ipv6          = (known after apply)
      + name          = "vm pool 51"
      + node          = (known after apply)
      + owner         = 1
      + pw            = (known after apply)
      + vlans         = (known after apply)
    }

  # circle3_vm.for_each_users["52"] will be created
  + resource "circle3_vm" "for_each_users" {
      + cloud_init    = false
      + from_template = 2
      + id            = (known after apply)
      + ipv4          = (known after apply)
      + ipv6          = (known after apply)
      + name          = "vm pool 52"
      + node          = (known after apply)
      + owner         = 1
      + pw            = (known after apply)
      + vlans         = (known after apply)
    }

  # circle3_vm.for_each_users["53"] will be created
  + resource "circle3_vm" "for_each_users" {
      + cloud_init    = false
      + from_template = 2
      + id            = (known after apply)
      + ipv4          = (known after apply)
      + ipv6          = (known after apply)
      + name          = "vm pool 53"
      + node          = (known after apply)
      + owner         = 1
      + pw            = (known after apply)
      + vlans         = (known after apply)
    }

  # circle3_vm.for_each_users["54"] will be created
  + resource "circle3_vm" "for_each_users" {
      + cloud_init    = false
      + from_template = 2
      + id            = (known after apply)
      + ipv4          = (known after apply)
      + ipv6          = (known after apply)
      + name          = "vm pool 54"
      + node          = (known after apply)
      + owner         = 1
      + pw            = (known after apply)
      + vlans         = (known after apply)
    }

  # circle3_vm.for_each_users["55"] will be created
  + resource "circle3_vm" "for_each_users" {
      + cloud_init    = false
      + from_template = 2
      + id            = (known after apply)
      + ipv4          = (known after apply)
      + ipv6          = (known after apply)
      + name          = "vm pool 55"
      + node          = (known after apply)
      + owner         = 1
      + pw            = (known after apply)
      + vlans         = (known after apply)
    }

  # circle3_vm.for_each_users["56"] will be created
  + resource "circle3_vm" "for_each_users" {
      + cloud_init    = false
      + from_template = 2
      + id            = (known after apply)
      + ipv4          = (known after apply)
      + ipv6          = (known after apply)
      + name          = "vm pool 56"
      + node          = (known after apply)
      + owner         = 1
      + pw            = (known after apply)
      + vlans         = (known after apply)
    }

  # circle3_vm.for_each_users["57"] will be created
  + resource "circle3_vm" "for_each_users" {
      + cloud_init    = false
      + from_template = 2
      + id            = (known after apply)
      + ipv4          = (known after apply)
      + ipv6          = (known after apply)
      + name          = "vm pool 57"
      + node          = (known after apply)
      + owner         = 1
      + pw            = (known after apply)
      + vlans         = (known after apply)
    }

  # circle3_vm.for_each_users["58"] will be created
  + resource "circle3_vm" "for_each_users" {
      + cloud_init    = false
      + from_template = 2
      + id            = (known after apply)
      + ipv4          = (known after apply)
      + ipv6          = (known after apply)
      + name          = "vm pool 58"
      + node          = (known after apply)
      + owner         = 1
      + pw            = (known after apply)
      + vlans         = (known after apply)
    }

  # circle3_vm.for_each_users["59"] will be created
  + resource "circle3_vm" "for_each_users" {
      + cloud_init    = false
      + from_template = 2
      + id            = (known after apply)
      + ipv4          = (known after apply)
      + ipv6          = (known after apply)
      + name          = "vm pool 59"
      + node          = (known after apply)
      + owner         = 1
      + pw            = (known after apply)
      + vlans         = (known after apply)
    }

  # circle3_vm.for_each_users["6"] will be created
  + resource "circle3_vm" "for_each_users" {
      + cloud_init    = false
      + from_template = 2
      + id            = (known after apply)
      + ipv4          = (known after apply)
      + ipv6          = (known after apply)
      + name          = "vm pool 6"
      + node          = (known after apply)
      + owner         = 1
      + pw            = (known after apply)
      + vlans         = (known after apply)
    }

  # circle3_vm.for_each_users["60"] will be created
  + resource "circle3_vm" "for_each_users" {
      + cloud_init    = false
      + from_template = 2
      + id            = (known after apply)
      + ipv4          = (known after apply)
      + ipv6          = (known after apply)
      + name          = "vm pool 60"
      + node          = (known after apply)
      + owner         = 1
      + pw            = (known after apply)
      + vlans         = (known after apply)
    }

  # circle3_vm.for_each_users["61"] will be created
  + resource "circle3_vm" "for_each_users" {
      + cloud_init    = false
      + from_template = 2
      + id            = (known after apply)
      + ipv4          = (known after apply)
      + ipv6          = (known after apply)
      + name          = "vm pool 61"
      + node          = (known after apply)
      + owner         = 1
      + pw            = (known after apply)
      + vlans         = (known after apply)
    }

  # circle3_vm.for_each_users["62"] will be created
  + resource "circle3_vm" "for_each_users" {
      + cloud_init    = false
      + from_template = 2
      + id            = (known after apply)
      + ipv4          = (known after apply)
      + ipv6          = (known after apply)
      + name          = "vm pool 62"
      + node          = (known after apply)
      + owner         = 1
      + pw            = (known after apply)
      + vlans         = (known after apply)
    }

  # circle3_vm.for_each_users["63"] will be created
  + resource "circle3_vm" "for_each_users" {
      + cloud_init    = false
      + from_template = 2
      + id            = (known after apply)
      + ipv4          = (known after apply)
      + ipv6          = (known after apply)
      + name          = "vm pool 63"
      + node          = (known after apply)
      + owner         = 1
      + pw            = (known after apply)
      + vlans         = (known after apply)
    }

  # circle3_vm.for_each_users["64"] will be created
  + resource "circle3_vm" "for_each_users" {
      + cloud_init    = false
      + from_template = 2
      + id            = (known after apply)
      + ipv4          = (known after apply)
      + ipv6          = (known after apply)
      + name          = "vm pool 64"
      + node          = (known after apply)
      + owner         = 1
      + pw            = (known after apply)
      + vlans         = (known after apply)
    }

  # circle3_vm.for_each_users["65"] will be created
  + resource "circle3_vm" "for_each_users" {
      + cloud_init    = false
      + from_template = 2
      + id            = (known after apply)
      + ipv4          = (known after apply)
      + ipv6          = (known after apply)
      + name          = "vm pool 65"
      + node          = (known after apply)
      + owner         = 1
      + pw            = (known after apply)
      + vlans         = (known after apply)
    }

  # circle3_vm.for_each_users["66"] will be created
  + resource "circle3_vm" "for_each_users" {
      + cloud_init    = false
      + from_template = 2
      + id            = (known after apply)
      + ipv4          = (known after apply)
      + ipv6          = (known after apply)
      + name          = "vm pool 66"
      + node          = (known after apply)
      + owner         = 1
      + pw            = (known after apply)
      + vlans         = (known after apply)
    }

  # circle3_vm.for_each_users["67"] will be created
  + resource "circle3_vm" "for_each_users" {
      + cloud_init    = false
      + from_template = 2
      + id            = (known after apply)
      + ipv4          = (known after apply)
      + ipv6          = (known after apply)
      + name          = "vm pool 67"
      + node          = (known after apply)
      + owner         = 1
      + pw            = (known after apply)
      + vlans         = (known after apply)
    }

  # circle3_vm.for_each_users["68"] will be created
  + resource "circle3_vm" "for_each_users" {
      + cloud_init    = false
      + from_template = 2
      + id            = (known after apply)
      + ipv4          = (known after apply)
      + ipv6          = (known after apply)
      + name          = "vm pool 68"
      + node          = (known after apply)
      + owner         = 1
      + pw            = (known after apply)
      + vlans         = (known after apply)
    }

  # circle3_vm.for_each_users["69"] will be created
  + resource "circle3_vm" "for_each_users" {
      + cloud_init    = false
      + from_template = 2
      + id            = (known after apply)
      + ipv4          = (known after apply)
      + ipv6          = (known after apply)
      + name          = "vm pool 69"
      + node          = (known after apply)
      + owner         = 1
      + pw            = (known after apply)
      + vlans         = (known after apply)
    }

  # circle3_vm.for_each_users["7"] will be created
  + resource "circle3_vm" "for_each_users" {
      + cloud_init    = false
      + from_template = 2
      + id            = (known after apply)
      + ipv4          = (known after apply)
      + ipv6          = (known after apply)
      + name          = "vm pool 7"
      + node          = (known after apply)
      + owner         = 1
      + pw            = (known after apply)
      + vlans         = (known after apply)
    }

  # circle3_vm.for_each_users["70"] will be created
  + resource "circle3_vm" "for_each_users" {
      + cloud_init    = false
      + from_template = 2
      + id            = (known after apply)
      + ipv4          = (known after apply)
      + ipv6          = (known after apply)
      + name          = "vm pool 70"
      + node          = (known after apply)
      + owner         = 1
      + pw            = (known after apply)
      + vlans         = (known after apply)
    }

  # circle3_vm.for_each_users["71"] will be created
  + resource "circle3_vm" "for_each_users" {
      + cloud_init    = false
      + from_template = 2
      + id            = (known after apply)
      + ipv4          = (known after apply)
      + ipv6          = (known after apply)
      + name          = "vm pool 71"
      + node          = (known after apply)
      + owner         = 1
      + pw            = (known after apply)
      + vlans         = (known after apply)
    }

  # circle3_vm.for_each_users["72"] will be created
  + resource "circle3_vm" "for_each_users" {
      + cloud_init    = false
      + from_template = 2
      + id            = (known after apply)
      + ipv4          = (known after apply)
      + ipv6          = (known after apply)
      + name          = "vm pool 72"
      + node          = (known after apply)
      + owner         = 1
      + pw            = (known after apply)
      + vlans         = (known after apply)
    }

  # circle3_vm.for_each_users["73"] will be created
  + resource "circle3_vm" "for_each_users" {
      + cloud_init    = false
      + from_template = 2
      + id            = (known after apply)
      + ipv4          = (known after apply)
      + ipv6          = (known after apply)
      + name          = "vm pool 73"
      + node          = (known after apply)
      + owner         = 1
      + pw            = (known after apply)
      + vlans         = (known after apply)
    }

  # circle3_vm.for_each_users["74"] will be created
  + resource "circle3_vm" "for_each_users" {
      + cloud_init    = false
      + from_template = 2
      + id            = (known after apply)
      + ipv4          = (known after apply)
      + ipv6          = (known after apply)
      + name          = "vm pool 74"
      + node          = (known after apply)
      + owner         = 1
      + pw            = (known after apply)
      + vlans         = (known after apply)
    }

  # circle3_vm.for_each_users["75"] will be created
  + resource "circle3_vm" "for_each_users" {
      + cloud_init    = false
      + from_template = 2
      + id            = (known after apply)
      + ipv4          = (known after apply)
      + ipv6          = (known after apply)
      + name          = "vm pool 75"
      + node          = (known after apply)
      + owner         = 1
      + pw            = (known after apply)
      + vlans         = (known after apply)
    }

  # circle3_vm.for_each_users["76"] will be created
  + resource "circle3_vm" "for_each_users" {
      + cloud_init    = false
      + from_template = 2
      + id            = (known after apply)
      + ipv4          = (known after apply)
      + ipv6          = (known after apply)
      + name          = "vm pool 76"
      + node          = (known after apply)
      + owner         = 1
      + pw            = (known after apply)
      + vlans         = (known after apply)
    }

  # circle3_vm.for_each_users["77"] will be created
  + resource "circle3_vm" "for_each_users" {
      + cloud_init    = false
      + from_template = 2
      + id            = (known after apply)
      + ipv4          = (known after apply)
      + ipv6          = (known after apply)
      + name          = "vm pool 77"
      + node          = (known after apply)
      + owner         = 1
      + pw            = (known after apply)
      + vlans         = (known after apply)
    }

  # circle3_vm.for_each_users["78"] will be created
  + resource "circle3_vm" "for_each_users" {
      + cloud_init    = false
      + from_template = 2
      + id            = (known after apply)
      + ipv4          = (known after apply)
      + ipv6          = (known after apply)
      + name          = "vm pool 78"
      + node          = (known after apply)
      + owner         = 1
      + pw            = (known after apply)
      + vlans         = (known after apply)
    }

  # circle3_vm.for_each_users["79"] will be created
  + resource "circle3_vm" "for_each_users" {
      + cloud_init    = false
      + from_template = 2
      + id            = (known after apply)
      + ipv4          = (known after apply)
      + ipv6          = (known after apply)
      + name          = "vm pool 79"
      + node          = (known after apply)
      + owner         = 1
      + pw            = (known after apply)
      + vlans         = (known after apply)
    }

  # circle3_vm.for_each_users["8"] will be created
  + resource "circle3_vm" "for_each_users" {
      + cloud_init    = false
      + from_template = 2
      + id            = (known after apply)
      + ipv4          = (known after apply)
      + ipv6          = (known after apply)
      + name          = "vm pool 8"
      + node          = (known after apply)
      + owner         = 1
      + pw            = (known after apply)
      + vlans         = (known after apply)
    }

  # circle3_vm.for_each_users["80"] will be created
  + resource "circle3_vm" "for_each_users" {
      + cloud_init    = false
      + from_template = 2
      + id            = (known after apply)
      + ipv4          = (known after apply)
      + ipv6          = (known after apply)
      + name          = "vm pool 80"
      + node          = (known after apply)
      + owner         = 1
      + pw            = (known after apply)
      + vlans         = (known after apply)
    }

  # circle3_vm.for_each_users["9"] will be created
  + resource "circle3_vm" "for_each_users" {
      + cloud_init    = false
      + from_template = 2
      + id            = (known after apply)
      + ipv4          = (known after apply)
      + ipv6          = (known after apply)
      + name          = "vm pool 9"
      + node          = (known after apply)
      + owner         = 1
      + pw            = (known after apply)
      + vlans         = (known after apply)
    }

Plan: 80 to add, 0 to change, 0 to destroy.
circle3_vm.for_each_users["18"]: Creating...
circle3_vm.for_each_users["27"]: Creating...
circle3_vm.for_each_users["61"]: Creating...
circle3_vm.for_each_users["30"]: Creating...
circle3_vm.for_each_users["58"]: Creating...
circle3_vm.for_each_users["12"]: Creating...
circle3_vm.for_each_users["40"]: Creating...
circle3_vm.for_each_users["9"]: Creating...
circle3_vm.for_each_users["37"]: Creating...
circle3_vm.for_each_users["79"]: Creating...
circle3_vm.for_each_users["30"]: Creation complete after 1s [id=197]
circle3_vm.for_each_users["40"]: Creation complete after 1s [id=200]
circle3_vm.for_each_users["18"]: Creation complete after 1s [id=198]
circle3_vm.for_each_users["61"]: Creation complete after 1s [id=204]
circle3_vm.for_each_users["27"]: Creation complete after 1s [id=196]
circle3_vm.for_each_users["59"]: Creating...
circle3_vm.for_each_users["23"]: Creating...
circle3_vm.for_each_users["58"]: Creation complete after 1s [id=203]
circle3_vm.for_each_users["56"]: Creating...
circle3_vm.for_each_users["12"]: Creation complete after 1s [id=205]
circle3_vm.for_each_users["29"]: Creating...
circle3_vm.for_each_users["37"]: Creation complete after 1s [id=199]
circle3_vm.for_each_users["2"]: Creating...
circle3_vm.for_each_users["79"]: Creation complete after 1s [id=201]
circle3_vm.for_each_users["13"]: Creating...
circle3_vm.for_each_users["33"]: Creating...
circle3_vm.for_each_users["9"]: Creation complete after 1s [id=202]
circle3_vm.for_each_users["22"]: Creating...
circle3_vm.for_each_users["20"]: Creating...
circle3_vm.for_each_users["5"]: Creating...
circle3_vm.for_each_users["23"]: Creation complete after 1s [id=207]
circle3_vm.for_each_users["3"]: Creating...
circle3_vm.for_each_users["59"]: Creation complete after 1s [id=206]
circle3_vm.for_each_users["51"]: Creating...
circle3_vm.for_each_users["5"]: Creation complete after 2s [id=215]
circle3_vm.for_each_users["29"]: Creation complete after 2s [id=209]
circle3_vm.for_each_users["56"]: Creation complete after 2s [id=208]
circle3_vm.for_each_users["34"]: Creating...
circle3_vm.for_each_users["22"]: Creation complete after 2s [id=214]
circle3_vm.for_each_users["39"]: Creating...
circle3_vm.for_each_users["50"]: Creating...
circle3_vm.for_each_users["20"]: Creation complete after 2s [id=210]
circle3_vm.for_each_users["66"]: Creating...
circle3_vm.for_each_users["2"]: Creation complete after 2s [id=213]
circle3_vm.for_each_users["13"]: Creation complete after 2s [id=211]
circle3_vm.for_each_users["41"]: Creating...
circle3_vm.for_each_users["33"]: Creation complete after 2s [id=212]
circle3_vm.for_each_users["57"]: Creating...
circle3_vm.for_each_users["54"]: Creating...
circle3_vm.for_each_users["65"]: Creating...
circle3_vm.for_each_users["3"]: Creation complete after 1s [id=216]
circle3_vm.for_each_users["70"]: Creating...
circle3_vm.for_each_users["51"]: Creation complete after 1s [id=217]
circle3_vm.for_each_users["68"]: Creating...
circle3_vm.for_each_users["39"]: Creation complete after 1s [id=219]
circle3_vm.for_each_users["65"]: Creation complete after 1s [id=223]
circle3_vm.for_each_users["4"]: Creating...
circle3_vm.for_each_users["43"]: Creating...
circle3_vm.for_each_users["54"]: Creation complete after 1s [id=222]
circle3_vm.for_each_users["72"]: Creating...
circle3_vm.for_each_users["66"]: Creation complete after 1s [id=221]
circle3_vm.for_each_users["49"]: Creating...
circle3_vm.for_each_users["50"]: Creation complete after 1s [id=220]
circle3_vm.for_each_users["78"]: Creating...
circle3_vm.for_each_users["34"]: Creation complete after 1s [id=218]
circle3_vm.for_each_users["41"]: Creation complete after 1s [id=224]
circle3_vm.for_each_users["57"]: Creation complete after 1s [id=225]
circle3_vm.for_each_users["71"]: Creating...
circle3_vm.for_each_users["62"]: Creating...
circle3_vm.for_each_users["52"]: Creating...
circle3_vm.for_each_users["70"]: Creation complete after 2s [id=226]
circle3_vm.for_each_users["53"]: Creating...
circle3_vm.for_each_users["68"]: Creation complete after 2s [id=227]
circle3_vm.for_each_users["26"]: Creating...
circle3_vm.for_each_users["43"]: Creation complete after 1s [id=228]
circle3_vm.for_each_users["73"]: Creating...
circle3_vm.for_each_users["49"]: Creation complete after 1s [id=230]
circle3_vm.for_each_users["45"]: Creating...
circle3_vm.for_each_users["4"]: Creation complete after 1s [id=229]
circle3_vm.for_each_users["72"]: Creation complete after 1s [id=231]
circle3_vm.for_each_users["35"]: Creating...
circle3_vm.for_each_users["74"]: Creating...
circle3_vm.for_each_users["78"]: Creation complete after 2s [id=232]
circle3_vm.for_each_users["67"]: Creating...
circle3_vm.for_each_users["71"]: Creation complete after 2s [id=233]
circle3_vm.for_each_users["52"]: Creation complete after 2s [id=234]
circle3_vm.for_each_users["62"]: Creation complete after 2s [id=235]
circle3_vm.for_each_users["21"]: Creating...
circle3_vm.for_each_users["47"]: Creating...
circle3_vm.for_each_users["75"]: Creating...
circle3_vm.for_each_users["53"]: Creation complete after 1s [id=236]
circle3_vm.for_each_users["11"]: Creating...
circle3_vm.for_each_users["26"]: Creation complete after 1s [id=237]
circle3_vm.for_each_users["60"]: Creating...
circle3_vm.for_each_users["73"]: Creation complete after 2s [id=238]
circle3_vm.for_each_users["55"]: Creating...
circle3_vm.for_each_users["45"]: Creation complete after 2s [id=239]
circle3_vm.for_each_users["74"]: Creation complete after 1s [id=241]
circle3_vm.for_each_users["77"]: Creating...
circle3_vm.for_each_users["7"]: Creating...
circle3_vm.for_each_users["67"]: Creation complete after 1s [id=242]
circle3_vm.for_each_users["35"]: Creation complete after 1s [id=240]
circle3_vm.for_each_users["6"]: Creating...
circle3_vm.for_each_users["32"]: Creating...
circle3_vm.for_each_users["47"]: Creation complete after 1s [id=245]
circle3_vm.for_each_users["75"]: Creation complete after 1s [id=244]
circle3_vm.for_each_users["63"]: Creating...
circle3_vm.for_each_users["64"]: Creating...
circle3_vm.for_each_users["21"]: Creation complete after 1s [id=243]
circle3_vm.for_each_users["69"]: Creating...
circle3_vm.for_each_users["11"]: Creation complete after 1s [id=246]
circle3_vm.for_each_users["28"]: Creating...
circle3_vm.for_each_users["60"]: Creation complete after 2s [id=247]
circle3_vm.for_each_users["80"]: Creating...
circle3_vm.for_each_users["55"]: Creation complete after 1s [id=248]
circle3_vm.for_each_users["10"]: Creating...
circle3_vm.for_each_users["77"]: Creation complete after 1s [id=249]
circle3_vm.for_each_users["7"]: Creation complete after 1s [id=250]
circle3_vm.for_each_users["48"]: Creating...
circle3_vm.for_each_users["24"]: Creating...
circle3_vm.for_each_users["6"]: Creation complete after 1s [id=251]
circle3_vm.for_each_users["76"]: Creating...
circle3_vm.for_each_users["32"]: Creation complete after 2s [id=252]
circle3_vm.for_each_users["14"]: Creating...
circle3_vm.for_each_users["64"]: Creation complete after 2s [id=254]
circle3_vm.for_each_users["63"]: Creation complete after 2s [id=253]
circle3_vm.for_each_users["16"]: Creating...
circle3_vm.for_each_users["31"]: Creating...
circle3_vm.for_each_users["69"]: Creation complete after 2s [id=255]
circle3_vm.for_each_users["19"]: Creating...
circle3_vm.for_each_users["28"]: Creation complete after 1s [id=256]
circle3_vm.for_each_users["25"]: Creating...
circle3_vm.for_each_users["80"]: Creation complete after 1s [id=257]
circle3_vm.for_each_users["10"]: Creation complete after 1s [id=258]
circle3_vm.for_each_users["38"]: Creating...
circle3_vm.for_each_users["17"]: Creating...
circle3_vm.for_each_users["24"]: Creation complete after 2s [id=259]
circle3_vm.for_each_users["42"]: Creating...
circle3_vm.for_each_users["76"]: Creation complete after 2s [id=261]
circle3_vm.for_each_users["36"]: Creating...
circle3_vm.for_each_users["48"]: Creation complete after 2s [id=260]
circle3_vm.for_each_users["8"]: Creating...
circle3_vm.for_each_users["14"]: Creation complete after 1s [id=262]
circle3_vm.for_each_users["15"]: Creating...
circle3_vm.for_each_users["31"]: Creation complete after 1s [id=263]
circle3_vm.for_each_users["1"]: Creating...
circle3_vm.for_each_users["16"]: Creation complete after 1s [id=264]
circle3_vm.for_each_users["44"]: Creating...
circle3_vm.for_each_users["19"]: Creation complete after 1s [id=265]
circle3_vm.for_each_users["46"]: Creating...
circle3_vm.for_each_users["25"]: Creation complete after 2s [id=266]
circle3_vm.for_each_users["17"]: Creation complete after 1s [id=268]
circle3_vm.for_each_users["38"]: Creation complete after 1s [id=267]
circle3_vm.for_each_users["42"]: Creation complete after 1s [id=269]
circle3_vm.for_each_users["36"]: Creation complete after 1s [id=270]
circle3_vm.for_each_users["8"]: Creation complete after 1s [id=271]
circle3_vm.for_each_users["15"]: Creation complete after 1s [id=272]
circle3_vm.for_each_users["1"]: Creation complete after 1s [id=273]
circle3_vm.for_each_users["46"]: Creation complete after 1s [id=275]
circle3_vm.for_each_users["44"]: Creation complete after 1s [id=274]

Apply complete! Resources: 80 added, 0 changed, 0 destroyed.

real	0m12,949s
user	0m4,344s
sys	0m0,399s
Destroy (80) ...
data.circle3_template.basetemplate: Reading...
data.circle3_template.basetemplate: Still reading... [10s elapsed]
data.circle3_template.basetemplate: Read complete after 12s [id=2]
circle3_vm.for_each_users["23"]: Refreshing state... [id=207]
circle3_vm.for_each_users["39"]: Refreshing state... [id=219]
circle3_vm.for_each_users["18"]: Refreshing state... [id=198]
circle3_vm.for_each_users["74"]: Refreshing state... [id=241]
circle3_vm.for_each_users["26"]: Refreshing state... [id=237]
circle3_vm.for_each_users["14"]: Refreshing state... [id=262]
circle3_vm.for_each_users["63"]: Refreshing state... [id=253]
circle3_vm.for_each_users["62"]: Refreshing state... [id=235]
circle3_vm.for_each_users["69"]: Refreshing state... [id=255]
circle3_vm.for_each_users["30"]: Refreshing state... [id=197]
circle3_vm.for_each_users["58"]: Refreshing state... [id=203]
circle3_vm.for_each_users["7"]: Refreshing state... [id=250]
circle3_vm.for_each_users["2"]: Refreshing state... [id=213]
circle3_vm.for_each_users["57"]: Refreshing state... [id=225]
circle3_vm.for_each_users["32"]: Refreshing state... [id=252]
circle3_vm.for_each_users["3"]: Refreshing state... [id=216]
circle3_vm.for_each_users["46"]: Refreshing state... [id=275]
circle3_vm.for_each_users["79"]: Refreshing state... [id=201]
circle3_vm.for_each_users["35"]: Refreshing state... [id=240]
circle3_vm.for_each_users["43"]: Refreshing state... [id=228]
circle3_vm.for_each_users["29"]: Refreshing state... [id=209]
circle3_vm.for_each_users["67"]: Refreshing state... [id=242]
circle3_vm.for_each_users["20"]: Refreshing state... [id=210]
circle3_vm.for_each_users["36"]: Refreshing state... [id=270]
circle3_vm.for_each_users["5"]: Refreshing state... [id=215]
circle3_vm.for_each_users["25"]: Refreshing state... [id=266]
circle3_vm.for_each_users["48"]: Refreshing state... [id=260]
circle3_vm.for_each_users["61"]: Refreshing state... [id=204]
circle3_vm.for_each_users["37"]: Refreshing state... [id=199]
circle3_vm.for_each_users["76"]: Refreshing state... [id=261]
circle3_vm.for_each_users["64"]: Refreshing state... [id=254]
circle3_vm.for_each_users["16"]: Refreshing state... [id=264]
circle3_vm.for_each_users["41"]: Refreshing state... [id=224]
circle3_vm.for_each_users["11"]: Refreshing state... [id=246]
circle3_vm.for_each_users["9"]: Refreshing state... [id=202]
circle3_vm.for_each_users["45"]: Refreshing state... [id=239]
circle3_vm.for_each_users["52"]: Refreshing state... [id=234]
circle3_vm.for_each_users["17"]: Refreshing state... [id=268]
circle3_vm.for_each_users["77"]: Refreshing state... [id=249]
circle3_vm.for_each_users["44"]: Refreshing state... [id=274]
circle3_vm.for_each_users["15"]: Refreshing state... [id=272]
circle3_vm.for_each_users["34"]: Refreshing state... [id=218]
circle3_vm.for_each_users["56"]: Refreshing state... [id=208]
circle3_vm.for_each_users["40"]: Refreshing state... [id=200]
circle3_vm.for_each_users["75"]: Refreshing state... [id=244]
circle3_vm.for_each_users["78"]: Refreshing state... [id=232]
circle3_vm.for_each_users["49"]: Refreshing state... [id=230]
circle3_vm.for_each_users["33"]: Refreshing state... [id=212]
circle3_vm.for_each_users["21"]: Refreshing state... [id=243]
circle3_vm.for_each_users["60"]: Refreshing state... [id=247]
circle3_vm.for_each_users["10"]: Refreshing state... [id=258]
circle3_vm.for_each_users["59"]: Refreshing state... [id=206]
circle3_vm.for_each_users["54"]: Refreshing state... [id=222]
circle3_vm.for_each_users["73"]: Refreshing state... [id=238]
circle3_vm.for_each_users["19"]: Refreshing state... [id=265]
circle3_vm.for_each_users["12"]: Refreshing state... [id=205]
circle3_vm.for_each_users["31"]: Refreshing state... [id=263]
circle3_vm.for_each_users["68"]: Refreshing state... [id=227]
circle3_vm.for_each_users["55"]: Refreshing state... [id=248]
circle3_vm.for_each_users["24"]: Refreshing state... [id=259]
circle3_vm.for_each_users["66"]: Refreshing state... [id=221]
circle3_vm.for_each_users["50"]: Refreshing state... [id=220]
circle3_vm.for_each_users["38"]: Refreshing state... [id=267]
circle3_vm.for_each_users["1"]: Refreshing state... [id=273]
circle3_vm.for_each_users["28"]: Refreshing state... [id=256]
circle3_vm.for_each_users["42"]: Refreshing state... [id=269]
circle3_vm.for_each_users["4"]: Refreshing state... [id=229]
circle3_vm.for_each_users["72"]: Refreshing state... [id=231]
circle3_vm.for_each_users["70"]: Refreshing state... [id=226]
circle3_vm.for_each_users["80"]: Refreshing state... [id=257]
circle3_vm.for_each_users["53"]: Refreshing state... [id=236]
circle3_vm.for_each_users["65"]: Refreshing state... [id=223]
circle3_vm.for_each_users["8"]: Refreshing state... [id=271]
circle3_vm.for_each_users["13"]: Refreshing state... [id=211]
circle3_vm.for_each_users["71"]: Refreshing state... [id=233]
circle3_vm.for_each_users["51"]: Refreshing state... [id=217]
circle3_vm.for_each_users["6"]: Refreshing state... [id=251]
circle3_vm.for_each_users["22"]: Refreshing state... [id=214]
circle3_vm.for_each_users["47"]: Refreshing state... [id=245]
circle3_vm.for_each_users["27"]: Refreshing state... [id=196]

Terraform used the selected providers to generate the following execution
plan. Resource actions are indicated with the following symbols:
  - destroy

Terraform will perform the following actions:

  # circle3_vm.for_each_users["1"] will be destroyed
  - resource "circle3_vm" "for_each_users" {
      - arch          = "x86_64" -> null
      - ci_meta_data  = <<-EOT
            instance-id: {{ hostname }} 
            local-hostname: {{ hostname }} 
            cloud-name: circle3
            platform: circle3
        EOT -> null
      - ci_user_data  = <<-EOT
            #cloud-config
            
            ssh_pwauth: 1
            
            users:
              - name: {{ sysuser }} 
                sudo: ['ALL=(ALL) NOPASSWD:ALL']
                groups: sudo
                shell: /bin/bash
                chpasswd: { expire: False }
                lock-passwd: false
            chpasswd:
                list: |
                    {{ sysuser }}:{{ password }}
                expire: False
        EOT -> null
      - cloud_init    = true -> null
      - disks         = [
          - 555,
          - 485,
        ] -> null
      - from_template = 2 -> null
      - has_agent     = false -> null
      - id            = "273" -> null
      - ipv4          = "None" -> null
      - ipv6          = "None" -> null
      - max_ram_size  = 128 -> null
      - name          = "vm pool 1" -> null
      - num_cores     = 1 -> null
      - owner         = 1 -> null
      - priority      = 30 -> null
      - pw            = "NTAl8EoRAW" -> null
      - ram_size      = 128 -> null
      - status        = "RUNNING" -> null
      - system        = "ubuntu" -> null
      - vlans         = [] -> null
    }

  # circle3_vm.for_each_users["10"] will be destroyed
  - resource "circle3_vm" "for_each_users" {
      - arch          = "x86_64" -> null
      - ci_meta_data  = <<-EOT
            instance-id: {{ hostname }} 
            local-hostname: {{ hostname }} 
            cloud-name: circle3
            platform: circle3
        EOT -> null
      - ci_user_data  = <<-EOT
            #cloud-config
            
            ssh_pwauth: 1
            
            users:
              - name: {{ sysuser }} 
                sudo: ['ALL=(ALL) NOPASSWD:ALL']
                groups: sudo
                shell: /bin/bash
                chpasswd: { expire: False }
                lock-passwd: false
            chpasswd:
                list: |
                    {{ sysuser }}:{{ password }}
                expire: False
        EOT -> null
      - cloud_init    = true -> null
      - disks         = [
          - 541,
          - 467,
        ] -> null
      - from_template = 2 -> null
      - has_agent     = false -> null
      - id            = "258" -> null
      - ipv4          = "None" -> null
      - ipv6          = "None" -> null
      - max_ram_size  = 128 -> null
      - name          = "vm pool 10" -> null
      - num_cores     = 1 -> null
      - owner         = 1 -> null
      - priority      = 30 -> null
      - pw            = "NcI7G5fmq2" -> null
      - ram_size      = 128 -> null
      - status        = "RUNNING" -> null
      - system        = "ubuntu" -> null
      - vlans         = [] -> null
    }

  # circle3_vm.for_each_users["11"] will be destroyed
  - resource "circle3_vm" "for_each_users" {
      - arch          = "x86_64" -> null
      - ci_meta_data  = <<-EOT
            instance-id: {{ hostname }} 
            local-hostname: {{ hostname }} 
            cloud-name: circle3
            platform: circle3
        EOT -> null
      - ci_user_data  = <<-EOT
            #cloud-config
            
            ssh_pwauth: 1
            
            users:
              - name: {{ sysuser }} 
                sudo: ['ALL=(ALL) NOPASSWD:ALL']
                groups: sudo
                shell: /bin/bash
                chpasswd: { expire: False }
                lock-passwd: false
            chpasswd:
                list: |
                    {{ sysuser }}:{{ password }}
                expire: False
        EOT -> null
      - cloud_init    = true -> null
      - disks         = [
          - 531,
          - 455,
        ] -> null
      - from_template = 2 -> null
      - has_agent     = false -> null
      - id            = "246" -> null
      - ipv4          = "None" -> null
      - ipv6          = "None" -> null
      - max_ram_size  = 128 -> null
      - name          = "vm pool 11" -> null
      - num_cores     = 1 -> null
      - owner         = 1 -> null
      - priority      = 30 -> null
      - pw            = "TSisfWEoc8" -> null
      - ram_size      = 128 -> null
      - status        = "RUNNING" -> null
      - system        = "ubuntu" -> null
      - vlans         = [] -> null
    }

  # circle3_vm.for_each_users["12"] will be destroyed
  - resource "circle3_vm" "for_each_users" {
      - arch          = "x86_64" -> null
      - ci_meta_data  = <<-EOT
            instance-id: {{ hostname }} 
            local-hostname: {{ hostname }} 
            cloud-name: circle3
            platform: circle3
        EOT -> null
      - ci_user_data  = <<-EOT
            #cloud-config
            
            ssh_pwauth: 1
            
            users:
              - name: {{ sysuser }} 
                sudo: ['ALL=(ALL) NOPASSWD:ALL']
                groups: sudo
                shell: /bin/bash
                chpasswd: { expire: False }
                lock-passwd: false
            chpasswd:
                list: |
                    {{ sysuser }}:{{ password }}
                expire: False
        EOT -> null
      - cloud_init    = true -> null
      - disks         = [
          - 479,
          - 406,
        ] -> null
      - from_template = 2 -> null
      - has_agent     = false -> null
      - id            = "205" -> null
      - ipv4          = "None" -> null
      - ipv6          = "None" -> null
      - max_ram_size  = 128 -> null
      - name          = "vm pool 12" -> null
      - num_cores     = 1 -> null
      - owner         = 1 -> null
      - priority      = 30 -> null
      - pw            = "6XlbUTufs8" -> null
      - ram_size      = 128 -> null
      - status        = "RUNNING" -> null
      - system        = "ubuntu" -> null
      - vlans         = [] -> null
    }

  # circle3_vm.for_each_users["13"] will be destroyed
  - resource "circle3_vm" "for_each_users" {
      - arch          = "x86_64" -> null
      - ci_meta_data  = <<-EOT
            instance-id: {{ hostname }} 
            local-hostname: {{ hostname }} 
            cloud-name: circle3
            platform: circle3
        EOT -> null
      - ci_user_data  = <<-EOT
            #cloud-config
            
            ssh_pwauth: 1
            
            users:
              - name: {{ sysuser }} 
                sudo: ['ALL=(ALL) NOPASSWD:ALL']
                groups: sudo
                shell: /bin/bash
                chpasswd: { expire: False }
                lock-passwd: false
            chpasswd:
                list: |
                    {{ sysuser }}:{{ password }}
                expire: False
        EOT -> null
      - cloud_init    = true -> null
      - disks         = [
          - 497,
          - 415,
        ] -> null
      - from_template = 2 -> null
      - has_agent     = false -> null
      - id            = "211" -> null
      - ipv4          = "None" -> null
      - ipv6          = "None" -> null
      - max_ram_size  = 128 -> null
      - name          = "vm pool 13" -> null
      - num_cores     = 1 -> null
      - owner         = 1 -> null
      - priority      = 30 -> null
      - pw            = "w3WVwSXdve" -> null
      - ram_size      = 128 -> null
      - status        = "RUNNING" -> null
      - system        = "ubuntu" -> null
      - vlans         = [] -> null
    }

  # circle3_vm.for_each_users["14"] will be destroyed
  - resource "circle3_vm" "for_each_users" {
      - arch          = "x86_64" -> null
      - ci_meta_data  = <<-EOT
            instance-id: {{ hostname }} 
            local-hostname: {{ hostname }} 
            cloud-name: circle3
            platform: circle3
        EOT -> null
      - ci_user_data  = <<-EOT
            #cloud-config
            
            ssh_pwauth: 1
            
            users:
              - name: {{ sysuser }} 
                sudo: ['ALL=(ALL) NOPASSWD:ALL']
                groups: sudo
                shell: /bin/bash
                chpasswd: { expire: False }
                lock-passwd: false
            chpasswd:
                list: |
                    {{ sysuser }}:{{ password }}
                expire: False
        EOT -> null
      - cloud_init    = true -> null
      - disks         = [
          - 545,
          - 471,
        ] -> null
      - from_template = 2 -> null
      - has_agent     = false -> null
      - id            = "262" -> null
      - ipv4          = "None" -> null
      - ipv6          = "None" -> null
      - max_ram_size  = 128 -> null
      - name          = "vm pool 14" -> null
      - num_cores     = 1 -> null
      - owner         = 1 -> null
      - priority      = 30 -> null
      - pw            = "SRARajqfAX" -> null
      - ram_size      = 128 -> null
      - status        = "RUNNING" -> null
      - system        = "ubuntu" -> null
      - vlans         = [] -> null
    }

  # circle3_vm.for_each_users["15"] will be destroyed
  - resource "circle3_vm" "for_each_users" {
      - arch          = "x86_64" -> null
      - ci_meta_data  = <<-EOT
            instance-id: {{ hostname }} 
            local-hostname: {{ hostname }} 
            cloud-name: circle3
            platform: circle3
        EOT -> null
      - ci_user_data  = <<-EOT
            #cloud-config
            
            ssh_pwauth: 1
            
            users:
              - name: {{ sysuser }} 
                sudo: ['ALL=(ALL) NOPASSWD:ALL']
                groups: sudo
                shell: /bin/bash
                chpasswd: { expire: False }
                lock-passwd: false
            chpasswd:
                list: |
                    {{ sysuser }}:{{ password }}
                expire: False
        EOT -> null
      - cloud_init    = true -> null
      - disks         = [
          - 554,
          - 484,
        ] -> null
      - from_template = 2 -> null
      - has_agent     = false -> null
      - id            = "272" -> null
      - ipv4          = "None" -> null
      - ipv6          = "None" -> null
      - max_ram_size  = 128 -> null
      - name          = "vm pool 15" -> null
      - num_cores     = 1 -> null
      - owner         = 1 -> null
      - priority      = 30 -> null
      - pw            = "Tx7aa2xl1I" -> null
      - ram_size      = 128 -> null
      - status        = "RUNNING" -> null
      - system        = "ubuntu" -> null
      - vlans         = [] -> null
    }

  # circle3_vm.for_each_users["16"] will be destroyed
  - resource "circle3_vm" "for_each_users" {
      - arch          = "x86_64" -> null
      - ci_meta_data  = <<-EOT
            instance-id: {{ hostname }} 
            local-hostname: {{ hostname }} 
            cloud-name: circle3
            platform: circle3
        EOT -> null
      - ci_user_data  = <<-EOT
            #cloud-config
            
            ssh_pwauth: 1
            
            users:
              - name: {{ sysuser }} 
                sudo: ['ALL=(ALL) NOPASSWD:ALL']
                groups: sudo
                shell: /bin/bash
                chpasswd: { expire: False }
                lock-passwd: false
            chpasswd:
                list: |
                    {{ sysuser }}:{{ password }}
                expire: False
        EOT -> null
      - cloud_init    = true -> null
      - disks         = [
          - 548,
          - 473,
        ] -> null
      - from_template = 2 -> null
      - has_agent     = false -> null
      - id            = "264" -> null
      - ipv4          = "None" -> null
      - ipv6          = "None" -> null
      - max_ram_size  = 128 -> null
      - name          = "vm pool 16" -> null
      - num_cores     = 1 -> null
      - owner         = 1 -> null
      - priority      = 30 -> null
      - pw            = "PpEMX5KRIV" -> null
      - ram_size      = 128 -> null
      - status        = "RUNNING" -> null
      - system        = "ubuntu" -> null
      - vlans         = [] -> null
    }

  # circle3_vm.for_each_users["17"] will be destroyed
  - resource "circle3_vm" "for_each_users" {
      - arch          = "x86_64" -> null
      - ci_meta_data  = <<-EOT
            instance-id: {{ hostname }} 
            local-hostname: {{ hostname }} 
            cloud-name: circle3
            platform: circle3
        EOT -> null
      - ci_user_data  = <<-EOT
            #cloud-config
            
            ssh_pwauth: 1
            
            users:
              - name: {{ sysuser }} 
                sudo: ['ALL=(ALL) NOPASSWD:ALL']
                groups: sudo
                shell: /bin/bash
                chpasswd: { expire: False }
                lock-passwd: false
            chpasswd:
                list: |
                    {{ sysuser }}:{{ password }}
                expire: False
        EOT -> null
      - cloud_init    = true -> null
      - disks         = [
          - 551,
          - 480,
        ] -> null
      - from_template = 2 -> null
      - has_agent     = false -> null
      - id            = "268" -> null
      - ipv4          = "None" -> null
      - ipv6          = "None" -> null
      - max_ram_size  = 128 -> null
      - name          = "vm pool 17" -> null
      - num_cores     = 1 -> null
      - owner         = 1 -> null
      - priority      = 30 -> null
      - pw            = "xiOF5PQU8O" -> null
      - ram_size      = 128 -> null
      - status        = "RUNNING" -> null
      - system        = "ubuntu" -> null
      - vlans         = [] -> null
    }

  # circle3_vm.for_each_users["18"] will be destroyed
  - resource "circle3_vm" "for_each_users" {
      - arch          = "x86_64" -> null
      - ci_meta_data  = <<-EOT
            instance-id: {{ hostname }} 
            local-hostname: {{ hostname }} 
            cloud-name: circle3
            platform: circle3
        EOT -> null
      - ci_user_data  = <<-EOT
            #cloud-config
            
            ssh_pwauth: 1
            
            users:
              - name: {{ sysuser }} 
                sudo: ['ALL=(ALL) NOPASSWD:ALL']
                groups: sudo
                shell: /bin/bash
                chpasswd: { expire: False }
                lock-passwd: false
            chpasswd:
                list: |
                    {{ sysuser }}:{{ password }}
                expire: False
        EOT -> null
      - cloud_init    = true -> null
      - disks         = [
          - 419,
          - 405,
        ] -> null
      - from_template = 2 -> null
      - has_agent     = false -> null
      - id            = "198" -> null
      - ipv4          = "None" -> null
      - ipv6          = "None" -> null
      - max_ram_size  = 128 -> null
      - name          = "vm pool 18" -> null
      - num_cores     = 1 -> null
      - owner         = 1 -> null
      - priority      = 30 -> null
      - pw            = "96Sp9vcBNK" -> null
      - ram_size      = 128 -> null
      - status        = "RUNNING" -> null
      - system        = "ubuntu" -> null
      - vlans         = [] -> null
    }

  # circle3_vm.for_each_users["19"] will be destroyed
  - resource "circle3_vm" "for_each_users" {
      - arch          = "x86_64" -> null
      - ci_meta_data  = <<-EOT
            instance-id: {{ hostname }} 
            local-hostname: {{ hostname }} 
            cloud-name: circle3
            platform: circle3
        EOT -> null
      - ci_user_data  = <<-EOT
            #cloud-config
            
            ssh_pwauth: 1
            
            users:
              - name: {{ sysuser }} 
                sudo: ['ALL=(ALL) NOPASSWD:ALL']
                groups: sudo
                shell: /bin/bash
                chpasswd: { expire: False }
                lock-passwd: false
            chpasswd:
                list: |
                    {{ sysuser }}:{{ password }}
                expire: False
        EOT -> null
      - cloud_init    = true -> null
      - disks         = [
          - 547,
          - 474,
        ] -> null
      - from_template = 2 -> null
      - has_agent     = false -> null
      - id            = "265" -> null
      - ipv4          = "None" -> null
      - ipv6          = "None" -> null
      - max_ram_size  = 128 -> null
      - name          = "vm pool 19" -> null
      - num_cores     = 1 -> null
      - owner         = 1 -> null
      - priority      = 30 -> null
      - pw            = "T1N5QHtodn" -> null
      - ram_size      = 128 -> null
      - status        = "RUNNING" -> null
      - system        = "ubuntu" -> null
      - vlans         = [] -> null
    }

  # circle3_vm.for_each_users["2"] will be destroyed
  - resource "circle3_vm" "for_each_users" {
      - arch          = "x86_64" -> null
      - ci_meta_data  = <<-EOT
            instance-id: {{ hostname }} 
            local-hostname: {{ hostname }} 
            cloud-name: circle3
            platform: circle3
        EOT -> null
      - ci_user_data  = <<-EOT
            #cloud-config
            
            ssh_pwauth: 1
            
            users:
              - name: {{ sysuser }} 
                sudo: ['ALL=(ALL) NOPASSWD:ALL']
                groups: sudo
                shell: /bin/bash
                chpasswd: { expire: False }
                lock-passwd: false
            chpasswd:
                list: |
                    {{ sysuser }}:{{ password }}
                expire: False
        EOT -> null
      - cloud_init    = true -> null
      - disks         = [
          - 496,
          - 412,
        ] -> null
      - from_template = 2 -> null
      - has_agent     = false -> null
      - id            = "213" -> null
      - ipv4          = "None" -> null
      - ipv6          = "None" -> null
      - max_ram_size  = 128 -> null
      - name          = "vm pool 2" -> null
      - num_cores     = 1 -> null
      - owner         = 1 -> null
      - priority      = 30 -> null
      - pw            = "7ROrQX7meM" -> null
      - ram_size      = 128 -> null
      - status        = "RUNNING" -> null
      - system        = "ubuntu" -> null
      - vlans         = [] -> null
    }

  # circle3_vm.for_each_users["20"] will be destroyed
  - resource "circle3_vm" "for_each_users" {
      - arch          = "x86_64" -> null
      - ci_meta_data  = <<-EOT
            instance-id: {{ hostname }} 
            local-hostname: {{ hostname }} 
            cloud-name: circle3
            platform: circle3
        EOT -> null
      - ci_user_data  = <<-EOT
            #cloud-config
            
            ssh_pwauth: 1
            
            users:
              - name: {{ sysuser }} 
                sudo: ['ALL=(ALL) NOPASSWD:ALL']
                groups: sudo
                shell: /bin/bash
                chpasswd: { expire: False }
                lock-passwd: false
            chpasswd:
                list: |
                    {{ sysuser }}:{{ password }}
                expire: False
        EOT -> null
      - cloud_init    = true -> null
      - disks         = [
          - 495,
          - 417,
        ] -> null
      - from_template = 2 -> null
      - has_agent     = false -> null
      - id            = "210" -> null
      - ipv4          = "None" -> null
      - ipv6          = "None" -> null
      - max_ram_size  = 128 -> null
      - name          = "vm pool 20" -> null
      - num_cores     = 1 -> null
      - owner         = 1 -> null
      - priority      = 30 -> null
      - pw            = "8VIOl4ngeP" -> null
      - ram_size      = 128 -> null
      - status        = "RUNNING" -> null
      - system        = "ubuntu" -> null
      - vlans         = [] -> null
    }

  # circle3_vm.for_each_users["21"] will be destroyed
  - resource "circle3_vm" "for_each_users" {
      - arch          = "x86_64" -> null
      - ci_meta_data  = <<-EOT
            instance-id: {{ hostname }} 
            local-hostname: {{ hostname }} 
            cloud-name: circle3
            platform: circle3
        EOT -> null
      - ci_user_data  = <<-EOT
            #cloud-config
            
            ssh_pwauth: 1
            
            users:
              - name: {{ sysuser }} 
                sudo: ['ALL=(ALL) NOPASSWD:ALL']
                groups: sudo
                shell: /bin/bash
                chpasswd: { expire: False }
                lock-passwd: false
            chpasswd:
                list: |
                    {{ sysuser }}:{{ password }}
                expire: False
        EOT -> null
      - cloud_init    = true -> null
      - disks         = [
          - 528,
          - 454,
        ] -> null
      - from_template = 2 -> null
      - has_agent     = false -> null
      - id            = "243" -> null
      - ipv4          = "None" -> null
      - ipv6          = "None" -> null
      - max_ram_size  = 128 -> null
      - name          = "vm pool 21" -> null
      - num_cores     = 1 -> null
      - owner         = 1 -> null
      - priority      = 30 -> null
      - pw            = "fFA8xAQMwx" -> null
      - ram_size      = 128 -> null
      - status        = "RUNNING" -> null
      - system        = "ubuntu" -> null
      - vlans         = [] -> null
    }

  # circle3_vm.for_each_users["22"] will be destroyed
  - resource "circle3_vm" "for_each_users" {
      - arch          = "x86_64" -> null
      - ci_meta_data  = <<-EOT
            instance-id: {{ hostname }} 
            local-hostname: {{ hostname }} 
            cloud-name: circle3
            platform: circle3
        EOT -> null
      - ci_user_data  = <<-EOT
            #cloud-config
            
            ssh_pwauth: 1
            
            users:
              - name: {{ sysuser }} 
                sudo: ['ALL=(ALL) NOPASSWD:ALL']
                groups: sudo
                shell: /bin/bash
                chpasswd: { expire: False }
                lock-passwd: false
            chpasswd:
                list: |
                    {{ sysuser }}:{{ password }}
                expire: False
        EOT -> null
      - cloud_init    = true -> null
      - disks         = [
          - 492,
          - 420,
        ] -> null
      - from_template = 2 -> null
      - has_agent     = false -> null
      - id            = "214" -> null
      - ipv4          = "None" -> null
      - ipv6          = "None" -> null
      - max_ram_size  = 128 -> null
      - name          = "vm pool 22" -> null
      - num_cores     = 1 -> null
      - owner         = 1 -> null
      - priority      = 30 -> null
      - pw            = "pPcQlmqn9d" -> null
      - ram_size      = 128 -> null
      - status        = "RUNNING" -> null
      - system        = "ubuntu" -> null
      - vlans         = [] -> null
    }

  # circle3_vm.for_each_users["23"] will be destroyed
  - resource "circle3_vm" "for_each_users" {
      - arch          = "x86_64" -> null
      - ci_meta_data  = <<-EOT
            instance-id: {{ hostname }} 
            local-hostname: {{ hostname }} 
            cloud-name: circle3
            platform: circle3
        EOT -> null
      - ci_user_data  = <<-EOT
            #cloud-config
            
            ssh_pwauth: 1
            
            users:
              - name: {{ sysuser }} 
                sudo: ['ALL=(ALL) NOPASSWD:ALL']
                groups: sudo
                shell: /bin/bash
                chpasswd: { expire: False }
                lock-passwd: false
            chpasswd:
                list: |
                    {{ sysuser }}:{{ password }}
                expire: False
        EOT -> null
      - cloud_init    = true -> null
      - disks         = [
          - 489,
          - 410,
        ] -> null
      - from_template = 2 -> null
      - has_agent     = false -> null
      - id            = "207" -> null
      - ipv4          = "None" -> null
      - ipv6          = "None" -> null
      - max_ram_size  = 128 -> null
      - name          = "vm pool 23" -> null
      - num_cores     = 1 -> null
      - owner         = 1 -> null
      - priority      = 30 -> null
      - pw            = "F5IlpnRwWD" -> null
      - ram_size      = 128 -> null
      - status        = "RUNNING" -> null
      - system        = "ubuntu" -> null
      - vlans         = [] -> null
    }

  # circle3_vm.for_each_users["24"] will be destroyed
  - resource "circle3_vm" "for_each_users" {
      - arch          = "x86_64" -> null
      - ci_meta_data  = <<-EOT
            instance-id: {{ hostname }} 
            local-hostname: {{ hostname }} 
            cloud-name: circle3
            platform: circle3
        EOT -> null
      - ci_user_data  = <<-EOT
            #cloud-config
            
            ssh_pwauth: 1
            
            users:
              - name: {{ sysuser }} 
                sudo: ['ALL=(ALL) NOPASSWD:ALL']
                groups: sudo
                shell: /bin/bash
                chpasswd: { expire: False }
                lock-passwd: false
            chpasswd:
                list: |
                    {{ sysuser }}:{{ password }}
                expire: False
        EOT -> null
      - cloud_init    = true -> null
      - disks         = [
          - 542,
          - 468,
        ] -> null
      - from_template = 2 -> null
      - has_agent     = false -> null
      - id            = "259" -> null
      - ipv4          = "None" -> null
      - ipv6          = "None" -> null
      - max_ram_size  = 128 -> null
      - name          = "vm pool 24" -> null
      - num_cores     = 1 -> null
      - owner         = 1 -> null
      - priority      = 30 -> null
      - pw            = "6OpFj1jXFC" -> null
      - ram_size      = 128 -> null
      - status        = "RUNNING" -> null
      - system        = "ubuntu" -> null
      - vlans         = [] -> null
    }

  # circle3_vm.for_each_users["25"] will be destroyed
  - resource "circle3_vm" "for_each_users" {
      - arch          = "x86_64" -> null
      - ci_meta_data  = <<-EOT
            instance-id: {{ hostname }} 
            local-hostname: {{ hostname }} 
            cloud-name: circle3
            platform: circle3
        EOT -> null
      - ci_user_data  = <<-EOT
            #cloud-config
            
            ssh_pwauth: 1
            
            users:
              - name: {{ sysuser }} 
                sudo: ['ALL=(ALL) NOPASSWD:ALL']
                groups: sudo
                shell: /bin/bash
                chpasswd: { expire: False }
                lock-passwd: false
            chpasswd:
                list: |
                    {{ sysuser }}:{{ password }}
                expire: False
        EOT -> null
      - cloud_init    = true -> null
      - disks         = [
          - 549,
          - 475,
        ] -> null
      - from_template = 2 -> null
      - has_agent     = false -> null
      - id            = "266" -> null
      - ipv4          = "None" -> null
      - ipv6          = "None" -> null
      - max_ram_size  = 128 -> null
      - name          = "vm pool 25" -> null
      - num_cores     = 1 -> null
      - owner         = 1 -> null
      - priority      = 30 -> null
      - pw            = "KNeGTFIAio" -> null
      - ram_size      = 128 -> null
      - status        = "RUNNING" -> null
      - system        = "ubuntu" -> null
      - vlans         = [] -> null
    }

  # circle3_vm.for_each_users["26"] will be destroyed
  - resource "circle3_vm" "for_each_users" {
      - arch          = "x86_64" -> null
      - ci_meta_data  = <<-EOT
            instance-id: {{ hostname }} 
            local-hostname: {{ hostname }} 
            cloud-name: circle3
            platform: circle3
        EOT -> null
      - ci_user_data  = <<-EOT
            #cloud-config
            
            ssh_pwauth: 1
            
            users:
              - name: {{ sysuser }} 
                sudo: ['ALL=(ALL) NOPASSWD:ALL']
                groups: sudo
                shell: /bin/bash
                chpasswd: { expire: False }
                lock-passwd: false
            chpasswd:
                list: |
                    {{ sysuser }}:{{ password }}
                expire: False
        EOT -> null
      - cloud_init    = true -> null
      - disks         = [
          - 521,
          - 443,
        ] -> null
      - from_template = 2 -> null
      - has_agent     = false -> null
      - id            = "237" -> null
      - ipv4          = "None" -> null
      - ipv6          = "None" -> null
      - max_ram_size  = 128 -> null
      - name          = "vm pool 26" -> null
      - num_cores     = 1 -> null
      - owner         = 1 -> null
      - priority      = 30 -> null
      - pw            = "jf4Xoudi3p" -> null
      - ram_size      = 128 -> null
      - status        = "STOPPED" -> null
      - system        = "ubuntu" -> null
      - vlans         = [] -> null
    }

  # circle3_vm.for_each_users["27"] will be destroyed
  - resource "circle3_vm" "for_each_users" {
      - arch          = "x86_64" -> null
      - ci_meta_data  = <<-EOT
            instance-id: {{ hostname }} 
            local-hostname: {{ hostname }} 
            cloud-name: circle3
            platform: circle3
        EOT -> null
      - ci_user_data  = <<-EOT
            #cloud-config
            
            ssh_pwauth: 1
            
            users:
              - name: {{ sysuser }} 
                sudo: ['ALL=(ALL) NOPASSWD:ALL']
                groups: sudo
                shell: /bin/bash
                chpasswd: { expire: False }
                lock-passwd: false
            chpasswd:
                list: |
                    {{ sysuser }}:{{ password }}
                expire: False
        EOT -> null
      - cloud_init    = true -> null
      - disks         = [
          - 446,
          - 401,
        ] -> null
      - from_template = 2 -> null
      - has_agent     = false -> null
      - id            = "196" -> null
      - ipv4          = "None" -> null
      - ipv6          = "None" -> null
      - max_ram_size  = 128 -> null
      - name          = "vm pool 27" -> null
      - num_cores     = 1 -> null
      - owner         = 1 -> null
      - priority      = 30 -> null
      - pw            = "QHn3LmmLgE" -> null
      - ram_size      = 128 -> null
      - status        = "STOPPED" -> null
      - system        = "ubuntu" -> null
      - vlans         = [] -> null
    }

  # circle3_vm.for_each_users["28"] will be destroyed
  - resource "circle3_vm" "for_each_users" {
      - arch          = "x86_64" -> null
      - ci_meta_data  = <<-EOT
            instance-id: {{ hostname }} 
            local-hostname: {{ hostname }} 
            cloud-name: circle3
            platform: circle3
        EOT -> null
      - ci_user_data  = <<-EOT
            #cloud-config
            
            ssh_pwauth: 1
            
            users:
              - name: {{ sysuser }} 
                sudo: ['ALL=(ALL) NOPASSWD:ALL']
                groups: sudo
                shell: /bin/bash
                chpasswd: { expire: False }
                lock-passwd: false
            chpasswd:
                list: |
                    {{ sysuser }}:{{ password }}
                expire: False
        EOT -> null
      - cloud_init    = true -> null
      - disks         = [
          - 539,
          - 465,
        ] -> null
      - from_template = 2 -> null
      - has_agent     = false -> null
      - id            = "256" -> null
      - ipv4          = "None" -> null
      - ipv6          = "None" -> null
      - max_ram_size  = 128 -> null
      - name          = "vm pool 28" -> null
      - num_cores     = 1 -> null
      - owner         = 1 -> null
      - priority      = 30 -> null
      - pw            = "ifjjPhEgUH" -> null
      - ram_size      = 128 -> null
      - status        = "RUNNING" -> null
      - system        = "ubuntu" -> null
      - vlans         = [] -> null
    }

  # circle3_vm.for_each_users["29"] will be destroyed
  - resource "circle3_vm" "for_each_users" {
      - arch          = "x86_64" -> null
      - ci_meta_data  = <<-EOT
            instance-id: {{ hostname }} 
            local-hostname: {{ hostname }} 
            cloud-name: circle3
            platform: circle3
        EOT -> null
      - ci_user_data  = <<-EOT
            #cloud-config
            
            ssh_pwauth: 1
            
            users:
              - name: {{ sysuser }} 
                sudo: ['ALL=(ALL) NOPASSWD:ALL']
                groups: sudo
                shell: /bin/bash
                chpasswd: { expire: False }
                lock-passwd: false
            chpasswd:
                list: |
                    {{ sysuser }}:{{ password }}
                expire: False
        EOT -> null
      - cloud_init    = true -> null
      - disks         = [
          - 493,
          - 414,
        ] -> null
      - from_template = 2 -> null
      - has_agent     = false -> null
      - id            = "209" -> null
      - ipv4          = "None" -> null
      - ipv6          = "None" -> null
      - max_ram_size  = 128 -> null
      - name          = "vm pool 29" -> null
      - num_cores     = 1 -> null
      - owner         = 1 -> null
      - priority      = 30 -> null
      - pw            = "hgUAhaodWG" -> null
      - ram_size      = 128 -> null
      - status        = "RUNNING" -> null
      - system        = "ubuntu" -> null
      - vlans         = [] -> null
    }

  # circle3_vm.for_each_users["3"] will be destroyed
  - resource "circle3_vm" "for_each_users" {
      - arch          = "x86_64" -> null
      - ci_meta_data  = <<-EOT
            instance-id: {{ hostname }} 
            local-hostname: {{ hostname }} 
            cloud-name: circle3
            platform: circle3
        EOT -> null
      - ci_user_data  = <<-EOT
            #cloud-config
            
            ssh_pwauth: 1
            
            users:
              - name: {{ sysuser }} 
                sudo: ['ALL=(ALL) NOPASSWD:ALL']
                groups: sudo
                shell: /bin/bash
                chpasswd: { expire: False }
                lock-passwd: false
            chpasswd:
                list: |
                    {{ sysuser }}:{{ password }}
                expire: False
        EOT -> null
      - cloud_init    = true -> null
      - disks         = [
          - 499,
          - 422,
        ] -> null
      - from_template = 2 -> null
      - has_agent     = false -> null
      - id            = "216" -> null
      - ipv4          = "None" -> null
      - ipv6          = "None" -> null
      - max_ram_size  = 128 -> null
      - name          = "vm pool 3" -> null
      - num_cores     = 1 -> null
      - owner         = 1 -> null
      - priority      = 30 -> null
      - pw            = "Q1smnRm9TK" -> null
      - ram_size      = 128 -> null
      - status        = "RUNNING" -> null
      - system        = "ubuntu" -> null
      - vlans         = [] -> null
    }

  # circle3_vm.for_each_users["30"] will be destroyed
  - resource "circle3_vm" "for_each_users" {
      - arch          = "x86_64" -> null
      - ci_meta_data  = <<-EOT
            instance-id: {{ hostname }} 
            local-hostname: {{ hostname }} 
            cloud-name: circle3
            platform: circle3
        EOT -> null
      - ci_user_data  = <<-EOT
            #cloud-config
            
            ssh_pwauth: 1
            
            users:
              - name: {{ sysuser }} 
                sudo: ['ALL=(ALL) NOPASSWD:ALL']
                groups: sudo
                shell: /bin/bash
                chpasswd: { expire: False }
                lock-passwd: false
            chpasswd:
                list: |
                    {{ sysuser }}:{{ password }}
                expire: False
        EOT -> null
      - cloud_init    = true -> null
      - disks         = [
          - 416,
          - 399,
        ] -> null
      - from_template = 2 -> null
      - has_agent     = false -> null
      - id            = "197" -> null
      - ipv4          = "None" -> null
      - ipv6          = "None" -> null
      - max_ram_size  = 128 -> null
      - name          = "vm pool 30" -> null
      - num_cores     = 1 -> null
      - owner         = 1 -> null
      - priority      = 30 -> null
      - pw            = "5kmS74e8rW" -> null
      - ram_size      = 128 -> null
      - status        = "RUNNING" -> null
      - system        = "ubuntu" -> null
      - vlans         = [] -> null
    }

  # circle3_vm.for_each_users["31"] will be destroyed
  - resource "circle3_vm" "for_each_users" {
      - arch          = "x86_64" -> null
      - ci_meta_data  = <<-EOT
            instance-id: {{ hostname }} 
            local-hostname: {{ hostname }} 
            cloud-name: circle3
            platform: circle3
        EOT -> null
      - ci_user_data  = <<-EOT
            #cloud-config
            
            ssh_pwauth: 1
            
            users:
              - name: {{ sysuser }} 
                sudo: ['ALL=(ALL) NOPASSWD:ALL']
                groups: sudo
                shell: /bin/bash
                chpasswd: { expire: False }
                lock-passwd: false
            chpasswd:
                list: |
                    {{ sysuser }}:{{ password }}
                expire: False
        EOT -> null
      - cloud_init    = true -> null
      - disks         = [
          - 546,
          - 472,
        ] -> null
      - from_template = 2 -> null
      - has_agent     = false -> null
      - id            = "263" -> null
      - ipv4          = "None" -> null
      - ipv6          = "None" -> null
      - max_ram_size  = 128 -> null
      - name          = "vm pool 31" -> null
      - num_cores     = 1 -> null
      - owner         = 1 -> null
      - priority      = 30 -> null
      - pw            = "rwgQcxbouG" -> null
      - ram_size      = 128 -> null
      - status        = "RUNNING" -> null
      - system        = "ubuntu" -> null
      - vlans         = [] -> null
    }

  # circle3_vm.for_each_users["32"] will be destroyed
  - resource "circle3_vm" "for_each_users" {
      - arch          = "x86_64" -> null
      - ci_meta_data  = <<-EOT
            instance-id: {{ hostname }} 
            local-hostname: {{ hostname }} 
            cloud-name: circle3
            platform: circle3
        EOT -> null
      - ci_user_data  = <<-EOT
            #cloud-config
            
            ssh_pwauth: 1
            
            users:
              - name: {{ sysuser }} 
                sudo: ['ALL=(ALL) NOPASSWD:ALL']
                groups: sudo
                shell: /bin/bash
                chpasswd: { expire: False }
                lock-passwd: false
            chpasswd:
                list: |
                    {{ sysuser }}:{{ password }}
                expire: False
        EOT -> null
      - cloud_init    = true -> null
      - disks         = [
          - 535,
          - 462,
        ] -> null
      - from_template = 2 -> null
      - has_agent     = false -> null
      - id            = "252" -> null
      - ipv4          = "None" -> null
      - ipv6          = "None" -> null
      - max_ram_size  = 128 -> null
      - name          = "vm pool 32" -> null
      - num_cores     = 1 -> null
      - owner         = 1 -> null
      - priority      = 30 -> null
      - pw            = "xbjcThRiQW" -> null
      - ram_size      = 128 -> null
      - status        = "RUNNING" -> null
      - system        = "ubuntu" -> null
      - vlans         = [] -> null
    }

  # circle3_vm.for_each_users["33"] will be destroyed
  - resource "circle3_vm" "for_each_users" {
      - arch          = "x86_64" -> null
      - ci_meta_data  = <<-EOT
            instance-id: {{ hostname }} 
            local-hostname: {{ hostname }} 
            cloud-name: circle3
            platform: circle3
        EOT -> null
      - ci_user_data  = <<-EOT
            #cloud-config
            
            ssh_pwauth: 1
            
            users:
              - name: {{ sysuser }} 
                sudo: ['ALL=(ALL) NOPASSWD:ALL']
                groups: sudo
                shell: /bin/bash
                chpasswd: { expire: False }
                lock-passwd: false
            chpasswd:
                list: |
                    {{ sysuser }}:{{ password }}
                expire: False
        EOT -> null
      - cloud_init    = true -> null
      - disks         = [
          - 498,
          - 421,
        ] -> null
      - from_template = 2 -> null
      - has_agent     = false -> null
      - id            = "212" -> null
      - ipv4          = "None" -> null
      - ipv6          = "None" -> null
      - max_ram_size  = 128 -> null
      - name          = "vm pool 33" -> null
      - num_cores     = 1 -> null
      - owner         = 1 -> null
      - priority      = 30 -> null
      - pw            = "FVWUpdwXVS" -> null
      - ram_size      = 128 -> null
      - status        = "RUNNING" -> null
      - system        = "ubuntu" -> null
      - vlans         = [] -> null
    }

  # circle3_vm.for_each_users["34"] will be destroyed
  - resource "circle3_vm" "for_each_users" {
      - arch          = "x86_64" -> null
      - ci_meta_data  = <<-EOT
            instance-id: {{ hostname }} 
            local-hostname: {{ hostname }} 
            cloud-name: circle3
            platform: circle3
        EOT -> null
      - ci_user_data  = <<-EOT
            #cloud-config
            
            ssh_pwauth: 1
            
            users:
              - name: {{ sysuser }} 
                sudo: ['ALL=(ALL) NOPASSWD:ALL']
                groups: sudo
                shell: /bin/bash
                chpasswd: { expire: False }
                lock-passwd: false
            chpasswd:
                list: |
                    {{ sysuser }}:{{ password }}
                expire: False
        EOT -> null
      - cloud_init    = true -> null
      - disks         = [
          - 505,
          - 429,
        ] -> null
      - from_template = 2 -> null
      - has_agent     = false -> null
      - id            = "218" -> null
      - ipv4          = "None" -> null
      - ipv6          = "None" -> null
      - max_ram_size  = 128 -> null
      - name          = "vm pool 34" -> null
      - num_cores     = 1 -> null
      - owner         = 1 -> null
      - priority      = 30 -> null
      - pw            = "ww9OCAV62l" -> null
      - ram_size      = 128 -> null
      - status        = "RUNNING" -> null
      - system        = "ubuntu" -> null
      - vlans         = [] -> null
    }

  # circle3_vm.for_each_users["35"] will be destroyed
  - resource "circle3_vm" "for_each_users" {
      - arch          = "x86_64" -> null
      - ci_meta_data  = <<-EOT
            instance-id: {{ hostname }} 
            local-hostname: {{ hostname }} 
            cloud-name: circle3
            platform: circle3
        EOT -> null
      - ci_user_data  = <<-EOT
            #cloud-config
            
            ssh_pwauth: 1
            
            users:
              - name: {{ sysuser }} 
                sudo: ['ALL=(ALL) NOPASSWD:ALL']
                groups: sudo
                shell: /bin/bash
                chpasswd: { expire: False }
                lock-passwd: false
            chpasswd:
                list: |
                    {{ sysuser }}:{{ password }}
                expire: False
        EOT -> null
      - cloud_init    = true -> null
      - disks         = [
          - 524,
          - 450,
        ] -> null
      - from_template = 2 -> null
      - has_agent     = false -> null
      - id            = "240" -> null
      - ipv4          = "None" -> null
      - ipv6          = "None" -> null
      - max_ram_size  = 128 -> null
      - name          = "vm pool 35" -> null
      - num_cores     = 1 -> null
      - owner         = 1 -> null
      - priority      = 30 -> null
      - pw            = "FIRRcNXtLn" -> null
      - ram_size      = 128 -> null
      - status        = "RUNNING" -> null
      - system        = "ubuntu" -> null
      - vlans         = [] -> null
    }

  # circle3_vm.for_each_users["36"] will be destroyed
  - resource "circle3_vm" "for_each_users" {
      - arch          = "x86_64" -> null
      - ci_meta_data  = <<-EOT
            instance-id: {{ hostname }} 
            local-hostname: {{ hostname }} 
            cloud-name: circle3
            platform: circle3
        EOT -> null
      - ci_user_data  = <<-EOT
            #cloud-config
            
            ssh_pwauth: 1
            
            users:
              - name: {{ sysuser }} 
                sudo: ['ALL=(ALL) NOPASSWD:ALL']
                groups: sudo
                shell: /bin/bash
                chpasswd: { expire: False }
                lock-passwd: false
            chpasswd:
                list: |
                    {{ sysuser }}:{{ password }}
                expire: False
        EOT -> null
      - cloud_init    = true -> null
      - disks         = [
          - 556,
          - 482,
        ] -> null
      - from_template = 2 -> null
      - has_agent     = false -> null
      - id            = "270" -> null
      - ipv4          = "None" -> null
      - ipv6          = "None" -> null
      - max_ram_size  = 128 -> null
      - name          = "vm pool 36" -> null
      - num_cores     = 1 -> null
      - owner         = 1 -> null
      - priority      = 30 -> null
      - pw            = "8f9IEqw78m" -> null
      - ram_size      = 128 -> null
      - status        = "RUNNING" -> null
      - system        = "ubuntu" -> null
      - vlans         = [] -> null
    }

  # circle3_vm.for_each_users["37"] will be destroyed
  - resource "circle3_vm" "for_each_users" {
      - arch          = "x86_64" -> null
      - ci_meta_data  = <<-EOT
            instance-id: {{ hostname }} 
            local-hostname: {{ hostname }} 
            cloud-name: circle3
            platform: circle3
        EOT -> null
      - ci_user_data  = <<-EOT
            #cloud-config
            
            ssh_pwauth: 1
            
            users:
              - name: {{ sysuser }} 
                sudo: ['ALL=(ALL) NOPASSWD:ALL']
                groups: sudo
                shell: /bin/bash
                chpasswd: { expire: False }
                lock-passwd: false
            chpasswd:
                list: |
                    {{ sysuser }}:{{ password }}
                expire: False
        EOT -> null
      - cloud_init    = true -> null
      - disks         = [
          - 477,
          - 408,
        ] -> null
      - from_template = 2 -> null
      - has_agent     = false -> null
      - id            = "199" -> null
      - ipv4          = "None" -> null
      - ipv6          = "None" -> null
      - max_ram_size  = 128 -> null
      - name          = "vm pool 37" -> null
      - num_cores     = 1 -> null
      - owner         = 1 -> null
      - priority      = 30 -> null
      - pw            = "SRIspia6uB" -> null
      - ram_size      = 128 -> null
      - status        = "RUNNING" -> null
      - system        = "ubuntu" -> null
      - vlans         = [] -> null
    }

  # circle3_vm.for_each_users["38"] will be destroyed
  - resource "circle3_vm" "for_each_users" {
      - arch          = "x86_64" -> null
      - ci_meta_data  = <<-EOT
            instance-id: {{ hostname }} 
            local-hostname: {{ hostname }} 
            cloud-name: circle3
            platform: circle3
        EOT -> null
      - ci_user_data  = <<-EOT
            #cloud-config
            
            ssh_pwauth: 1
            
            users:
              - name: {{ sysuser }} 
                sudo: ['ALL=(ALL) NOPASSWD:ALL']
                groups: sudo
                shell: /bin/bash
                chpasswd: { expire: False }
                lock-passwd: false
            chpasswd:
                list: |
                    {{ sysuser }}:{{ password }}
                expire: False
        EOT -> null
      - cloud_init    = true -> null
      - disks         = [
          - 550,
          - 478,
        ] -> null
      - from_template = 2 -> null
      - has_agent     = false -> null
      - id            = "267" -> null
      - ipv4          = "None" -> null
      - ipv6          = "None" -> null
      - max_ram_size  = 128 -> null
      - name          = "vm pool 38" -> null
      - num_cores     = 1 -> null
      - owner         = 1 -> null
      - priority      = 30 -> null
      - pw            = "pKpULrjnLT" -> null
      - ram_size      = 128 -> null
      - status        = "RUNNING" -> null
      - system        = "ubuntu" -> null
      - vlans         = [] -> null
    }

  # circle3_vm.for_each_users["39"] will be destroyed
  - resource "circle3_vm" "for_each_users" {
      - arch          = "x86_64" -> null
      - ci_meta_data  = <<-EOT
            instance-id: {{ hostname }} 
            local-hostname: {{ hostname }} 
            cloud-name: circle3
            platform: circle3
        EOT -> null
      - ci_user_data  = <<-EOT
            #cloud-config
            
            ssh_pwauth: 1
            
            users:
              - name: {{ sysuser }} 
                sudo: ['ALL=(ALL) NOPASSWD:ALL']
                groups: sudo
                shell: /bin/bash
                chpasswd: { expire: False }
                lock-passwd: false
            chpasswd:
                list: |
                    {{ sysuser }}:{{ password }}
                expire: False
        EOT -> null
      - cloud_init    = true -> null
      - disks         = [
          - 500,
          - 424,
        ] -> null
      - from_template = 2 -> null
      - has_agent     = false -> null
      - id            = "219" -> null
      - ipv4          = "None" -> null
      - ipv6          = "None" -> null
      - max_ram_size  = 128 -> null
      - name          = "vm pool 39" -> null
      - num_cores     = 1 -> null
      - owner         = 1 -> null
      - priority      = 30 -> null
      - pw            = "aqn9N2wpWC" -> null
      - ram_size      = 128 -> null
      - status        = "RUNNING" -> null
      - system        = "ubuntu" -> null
      - vlans         = [] -> null
    }

  # circle3_vm.for_each_users["4"] will be destroyed
  - resource "circle3_vm" "for_each_users" {
      - arch          = "x86_64" -> null
      - ci_meta_data  = <<-EOT
            instance-id: {{ hostname }} 
            local-hostname: {{ hostname }} 
            cloud-name: circle3
            platform: circle3
        EOT -> null
      - ci_user_data  = <<-EOT
            #cloud-config
            
            ssh_pwauth: 1
            
            users:
              - name: {{ sysuser }} 
                sudo: ['ALL=(ALL) NOPASSWD:ALL']
                groups: sudo
                shell: /bin/bash
                chpasswd: { expire: False }
                lock-passwd: false
            chpasswd:
                list: |
                    {{ sysuser }}:{{ password }}
                expire: False
        EOT -> null
      - cloud_init    = true -> null
      - disks         = [
          - 515,
          - 435,
        ] -> null
      - from_template = 2 -> null
      - has_agent     = false -> null
      - id            = "229" -> null
      - ipv4          = "None" -> null
      - ipv6          = "None" -> null
      - max_ram_size  = 128 -> null
      - name          = "vm pool 4" -> null
      - num_cores     = 1 -> null
      - owner         = 1 -> null
      - priority      = 30 -> null
      - pw            = "CRrShu76wq" -> null
      - ram_size      = 128 -> null
      - status        = "RUNNING" -> null
      - system        = "ubuntu" -> null
      - vlans         = [] -> null
    }

  # circle3_vm.for_each_users["40"] will be destroyed
  - resource "circle3_vm" "for_each_users" {
      - arch          = "x86_64" -> null
      - ci_meta_data  = <<-EOT
            instance-id: {{ hostname }} 
            local-hostname: {{ hostname }} 
            cloud-name: circle3
            platform: circle3
        EOT -> null
      - ci_user_data  = <<-EOT
            #cloud-config
            
            ssh_pwauth: 1
            
            users:
              - name: {{ sysuser }} 
                sudo: ['ALL=(ALL) NOPASSWD:ALL']
                groups: sudo
                shell: /bin/bash
                chpasswd: { expire: False }
                lock-passwd: false
            chpasswd:
                list: |
                    {{ sysuser }}:{{ password }}
                expire: False
        EOT -> null
      - cloud_init    = true -> null
      - disks         = [
          - 413,
          - 400,
        ] -> null
      - from_template = 2 -> null
      - has_agent     = false -> null
      - id            = "200" -> null
      - ipv4          = "None" -> null
      - ipv6          = "None" -> null
      - max_ram_size  = 128 -> null
      - name          = "vm pool 40" -> null
      - num_cores     = 1 -> null
      - owner         = 1 -> null
      - priority      = 30 -> null
      - pw            = "CdoBIvpvsK" -> null
      - ram_size      = 128 -> null
      - status        = "RUNNING" -> null
      - system        = "ubuntu" -> null
      - vlans         = [] -> null
    }

  # circle3_vm.for_each_users["41"] will be destroyed
  - resource "circle3_vm" "for_each_users" {
      - arch          = "x86_64" -> null
      - ci_meta_data  = <<-EOT
            instance-id: {{ hostname }} 
            local-hostname: {{ hostname }} 
            cloud-name: circle3
            platform: circle3
        EOT -> null
      - ci_user_data  = <<-EOT
            #cloud-config
            
            ssh_pwauth: 1
            
            users:
              - name: {{ sysuser }} 
                sudo: ['ALL=(ALL) NOPASSWD:ALL']
                groups: sudo
                shell: /bin/bash
                chpasswd: { expire: False }
                lock-passwd: false
            chpasswd:
                list: |
                    {{ sysuser }}:{{ password }}
                expire: False
        EOT -> null
      - cloud_init    = true -> null
      - disks         = [
          - 507,
          - 430,
        ] -> null
      - from_template = 2 -> null
      - has_agent     = false -> null
      - id            = "224" -> null
      - ipv4          = "None" -> null
      - ipv6          = "None" -> null
      - max_ram_size  = 128 -> null
      - name          = "vm pool 41" -> null
      - num_cores     = 1 -> null
      - owner         = 1 -> null
      - priority      = 30 -> null
      - pw            = "lF34pMhkP8" -> null
      - ram_size      = 128 -> null
      - status        = "RUNNING" -> null
      - system        = "ubuntu" -> null
      - vlans         = [] -> null
    }

  # circle3_vm.for_each_users["42"] will be destroyed
  - resource "circle3_vm" "for_each_users" {
      - arch          = "x86_64" -> null
      - ci_meta_data  = <<-EOT
            instance-id: {{ hostname }} 
            local-hostname: {{ hostname }} 
            cloud-name: circle3
            platform: circle3
        EOT -> null
      - ci_user_data  = <<-EOT
            #cloud-config
            
            ssh_pwauth: 1
            
            users:
              - name: {{ sysuser }} 
                sudo: ['ALL=(ALL) NOPASSWD:ALL']
                groups: sudo
                shell: /bin/bash
                chpasswd: { expire: False }
                lock-passwd: false
            chpasswd:
                list: |
                    {{ sysuser }}:{{ password }}
                expire: False
        EOT -> null
      - cloud_init    = true -> null
      - disks         = [
          - 552,
          - 481,
        ] -> null
      - from_template = 2 -> null
      - has_agent     = false -> null
      - id            = "269" -> null
      - ipv4          = "None" -> null
      - ipv6          = "None" -> null
      - max_ram_size  = 128 -> null
      - name          = "vm pool 42" -> null
      - num_cores     = 1 -> null
      - owner         = 1 -> null
      - priority      = 30 -> null
      - pw            = "A2ISLGb3sk" -> null
      - ram_size      = 128 -> null
      - status        = "RUNNING" -> null
      - system        = "ubuntu" -> null
      - vlans         = [] -> null
    }

  # circle3_vm.for_each_users["43"] will be destroyed
  - resource "circle3_vm" "for_each_users" {
      - arch          = "x86_64" -> null
      - ci_meta_data  = <<-EOT
            instance-id: {{ hostname }} 
            local-hostname: {{ hostname }} 
            cloud-name: circle3
            platform: circle3
        EOT -> null
      - ci_user_data  = <<-EOT
            #cloud-config
            
            ssh_pwauth: 1
            
            users:
              - name: {{ sysuser }} 
                sudo: ['ALL=(ALL) NOPASSWD:ALL']
                groups: sudo
                shell: /bin/bash
                chpasswd: { expire: False }
                lock-passwd: false
            chpasswd:
                list: |
                    {{ sysuser }}:{{ password }}
                expire: False
        EOT -> null
      - cloud_init    = true -> null
      - disks         = [
          - 511,
          - 434,
        ] -> null
      - from_template = 2 -> null
      - has_agent     = false -> null
      - id            = "228" -> null
      - ipv4          = "None" -> null
      - ipv6          = "None" -> null
      - max_ram_size  = 128 -> null
      - name          = "vm pool 43" -> null
      - num_cores     = 1 -> null
      - owner         = 1 -> null
      - priority      = 30 -> null
      - pw            = "WAtuHVx5eR" -> null
      - ram_size      = 128 -> null
      - status        = "RUNNING" -> null
      - system        = "ubuntu" -> null
      - vlans         = [] -> null
    }

  # circle3_vm.for_each_users["44"] will be destroyed
  - resource "circle3_vm" "for_each_users" {
      - arch          = "x86_64" -> null
      - ci_meta_data  = <<-EOT
            instance-id: {{ hostname }} 
            local-hostname: {{ hostname }} 
            cloud-name: circle3
            platform: circle3
        EOT -> null
      - ci_user_data  = <<-EOT
            #cloud-config
            
            ssh_pwauth: 1
            
            users:
              - name: {{ sysuser }} 
                sudo: ['ALL=(ALL) NOPASSWD:ALL']
                groups: sudo
                shell: /bin/bash
                chpasswd: { expire: False }
                lock-passwd: false
            chpasswd:
                list: |
                    {{ sysuser }}:{{ password }}
                expire: False
        EOT -> null
      - cloud_init    = true -> null
      - disks         = [
          - 558,
          - 487,
        ] -> null
      - from_template = 2 -> null
      - has_agent     = false -> null
      - id            = "274" -> null
      - ipv4          = "None" -> null
      - ipv6          = "None" -> null
      - max_ram_size  = 128 -> null
      - name          = "vm pool 44" -> null
      - num_cores     = 1 -> null
      - owner         = 1 -> null
      - priority      = 30 -> null
      - pw            = "spWsjxsMsr" -> null
      - ram_size      = 128 -> null
      - status        = "RUNNING" -> null
      - system        = "ubuntu" -> null
      - vlans         = [] -> null
    }

  # circle3_vm.for_each_users["45"] will be destroyed
  - resource "circle3_vm" "for_each_users" {
      - arch          = "x86_64" -> null
      - ci_meta_data  = <<-EOT
            instance-id: {{ hostname }} 
            local-hostname: {{ hostname }} 
            cloud-name: circle3
            platform: circle3
        EOT -> null
      - ci_user_data  = <<-EOT
            #cloud-config
            
            ssh_pwauth: 1
            
            users:
              - name: {{ sysuser }} 
                sudo: ['ALL=(ALL) NOPASSWD:ALL']
                groups: sudo
                shell: /bin/bash
                chpasswd: { expire: False }
                lock-passwd: false
            chpasswd:
                list: |
                    {{ sysuser }}:{{ password }}
                expire: False
        EOT -> null
      - cloud_init    = true -> null
      - disks         = [
          - 522,
          - 448,
        ] -> null
      - from_template = 2 -> null
      - has_agent     = false -> null
      - id            = "239" -> null
      - ipv4          = "None" -> null
      - ipv6          = "None" -> null
      - max_ram_size  = 128 -> null
      - name          = "vm pool 45" -> null
      - num_cores     = 1 -> null
      - owner         = 1 -> null
      - priority      = 30 -> null
      - pw            = "NLiUTIHvHt" -> null
      - ram_size      = 128 -> null
      - status        = "RUNNING" -> null
      - system        = "ubuntu" -> null
      - vlans         = [] -> null
    }

  # circle3_vm.for_each_users["46"] will be destroyed
  - resource "circle3_vm" "for_each_users" {
      - arch          = "x86_64" -> null
      - ci_meta_data  = <<-EOT
            instance-id: {{ hostname }} 
            local-hostname: {{ hostname }} 
            cloud-name: circle3
            platform: circle3
        EOT -> null
      - ci_user_data  = <<-EOT
            #cloud-config
            
            ssh_pwauth: 1
            
            users:
              - name: {{ sysuser }} 
                sudo: ['ALL=(ALL) NOPASSWD:ALL']
                groups: sudo
                shell: /bin/bash
                chpasswd: { expire: False }
                lock-passwd: false
            chpasswd:
                list: |
                    {{ sysuser }}:{{ password }}
                expire: False
        EOT -> null
      - cloud_init    = true -> null
      - disks         = [
          - 557,
          - 486,
        ] -> null
      - from_template = 2 -> null
      - has_agent     = false -> null
      - id            = "275" -> null
      - ipv4          = "None" -> null
      - ipv6          = "None" -> null
      - max_ram_size  = 128 -> null
      - name          = "vm pool 46" -> null
      - num_cores     = 1 -> null
      - owner         = 1 -> null
      - priority      = 30 -> null
      - pw            = "4HPXvaaQI8" -> null
      - ram_size      = 128 -> null
      - status        = "RUNNING" -> null
      - system        = "ubuntu" -> null
      - vlans         = [] -> null
    }

  # circle3_vm.for_each_users["47"] will be destroyed
  - resource "circle3_vm" "for_each_users" {
      - arch          = "x86_64" -> null
      - ci_meta_data  = <<-EOT
            instance-id: {{ hostname }} 
            local-hostname: {{ hostname }} 
            cloud-name: circle3
            platform: circle3
        EOT -> null
      - ci_user_data  = <<-EOT
            #cloud-config
            
            ssh_pwauth: 1
            
            users:
              - name: {{ sysuser }} 
                sudo: ['ALL=(ALL) NOPASSWD:ALL']
                groups: sudo
                shell: /bin/bash
                chpasswd: { expire: False }
                lock-passwd: false
            chpasswd:
                list: |
                    {{ sysuser }}:{{ password }}
                expire: False
        EOT -> null
      - cloud_init    = true -> null
      - disks         = [
          - 527,
          - 452,
        ] -> null
      - from_template = 2 -> null
      - has_agent     = false -> null
      - id            = "245" -> null
      - ipv4          = "None" -> null
      - ipv6          = "None" -> null
      - max_ram_size  = 128 -> null
      - name          = "vm pool 47" -> null
      - num_cores     = 1 -> null
      - owner         = 1 -> null
      - priority      = 30 -> null
      - pw            = "h2saebnuEK" -> null
      - ram_size      = 128 -> null
      - status        = "RUNNING" -> null
      - system        = "ubuntu" -> null
      - vlans         = [] -> null
    }

  # circle3_vm.for_each_users["48"] will be destroyed
  - resource "circle3_vm" "for_each_users" {
      - arch          = "x86_64" -> null
      - ci_meta_data  = <<-EOT
            instance-id: {{ hostname }} 
            local-hostname: {{ hostname }} 
            cloud-name: circle3
            platform: circle3
        EOT -> null
      - ci_user_data  = <<-EOT
            #cloud-config
            
            ssh_pwauth: 1
            
            users:
              - name: {{ sysuser }} 
                sudo: ['ALL=(ALL) NOPASSWD:ALL']
                groups: sudo
                shell: /bin/bash
                chpasswd: { expire: False }
                lock-passwd: false
            chpasswd:
                list: |
                    {{ sysuser }}:{{ password }}
                expire: False
        EOT -> null
      - cloud_init    = true -> null
      - disks         = [
          - 544,
          - 470,
        ] -> null
      - from_template = 2 -> null
      - has_agent     = false -> null
      - id            = "260" -> null
      - ipv4          = "None" -> null
      - ipv6          = "None" -> null
      - max_ram_size  = 128 -> null
      - name          = "vm pool 48" -> null
      - num_cores     = 1 -> null
      - owner         = 1 -> null
      - priority      = 30 -> null
      - pw            = "DClII28cT7" -> null
      - ram_size      = 128 -> null
      - status        = "RUNNING" -> null
      - system        = "ubuntu" -> null
      - vlans         = [] -> null
    }

  # circle3_vm.for_each_users["49"] will be destroyed
  - resource "circle3_vm" "for_each_users" {
      - arch          = "x86_64" -> null
      - ci_meta_data  = <<-EOT
            instance-id: {{ hostname }} 
            local-hostname: {{ hostname }} 
            cloud-name: circle3
            platform: circle3
        EOT -> null
      - ci_user_data  = <<-EOT
            #cloud-config
            
            ssh_pwauth: 1
            
            users:
              - name: {{ sysuser }} 
                sudo: ['ALL=(ALL) NOPASSWD:ALL']
                groups: sudo
                shell: /bin/bash
                chpasswd: { expire: False }
                lock-passwd: false
            chpasswd:
                list: |
                    {{ sysuser }}:{{ password }}
                expire: False
        EOT -> null
      - cloud_init    = true -> null
      - disks         = [
          - 513,
          - 436,
        ] -> null
      - from_template = 2 -> null
      - has_agent     = false -> null
      - id            = "230" -> null
      - ipv4          = "None" -> null
      - ipv6          = "None" -> null
      - max_ram_size  = 128 -> null
      - name          = "vm pool 49" -> null
      - num_cores     = 1 -> null
      - owner         = 1 -> null
      - priority      = 30 -> null
      - pw            = "uhjMS9AcKF" -> null
      - ram_size      = 128 -> null
      - status        = "RUNNING" -> null
      - system        = "ubuntu" -> null
      - vlans         = [] -> null
    }

  # circle3_vm.for_each_users["5"] will be destroyed
  - resource "circle3_vm" "for_each_users" {
      - arch          = "x86_64" -> null
      - ci_meta_data  = <<-EOT
            instance-id: {{ hostname }} 
            local-hostname: {{ hostname }} 
            cloud-name: circle3
            platform: circle3
        EOT -> null
      - ci_user_data  = <<-EOT
            #cloud-config
            
            ssh_pwauth: 1
            
            users:
              - name: {{ sysuser }} 
                sudo: ['ALL=(ALL) NOPASSWD:ALL']
                groups: sudo
                shell: /bin/bash
                chpasswd: { expire: False }
                lock-passwd: false
            chpasswd:
                list: |
                    {{ sysuser }}:{{ password }}
                expire: False
        EOT -> null
      - cloud_init    = true -> null
      - disks         = [
          - 491,
          - 418,
        ] -> null
      - from_template = 2 -> null
      - has_agent     = false -> null
      - id            = "215" -> null
      - ipv4          = "None" -> null
      - ipv6          = "None" -> null
      - max_ram_size  = 128 -> null
      - name          = "vm pool 5" -> null
      - num_cores     = 1 -> null
      - owner         = 1 -> null
      - priority      = 30 -> null
      - pw            = "VWj6N8SEDE" -> null
      - ram_size      = 128 -> null
      - status        = "RUNNING" -> null
      - system        = "ubuntu" -> null
      - vlans         = [] -> null
    }

  # circle3_vm.for_each_users["50"] will be destroyed
  - resource "circle3_vm" "for_each_users" {
      - arch          = "x86_64" -> null
      - ci_meta_data  = <<-EOT
            instance-id: {{ hostname }} 
            local-hostname: {{ hostname }} 
            cloud-name: circle3
            platform: circle3
        EOT -> null
      - ci_user_data  = <<-EOT
            #cloud-config
            
            ssh_pwauth: 1
            
            users:
              - name: {{ sysuser }} 
                sudo: ['ALL=(ALL) NOPASSWD:ALL']
                groups: sudo
                shell: /bin/bash
                chpasswd: { expire: False }
                lock-passwd: false
            chpasswd:
                list: |
                    {{ sysuser }}:{{ password }}
                expire: False
        EOT -> null
      - cloud_init    = true -> null
      - disks         = [
          - 504,
          - 428,
        ] -> null
      - from_template = 2 -> null
      - has_agent     = false -> null
      - id            = "220" -> null
      - ipv4          = "None" -> null
      - ipv6          = "None" -> null
      - max_ram_size  = 128 -> null
      - name          = "vm pool 50" -> null
      - num_cores     = 1 -> null
      - owner         = 1 -> null
      - priority      = 30 -> null
      - pw            = "OC9JO7vS1W" -> null
      - ram_size      = 128 -> null
      - status        = "RUNNING" -> null
      - system        = "ubuntu" -> null
      - vlans         = [] -> null
    }

  # circle3_vm.for_each_users["51"] will be destroyed
  - resource "circle3_vm" "for_each_users" {
      - arch          = "x86_64" -> null
      - ci_meta_data  = <<-EOT
            instance-id: {{ hostname }} 
            local-hostname: {{ hostname }} 
            cloud-name: circle3
            platform: circle3
        EOT -> null
      - ci_user_data  = <<-EOT
            #cloud-config
            
            ssh_pwauth: 1
            
            users:
              - name: {{ sysuser }} 
                sudo: ['ALL=(ALL) NOPASSWD:ALL']
                groups: sudo
                shell: /bin/bash
                chpasswd: { expire: False }
                lock-passwd: false
            chpasswd:
                list: |
                    {{ sysuser }}:{{ password }}
                expire: False
        EOT -> null
      - cloud_init    = true -> null
      - disks         = [
          - 501,
          - 423,
        ] -> null
      - from_template = 2 -> null
      - has_agent     = false -> null
      - id            = "217" -> null
      - ipv4          = "None" -> null
      - ipv6          = "None" -> null
      - max_ram_size  = 128 -> null
      - name          = "vm pool 51" -> null
      - num_cores     = 1 -> null
      - owner         = 1 -> null
      - priority      = 30 -> null
      - pw            = "jGxV9TOhb8" -> null
      - ram_size      = 128 -> null
      - status        = "RUNNING" -> null
      - system        = "ubuntu" -> null
      - vlans         = [] -> null
    }

  # circle3_vm.for_each_users["52"] will be destroyed
  - resource "circle3_vm" "for_each_users" {
      - arch          = "x86_64" -> null
      - ci_meta_data  = <<-EOT
            instance-id: {{ hostname }} 
            local-hostname: {{ hostname }} 
            cloud-name: circle3
            platform: circle3
        EOT -> null
      - ci_user_data  = <<-EOT
            #cloud-config
            
            ssh_pwauth: 1
            
            users:
              - name: {{ sysuser }} 
                sudo: ['ALL=(ALL) NOPASSWD:ALL']
                groups: sudo
                shell: /bin/bash
                chpasswd: { expire: False }
                lock-passwd: false
            chpasswd:
                list: |
                    {{ sysuser }}:{{ password }}
                expire: False
        EOT -> null
      - cloud_init    = true -> null
      - disks         = [
          - 514,
          - 439,
        ] -> null
      - from_template = 2 -> null
      - has_agent     = false -> null
      - id            = "234" -> null
      - ipv4          = "None" -> null
      - ipv6          = "None" -> null
      - max_ram_size  = 128 -> null
      - name          = "vm pool 52" -> null
      - num_cores     = 1 -> null
      - owner         = 1 -> null
      - priority      = 30 -> null
      - pw            = "t4QWBmOH2U" -> null
      - ram_size      = 128 -> null
      - status        = "RUNNING" -> null
      - system        = "ubuntu" -> null
      - vlans         = [] -> null
    }

  # circle3_vm.for_each_users["53"] will be destroyed
  - resource "circle3_vm" "for_each_users" {
      - arch          = "x86_64" -> null
      - ci_meta_data  = <<-EOT
            instance-id: {{ hostname }} 
            local-hostname: {{ hostname }} 
            cloud-name: circle3
            platform: circle3
        EOT -> null
      - ci_user_data  = <<-EOT
            #cloud-config
            
            ssh_pwauth: 1
            
            users:
              - name: {{ sysuser }} 
                sudo: ['ALL=(ALL) NOPASSWD:ALL']
                groups: sudo
                shell: /bin/bash
                chpasswd: { expire: False }
                lock-passwd: false
            chpasswd:
                list: |
                    {{ sysuser }}:{{ password }}
                expire: False
        EOT -> null
      - cloud_init    = true -> null
      - disks         = [
          - 519,
          - 442,
        ] -> null
      - from_template = 2 -> null
      - has_agent     = false -> null
      - id            = "236" -> null
      - ipv4          = "None" -> null
      - ipv6          = "None" -> null
      - max_ram_size  = 128 -> null
      - name          = "vm pool 53" -> null
      - num_cores     = 1 -> null
      - owner         = 1 -> null
      - priority      = 30 -> null
      - pw            = "LkvEGuKXLq" -> null
      - ram_size      = 128 -> null
      - status        = "RUNNING" -> null
      - system        = "ubuntu" -> null
      - vlans         = [] -> null
    }

  # circle3_vm.for_each_users["54"] will be destroyed
  - resource "circle3_vm" "for_each_users" {
      - arch          = "x86_64" -> null
      - ci_meta_data  = <<-EOT
            instance-id: {{ hostname }} 
            local-hostname: {{ hostname }} 
            cloud-name: circle3
            platform: circle3
        EOT -> null
      - ci_user_data  = <<-EOT
            #cloud-config
            
            ssh_pwauth: 1
            
            users:
              - name: {{ sysuser }} 
                sudo: ['ALL=(ALL) NOPASSWD:ALL']
                groups: sudo
                shell: /bin/bash
                chpasswd: { expire: False }
                lock-passwd: false
            chpasswd:
                list: |
                    {{ sysuser }}:{{ password }}
                expire: False
        EOT -> null
      - cloud_init    = true -> null
      - disks         = [
          - 503,
          - 426,
        ] -> null
      - from_template = 2 -> null
      - has_agent     = false -> null
      - id            = "222" -> null
      - ipv4          = "None" -> null
      - ipv6          = "None" -> null
      - max_ram_size  = 128 -> null
      - name          = "vm pool 54" -> null
      - num_cores     = 1 -> null
      - owner         = 1 -> null
      - priority      = 30 -> null
      - pw            = "vB8fh5h26E" -> null
      - ram_size      = 128 -> null
      - status        = "RUNNING" -> null
      - system        = "ubuntu" -> null
      - vlans         = [] -> null
    }

  # circle3_vm.for_each_users["55"] will be destroyed
  - resource "circle3_vm" "for_each_users" {
      - arch          = "x86_64" -> null
      - ci_meta_data  = <<-EOT
            instance-id: {{ hostname }} 
            local-hostname: {{ hostname }} 
            cloud-name: circle3
            platform: circle3
        EOT -> null
      - ci_user_data  = <<-EOT
            #cloud-config
            
            ssh_pwauth: 1
            
            users:
              - name: {{ sysuser }} 
                sudo: ['ALL=(ALL) NOPASSWD:ALL']
                groups: sudo
                shell: /bin/bash
                chpasswd: { expire: False }
                lock-passwd: false
            chpasswd:
                list: |
                    {{ sysuser }}:{{ password }}
                expire: False
        EOT -> null
      - cloud_init    = true -> null
      - disks         = [
          - 530,
          - 457,
        ] -> null
      - from_template = 2 -> null
      - has_agent     = false -> null
      - id            = "248" -> null
      - ipv4          = "None" -> null
      - ipv6          = "None" -> null
      - max_ram_size  = 128 -> null
      - name          = "vm pool 55" -> null
      - num_cores     = 1 -> null
      - owner         = 1 -> null
      - priority      = 30 -> null
      - pw            = "DJWgVkmgbJ" -> null
      - ram_size      = 128 -> null
      - status        = "RUNNING" -> null
      - system        = "ubuntu" -> null
      - vlans         = [] -> null
    }

  # circle3_vm.for_each_users["56"] will be destroyed
  - resource "circle3_vm" "for_each_users" {
      - arch          = "x86_64" -> null
      - ci_meta_data  = <<-EOT
            instance-id: {{ hostname }} 
            local-hostname: {{ hostname }} 
            cloud-name: circle3
            platform: circle3
        EOT -> null
      - ci_user_data  = <<-EOT
            #cloud-config
            
            ssh_pwauth: 1
            
            users:
              - name: {{ sysuser }} 
                sudo: ['ALL=(ALL) NOPASSWD:ALL']
                groups: sudo
                shell: /bin/bash
                chpasswd: { expire: False }
                lock-passwd: false
            chpasswd:
                list: |
                    {{ sysuser }}:{{ password }}
                expire: False
        EOT -> null
      - cloud_init    = true -> null
      - disks         = [
          - 494,
          - 411,
        ] -> null
      - from_template = 2 -> null
      - has_agent     = false -> null
      - id            = "208" -> null
      - ipv4          = "None" -> null
      - ipv6          = "None" -> null
      - max_ram_size  = 128 -> null
      - name          = "vm pool 56" -> null
      - num_cores     = 1 -> null
      - owner         = 1 -> null
      - priority      = 30 -> null
      - pw            = "ivTofRCOM8" -> null
      - ram_size      = 128 -> null
      - status        = "RUNNING" -> null
      - system        = "ubuntu" -> null
      - vlans         = [] -> null
    }

  # circle3_vm.for_each_users["57"] will be destroyed
  - resource "circle3_vm" "for_each_users" {
      - arch          = "x86_64" -> null
      - ci_meta_data  = <<-EOT
            instance-id: {{ hostname }} 
            local-hostname: {{ hostname }} 
            cloud-name: circle3
            platform: circle3
        EOT -> null
      - ci_user_data  = <<-EOT
            #cloud-config
            
            ssh_pwauth: 1
            
            users:
              - name: {{ sysuser }} 
                sudo: ['ALL=(ALL) NOPASSWD:ALL']
                groups: sudo
                shell: /bin/bash
                chpasswd: { expire: False }
                lock-passwd: false
            chpasswd:
                list: |
                    {{ sysuser }}:{{ password }}
                expire: False
        EOT -> null
      - cloud_init    = true -> null
      - disks         = [
          - 508,
          - 431,
        ] -> null
      - from_template = 2 -> null
      - has_agent     = false -> null
      - id            = "225" -> null
      - ipv4          = "None" -> null
      - ipv6          = "None" -> null
      - max_ram_size  = 128 -> null
      - name          = "vm pool 57" -> null
      - num_cores     = 1 -> null
      - owner         = 1 -> null
      - priority      = 30 -> null
      - pw            = "Xjkgit5H7X" -> null
      - ram_size      = 128 -> null
      - status        = "RUNNING" -> null
      - system        = "ubuntu" -> null
      - vlans         = [] -> null
    }

  # circle3_vm.for_each_users["58"] will be destroyed
  - resource "circle3_vm" "for_each_users" {
      - arch          = "x86_64" -> null
      - ci_meta_data  = <<-EOT
            instance-id: {{ hostname }} 
            local-hostname: {{ hostname }} 
            cloud-name: circle3
            platform: circle3
        EOT -> null
      - ci_user_data  = <<-EOT
            #cloud-config
            
            ssh_pwauth: 1
            
            users:
              - name: {{ sysuser }} 
                sudo: ['ALL=(ALL) NOPASSWD:ALL']
                groups: sudo
                shell: /bin/bash
                chpasswd: { expire: False }
                lock-passwd: false
            chpasswd:
                list: |
                    {{ sysuser }}:{{ password }}
                expire: False
        EOT -> null
      - cloud_init    = true -> null
      - disks         = [
          - 447,
          - 402,
        ] -> null
      - from_template = 2 -> null
      - has_agent     = false -> null
      - id            = "203" -> null
      - ipv4          = "None" -> null
      - ipv6          = "None" -> null
      - max_ram_size  = 128 -> null
      - name          = "vm pool 58" -> null
      - num_cores     = 1 -> null
      - owner         = 1 -> null
      - priority      = 30 -> null
      - pw            = "Qxj7fqno3H" -> null
      - ram_size      = 128 -> null
      - status        = "RUNNING" -> null
      - system        = "ubuntu" -> null
      - vlans         = [] -> null
    }

  # circle3_vm.for_each_users["59"] will be destroyed
  - resource "circle3_vm" "for_each_users" {
      - arch          = "x86_64" -> null
      - ci_meta_data  = <<-EOT
            instance-id: {{ hostname }} 
            local-hostname: {{ hostname }} 
            cloud-name: circle3
            platform: circle3
        EOT -> null
      - ci_user_data  = <<-EOT
            #cloud-config
            
            ssh_pwauth: 1
            
            users:
              - name: {{ sysuser }} 
                sudo: ['ALL=(ALL) NOPASSWD:ALL']
                groups: sudo
                shell: /bin/bash
                chpasswd: { expire: False }
                lock-passwd: false
            chpasswd:
                list: |
                    {{ sysuser }}:{{ password }}
                expire: False
        EOT -> null
      - cloud_init    = true -> null
      - disks         = [
          - 490,
          - 409,
        ] -> null
      - from_template = 2 -> null
      - has_agent     = false -> null
      - id            = "206" -> null
      - ipv4          = "None" -> null
      - ipv6          = "None" -> null
      - max_ram_size  = 128 -> null
      - name          = "vm pool 59" -> null
      - num_cores     = 1 -> null
      - owner         = 1 -> null
      - priority      = 30 -> null
      - pw            = "7HenrFXvEN" -> null
      - ram_size      = 128 -> null
      - status        = "RUNNING" -> null
      - system        = "ubuntu" -> null
      - vlans         = [] -> null
    }

  # circle3_vm.for_each_users["6"] will be destroyed
  - resource "circle3_vm" "for_each_users" {
      - arch          = "x86_64" -> null
      - ci_meta_data  = <<-EOT
            instance-id: {{ hostname }} 
            local-hostname: {{ hostname }} 
            cloud-name: circle3
            platform: circle3
        EOT -> null
      - ci_user_data  = <<-EOT
            #cloud-config
            
            ssh_pwauth: 1
            
            users:
              - name: {{ sysuser }} 
                sudo: ['ALL=(ALL) NOPASSWD:ALL']
                groups: sudo
                shell: /bin/bash
                chpasswd: { expire: False }
                lock-passwd: false
            chpasswd:
                list: |
                    {{ sysuser }}:{{ password }}
                expire: False
        EOT -> null
      - cloud_init    = true -> null
      - disks         = [
          - 533,
          - 460,
        ] -> null
      - from_template = 2 -> null
      - has_agent     = false -> null
      - id            = "251" -> null
      - ipv4          = "None" -> null
      - ipv6          = "None" -> null
      - max_ram_size  = 128 -> null
      - name          = "vm pool 6" -> null
      - num_cores     = 1 -> null
      - owner         = 1 -> null
      - priority      = 30 -> null
      - pw            = "odE5IKI518" -> null
      - ram_size      = 128 -> null
      - status        = "RUNNING" -> null
      - system        = "ubuntu" -> null
      - vlans         = [] -> null
    }

  # circle3_vm.for_each_users["60"] will be destroyed
  - resource "circle3_vm" "for_each_users" {
      - arch          = "x86_64" -> null
      - ci_meta_data  = <<-EOT
            instance-id: {{ hostname }} 
            local-hostname: {{ hostname }} 
            cloud-name: circle3
            platform: circle3
        EOT -> null
      - ci_user_data  = <<-EOT
            #cloud-config
            
            ssh_pwauth: 1
            
            users:
              - name: {{ sysuser }} 
                sudo: ['ALL=(ALL) NOPASSWD:ALL']
                groups: sudo
                shell: /bin/bash
                chpasswd: { expire: False }
                lock-passwd: false
            chpasswd:
                list: |
                    {{ sysuser }}:{{ password }}
                expire: False
        EOT -> null
      - cloud_init    = true -> null
      - disks         = [
          - 529,
          - 456,
        ] -> null
      - from_template = 2 -> null
      - has_agent     = false -> null
      - id            = "247" -> null
      - ipv4          = "None" -> null
      - ipv6          = "None" -> null
      - max_ram_size  = 128 -> null
      - name          = "vm pool 60" -> null
      - num_cores     = 1 -> null
      - owner         = 1 -> null
      - priority      = 30 -> null
      - pw            = "MbQ7cA4gGj" -> null
      - ram_size      = 128 -> null
      - status        = "RUNNING" -> null
      - system        = "ubuntu" -> null
      - vlans         = [] -> null
    }

  # circle3_vm.for_each_users["61"] will be destroyed
  - resource "circle3_vm" "for_each_users" {
      - arch          = "x86_64" -> null
      - ci_meta_data  = <<-EOT
            instance-id: {{ hostname }} 
            local-hostname: {{ hostname }} 
            cloud-name: circle3
            platform: circle3
        EOT -> null
      - ci_user_data  = <<-EOT
            #cloud-config
            
            ssh_pwauth: 1
            
            users:
              - name: {{ sysuser }} 
                sudo: ['ALL=(ALL) NOPASSWD:ALL']
                groups: sudo
                shell: /bin/bash
                chpasswd: { expire: False }
                lock-passwd: false
            chpasswd:
                list: |
                    {{ sysuser }}:{{ password }}
                expire: False
        EOT -> null
      - cloud_init    = true -> null
      - disks         = [
          - 444,
          - 403,
        ] -> null
      - from_template = 2 -> null
      - has_agent     = false -> null
      - id            = "204" -> null
      - ipv4          = "None" -> null
      - ipv6          = "None" -> null
      - max_ram_size  = 128 -> null
      - name          = "vm pool 61" -> null
      - num_cores     = 1 -> null
      - owner         = 1 -> null
      - priority      = 30 -> null
      - pw            = "1IN6D3KwL7" -> null
      - ram_size      = 128 -> null
      - status        = "RUNNING" -> null
      - system        = "ubuntu" -> null
      - vlans         = [] -> null
    }

  # circle3_vm.for_each_users["62"] will be destroyed
  - resource "circle3_vm" "for_each_users" {
      - arch          = "x86_64" -> null
      - ci_meta_data  = <<-EOT
            instance-id: {{ hostname }} 
            local-hostname: {{ hostname }} 
            cloud-name: circle3
            platform: circle3
        EOT -> null
      - ci_user_data  = <<-EOT
            #cloud-config
            
            ssh_pwauth: 1
            
            users:
              - name: {{ sysuser }} 
                sudo: ['ALL=(ALL) NOPASSWD:ALL']
                groups: sudo
                shell: /bin/bash
                chpasswd: { expire: False }
                lock-passwd: false
            chpasswd:
                list: |
                    {{ sysuser }}:{{ password }}
                expire: False
        EOT -> null
      - cloud_init    = true -> null
      - disks         = [
          - 518,
          - 441,
        ] -> null
      - from_template = 2 -> null
      - has_agent     = false -> null
      - id            = "235" -> null
      - ipv4          = "None" -> null
      - ipv6          = "None" -> null
      - max_ram_size  = 128 -> null
      - name          = "vm pool 62" -> null
      - num_cores     = 1 -> null
      - owner         = 1 -> null
      - priority      = 30 -> null
      - pw            = "fQu3dOO6xK" -> null
      - ram_size      = 128 -> null
      - status        = "RUNNING" -> null
      - system        = "ubuntu" -> null
      - vlans         = [] -> null
    }

  # circle3_vm.for_each_users["63"] will be destroyed
  - resource "circle3_vm" "for_each_users" {
      - arch          = "x86_64" -> null
      - ci_meta_data  = <<-EOT
            instance-id: {{ hostname }} 
            local-hostname: {{ hostname }} 
            cloud-name: circle3
            platform: circle3
        EOT -> null
      - ci_user_data  = <<-EOT
            #cloud-config
            
            ssh_pwauth: 1
            
            users:
              - name: {{ sysuser }} 
                sudo: ['ALL=(ALL) NOPASSWD:ALL']
                groups: sudo
                shell: /bin/bash
                chpasswd: { expire: False }
                lock-passwd: false
            chpasswd:
                list: |
                    {{ sysuser }}:{{ password }}
                expire: False
        EOT -> null
      - cloud_init    = true -> null
      - disks         = [
          - 536,
          - 463,
        ] -> null
      - from_template = 2 -> null
      - has_agent     = false -> null
      - id            = "253" -> null
      - ipv4          = "None" -> null
      - ipv6          = "None" -> null
      - max_ram_size  = 128 -> null
      - name          = "vm pool 63" -> null
      - num_cores     = 1 -> null
      - owner         = 1 -> null
      - priority      = 30 -> null
      - pw            = "fHvPpbTgvB" -> null
      - ram_size      = 128 -> null
      - status        = "RUNNING" -> null
      - system        = "ubuntu" -> null
      - vlans         = [] -> null
    }

  # circle3_vm.for_each_users["64"] will be destroyed
  - resource "circle3_vm" "for_each_users" {
      - arch          = "x86_64" -> null
      - ci_meta_data  = <<-EOT
            instance-id: {{ hostname }} 
            local-hostname: {{ hostname }} 
            cloud-name: circle3
            platform: circle3
        EOT -> null
      - ci_user_data  = <<-EOT
            #cloud-config
            
            ssh_pwauth: 1
            
            users:
              - name: {{ sysuser }} 
                sudo: ['ALL=(ALL) NOPASSWD:ALL']
                groups: sudo
                shell: /bin/bash
                chpasswd: { expire: False }
                lock-passwd: false
            chpasswd:
                list: |
                    {{ sysuser }}:{{ password }}
                expire: False
        EOT -> null
      - cloud_init    = true -> null
      - disks         = [
          - 537,
          - 461,
        ] -> null
      - from_template = 2 -> null
      - has_agent     = false -> null
      - id            = "254" -> null
      - ipv4          = "None" -> null
      - ipv6          = "None" -> null
      - max_ram_size  = 128 -> null
      - name          = "vm pool 64" -> null
      - num_cores     = 1 -> null
      - owner         = 1 -> null
      - priority      = 30 -> null
      - pw            = "BoTE5KIcc9" -> null
      - ram_size      = 128 -> null
      - status        = "RUNNING" -> null
      - system        = "ubuntu" -> null
      - vlans         = [] -> null
    }

  # circle3_vm.for_each_users["65"] will be destroyed
  - resource "circle3_vm" "for_each_users" {
      - arch          = "x86_64" -> null
      - ci_meta_data  = <<-EOT
            instance-id: {{ hostname }} 
            local-hostname: {{ hostname }} 
            cloud-name: circle3
            platform: circle3
        EOT -> null
      - ci_user_data  = <<-EOT
            #cloud-config
            
            ssh_pwauth: 1
            
            users:
              - name: {{ sysuser }} 
                sudo: ['ALL=(ALL) NOPASSWD:ALL']
                groups: sudo
                shell: /bin/bash
                chpasswd: { expire: False }
                lock-passwd: false
            chpasswd:
                list: |
                    {{ sysuser }}:{{ password }}
                expire: False
        EOT -> null
      - cloud_init    = true -> null
      - disks         = [
          - 502,
          - 425,
        ] -> null
      - from_template = 2 -> null
      - has_agent     = false -> null
      - id            = "223" -> null
      - ipv4          = "None" -> null
      - ipv6          = "None" -> null
      - max_ram_size  = 128 -> null
      - name          = "vm pool 65" -> null
      - num_cores     = 1 -> null
      - owner         = 1 -> null
      - priority      = 30 -> null
      - pw            = "mMFcuqdRW1" -> null
      - ram_size      = 128 -> null
      - status        = "RUNNING" -> null
      - system        = "ubuntu" -> null
      - vlans         = [] -> null
    }

  # circle3_vm.for_each_users["66"] will be destroyed
  - resource "circle3_vm" "for_each_users" {
      - arch          = "x86_64" -> null
      - ci_meta_data  = <<-EOT
            instance-id: {{ hostname }} 
            local-hostname: {{ hostname }} 
            cloud-name: circle3
            platform: circle3
        EOT -> null
      - ci_user_data  = <<-EOT
            #cloud-config
            
            ssh_pwauth: 1
            
            users:
              - name: {{ sysuser }} 
                sudo: ['ALL=(ALL) NOPASSWD:ALL']
                groups: sudo
                shell: /bin/bash
                chpasswd: { expire: False }
                lock-passwd: false
            chpasswd:
                list: |
                    {{ sysuser }}:{{ password }}
                expire: False
        EOT -> null
      - cloud_init    = true -> null
      - disks         = [
          - 506,
          - 427,
        ] -> null
      - from_template = 2 -> null
      - has_agent     = false -> null
      - id            = "221" -> null
      - ipv4          = "None" -> null
      - ipv6          = "None" -> null
      - max_ram_size  = 128 -> null
      - name          = "vm pool 66" -> null
      - num_cores     = 1 -> null
      - owner         = 1 -> null
      - priority      = 30 -> null
      - pw            = "mC6o5BGaIr" -> null
      - ram_size      = 128 -> null
      - status        = "RUNNING" -> null
      - system        = "ubuntu" -> null
      - vlans         = [] -> null
    }

  # circle3_vm.for_each_users["67"] will be destroyed
  - resource "circle3_vm" "for_each_users" {
      - arch          = "x86_64" -> null
      - ci_meta_data  = <<-EOT
            instance-id: {{ hostname }} 
            local-hostname: {{ hostname }} 
            cloud-name: circle3
            platform: circle3
        EOT -> null
      - ci_user_data  = <<-EOT
            #cloud-config
            
            ssh_pwauth: 1
            
            users:
              - name: {{ sysuser }} 
                sudo: ['ALL=(ALL) NOPASSWD:ALL']
                groups: sudo
                shell: /bin/bash
                chpasswd: { expire: False }
                lock-passwd: false
            chpasswd:
                list: |
                    {{ sysuser }}:{{ password }}
                expire: False
        EOT -> null
      - cloud_init    = true -> null
      - disks         = [
          - 525,
          - 451,
        ] -> null
      - from_template = 2 -> null
      - has_agent     = false -> null
      - id            = "242" -> null
      - ipv4          = "None" -> null
      - ipv6          = "None" -> null
      - max_ram_size  = 128 -> null
      - name          = "vm pool 67" -> null
      - num_cores     = 1 -> null
      - owner         = 1 -> null
      - priority      = 30 -> null
      - pw            = "SXw22Apv8x" -> null
      - ram_size      = 128 -> null
      - status        = "RUNNING" -> null
      - system        = "ubuntu" -> null
      - vlans         = [] -> null
    }

  # circle3_vm.for_each_users["68"] will be destroyed
  - resource "circle3_vm" "for_each_users" {
      - arch          = "x86_64" -> null
      - ci_meta_data  = <<-EOT
            instance-id: {{ hostname }} 
            local-hostname: {{ hostname }} 
            cloud-name: circle3
            platform: circle3
        EOT -> null
      - ci_user_data  = <<-EOT
            #cloud-config
            
            ssh_pwauth: 1
            
            users:
              - name: {{ sysuser }} 
                sudo: ['ALL=(ALL) NOPASSWD:ALL']
                groups: sudo
                shell: /bin/bash
                chpasswd: { expire: False }
                lock-passwd: false
            chpasswd:
                list: |
                    {{ sysuser }}:{{ password }}
                expire: False
        EOT -> null
      - cloud_init    = true -> null
      - disks         = [
          - 510,
          - 433,
        ] -> null
      - from_template = 2 -> null
      - has_agent     = false -> null
      - id            = "227" -> null
      - ipv4          = "None" -> null
      - ipv6          = "None" -> null
      - max_ram_size  = 128 -> null
      - name          = "vm pool 68" -> null
      - num_cores     = 1 -> null
      - owner         = 1 -> null
      - priority      = 30 -> null
      - pw            = "7NWPgqqs6w" -> null
      - ram_size      = 128 -> null
      - status        = "RUNNING" -> null
      - system        = "ubuntu" -> null
      - vlans         = [] -> null
    }

  # circle3_vm.for_each_users["69"] will be destroyed
  - resource "circle3_vm" "for_each_users" {
      - arch          = "x86_64" -> null
      - ci_meta_data  = <<-EOT
            instance-id: {{ hostname }} 
            local-hostname: {{ hostname }} 
            cloud-name: circle3
            platform: circle3
        EOT -> null
      - ci_user_data  = <<-EOT
            #cloud-config
            
            ssh_pwauth: 1
            
            users:
              - name: {{ sysuser }} 
                sudo: ['ALL=(ALL) NOPASSWD:ALL']
                groups: sudo
                shell: /bin/bash
                chpasswd: { expire: False }
                lock-passwd: false
            chpasswd:
                list: |
                    {{ sysuser }}:{{ password }}
                expire: False
        EOT -> null
      - cloud_init    = true -> null
      - disks         = [
          - 538,
          - 464,
        ] -> null
      - from_template = 2 -> null
      - has_agent     = false -> null
      - id            = "255" -> null
      - ipv4          = "None" -> null
      - ipv6          = "None" -> null
      - max_ram_size  = 128 -> null
      - name          = "vm pool 69" -> null
      - num_cores     = 1 -> null
      - owner         = 1 -> null
      - priority      = 30 -> null
      - pw            = "oJSoPcOugt" -> null
      - ram_size      = 128 -> null
      - status        = "RUNNING" -> null
      - system        = "ubuntu" -> null
      - vlans         = [] -> null
    }

  # circle3_vm.for_each_users["7"] will be destroyed
  - resource "circle3_vm" "for_each_users" {
      - arch          = "x86_64" -> null
      - ci_meta_data  = <<-EOT
            instance-id: {{ hostname }} 
            local-hostname: {{ hostname }} 
            cloud-name: circle3
            platform: circle3
        EOT -> null
      - ci_user_data  = <<-EOT
            #cloud-config
            
            ssh_pwauth: 1
            
            users:
              - name: {{ sysuser }} 
                sudo: ['ALL=(ALL) NOPASSWD:ALL']
                groups: sudo
                shell: /bin/bash
                chpasswd: { expire: False }
                lock-passwd: false
            chpasswd:
                list: |
                    {{ sysuser }}:{{ password }}
                expire: False
        EOT -> null
      - cloud_init    = true -> null
      - disks         = [
          - 534,
          - 458,
        ] -> null
      - from_template = 2 -> null
      - has_agent     = false -> null
      - id            = "250" -> null
      - ipv4          = "None" -> null
      - ipv6          = "None" -> null
      - max_ram_size  = 128 -> null
      - name          = "vm pool 7" -> null
      - num_cores     = 1 -> null
      - owner         = 1 -> null
      - priority      = 30 -> null
      - pw            = "X2Jg6ULbOQ" -> null
      - ram_size      = 128 -> null
      - status        = "RUNNING" -> null
      - system        = "ubuntu" -> null
      - vlans         = [] -> null
    }

  # circle3_vm.for_each_users["70"] will be destroyed
  - resource "circle3_vm" "for_each_users" {
      - arch          = "x86_64" -> null
      - ci_meta_data  = <<-EOT
            instance-id: {{ hostname }} 
            local-hostname: {{ hostname }} 
            cloud-name: circle3
            platform: circle3
        EOT -> null
      - ci_user_data  = <<-EOT
            #cloud-config
            
            ssh_pwauth: 1
            
            users:
              - name: {{ sysuser }} 
                sudo: ['ALL=(ALL) NOPASSWD:ALL']
                groups: sudo
                shell: /bin/bash
                chpasswd: { expire: False }
                lock-passwd: false
            chpasswd:
                list: |
                    {{ sysuser }}:{{ password }}
                expire: False
        EOT -> null
      - cloud_init    = true -> null
      - disks         = [
          - 509,
          - 432,
        ] -> null
      - from_template = 2 -> null
      - has_agent     = false -> null
      - id            = "226" -> null
      - ipv4          = "None" -> null
      - ipv6          = "None" -> null
      - max_ram_size  = 128 -> null
      - name          = "vm pool 70" -> null
      - num_cores     = 1 -> null
      - owner         = 1 -> null
      - priority      = 30 -> null
      - pw            = "LlgWlAQwqB" -> null
      - ram_size      = 128 -> null
      - status        = "RUNNING" -> null
      - system        = "ubuntu" -> null
      - vlans         = [] -> null
    }

  # circle3_vm.for_each_users["71"] will be destroyed
  - resource "circle3_vm" "for_each_users" {
      - arch          = "x86_64" -> null
      - ci_meta_data  = <<-EOT
            instance-id: {{ hostname }} 
            local-hostname: {{ hostname }} 
            cloud-name: circle3
            platform: circle3
        EOT -> null
      - ci_user_data  = <<-EOT
            #cloud-config
            
            ssh_pwauth: 1
            
            users:
              - name: {{ sysuser }} 
                sudo: ['ALL=(ALL) NOPASSWD:ALL']
                groups: sudo
                shell: /bin/bash
                chpasswd: { expire: False }
                lock-passwd: false
            chpasswd:
                list: |
                    {{ sysuser }}:{{ password }}
                expire: False
        EOT -> null
      - cloud_init    = true -> null
      - disks         = [
          - 517,
          - 440,
        ] -> null
      - from_template = 2 -> null
      - has_agent     = false -> null
      - id            = "233" -> null
      - ipv4          = "None" -> null
      - ipv6          = "None" -> null
      - max_ram_size  = 128 -> null
      - name          = "vm pool 71" -> null
      - num_cores     = 1 -> null
      - owner         = 1 -> null
      - priority      = 30 -> null
      - pw            = "dLrKGMkwcR" -> null
      - ram_size      = 128 -> null
      - status        = "RUNNING" -> null
      - system        = "ubuntu" -> null
      - vlans         = [] -> null
    }

  # circle3_vm.for_each_users["72"] will be destroyed
  - resource "circle3_vm" "for_each_users" {
      - arch          = "x86_64" -> null
      - ci_meta_data  = <<-EOT
            instance-id: {{ hostname }} 
            local-hostname: {{ hostname }} 
            cloud-name: circle3
            platform: circle3
        EOT -> null
      - ci_user_data  = <<-EOT
            #cloud-config
            
            ssh_pwauth: 1
            
            users:
              - name: {{ sysuser }} 
                sudo: ['ALL=(ALL) NOPASSWD:ALL']
                groups: sudo
                shell: /bin/bash
                chpasswd: { expire: False }
                lock-passwd: false
            chpasswd:
                list: |
                    {{ sysuser }}:{{ password }}
                expire: False
        EOT -> null
      - cloud_init    = true -> null
      - disks         = [
          - 512,
          - 437,
        ] -> null
      - from_template = 2 -> null
      - has_agent     = false -> null
      - id            = "231" -> null
      - ipv4          = "None" -> null
      - ipv6          = "None" -> null
      - max_ram_size  = 128 -> null
      - name          = "vm pool 72" -> null
      - num_cores     = 1 -> null
      - owner         = 1 -> null
      - priority      = 30 -> null
      - pw            = "SUS3n8bjoN" -> null
      - ram_size      = 128 -> null
      - status        = "RUNNING" -> null
      - system        = "ubuntu" -> null
      - vlans         = [] -> null
    }

  # circle3_vm.for_each_users["73"] will be destroyed
  - resource "circle3_vm" "for_each_users" {
      - arch          = "x86_64" -> null
      - ci_meta_data  = <<-EOT
            instance-id: {{ hostname }} 
            local-hostname: {{ hostname }} 
            cloud-name: circle3
            platform: circle3
        EOT -> null
      - ci_user_data  = <<-EOT
            #cloud-config
            
            ssh_pwauth: 1
            
            users:
              - name: {{ sysuser }} 
                sudo: ['ALL=(ALL) NOPASSWD:ALL']
                groups: sudo
                shell: /bin/bash
                chpasswd: { expire: False }
                lock-passwd: false
            chpasswd:
                list: |
                    {{ sysuser }}:{{ password }}
                expire: False
        EOT -> null
      - cloud_init    = true -> null
      - disks         = [
          - 520,
          - 445,
        ] -> null
      - from_template = 2 -> null
      - has_agent     = false -> null
      - id            = "238" -> null
      - ipv4          = "None" -> null
      - ipv6          = "None" -> null
      - max_ram_size  = 128 -> null
      - name          = "vm pool 73" -> null
      - num_cores     = 1 -> null
      - owner         = 1 -> null
      - priority      = 30 -> null
      - pw            = "x3ej4m5Ebq" -> null
      - ram_size      = 128 -> null
      - status        = "RUNNING" -> null
      - system        = "ubuntu" -> null
      - vlans         = [] -> null
    }

  # circle3_vm.for_each_users["74"] will be destroyed
  - resource "circle3_vm" "for_each_users" {
      - arch          = "x86_64" -> null
      - ci_meta_data  = <<-EOT
            instance-id: {{ hostname }} 
            local-hostname: {{ hostname }} 
            cloud-name: circle3
            platform: circle3
        EOT -> null
      - ci_user_data  = <<-EOT
            #cloud-config
            
            ssh_pwauth: 1
            
            users:
              - name: {{ sysuser }} 
                sudo: ['ALL=(ALL) NOPASSWD:ALL']
                groups: sudo
                shell: /bin/bash
                chpasswd: { expire: False }
                lock-passwd: false
            chpasswd:
                list: |
                    {{ sysuser }}:{{ password }}
                expire: False
        EOT -> null
      - cloud_init    = true -> null
      - disks         = [
          - 523,
          - 449,
        ] -> null
      - from_template = 2 -> null
      - has_agent     = false -> null
      - id            = "241" -> null
      - ipv4          = "None" -> null
      - ipv6          = "None" -> null
      - max_ram_size  = 128 -> null
      - name          = "vm pool 74" -> null
      - num_cores     = 1 -> null
      - owner         = 1 -> null
      - priority      = 30 -> null
      - pw            = "6CVNoRMaOL" -> null
      - ram_size      = 128 -> null
      - status        = "RUNNING" -> null
      - system        = "ubuntu" -> null
      - vlans         = [] -> null
    }

  # circle3_vm.for_each_users["75"] will be destroyed
  - resource "circle3_vm" "for_each_users" {
      - arch          = "x86_64" -> null
      - ci_meta_data  = <<-EOT
            instance-id: {{ hostname }} 
            local-hostname: {{ hostname }} 
            cloud-name: circle3
            platform: circle3
        EOT -> null
      - ci_user_data  = <<-EOT
            #cloud-config
            
            ssh_pwauth: 1
            
            users:
              - name: {{ sysuser }} 
                sudo: ['ALL=(ALL) NOPASSWD:ALL']
                groups: sudo
                shell: /bin/bash
                chpasswd: { expire: False }
                lock-passwd: false
            chpasswd:
                list: |
                    {{ sysuser }}:{{ password }}
                expire: False
        EOT -> null
      - cloud_init    = true -> null
      - disks         = [
          - 526,
          - 453,
        ] -> null
      - from_template = 2 -> null
      - has_agent     = false -> null
      - id            = "244" -> null
      - ipv4          = "None" -> null
      - ipv6          = "None" -> null
      - max_ram_size  = 128 -> null
      - name          = "vm pool 75" -> null
      - num_cores     = 1 -> null
      - owner         = 1 -> null
      - priority      = 30 -> null
      - pw            = "8TX2LMA15X" -> null
      - ram_size      = 128 -> null
      - status        = "RUNNING" -> null
      - system        = "ubuntu" -> null
      - vlans         = [] -> null
    }

  # circle3_vm.for_each_users["76"] will be destroyed
  - resource "circle3_vm" "for_each_users" {
      - arch          = "x86_64" -> null
      - ci_meta_data  = <<-EOT
            instance-id: {{ hostname }} 
            local-hostname: {{ hostname }} 
            cloud-name: circle3
            platform: circle3
        EOT -> null
      - ci_user_data  = <<-EOT
            #cloud-config
            
            ssh_pwauth: 1
            
            users:
              - name: {{ sysuser }} 
                sudo: ['ALL=(ALL) NOPASSWD:ALL']
                groups: sudo
                shell: /bin/bash
                chpasswd: { expire: False }
                lock-passwd: false
            chpasswd:
                list: |
                    {{ sysuser }}:{{ password }}
                expire: False
        EOT -> null
      - cloud_init    = true -> null
      - disks         = [
          - 543,
          - 469,
        ] -> null
      - from_template = 2 -> null
      - has_agent     = false -> null
      - id            = "261" -> null
      - ipv4          = "None" -> null
      - ipv6          = "None" -> null
      - max_ram_size  = 128 -> null
      - name          = "vm pool 76" -> null
      - num_cores     = 1 -> null
      - owner         = 1 -> null
      - priority      = 30 -> null
      - pw            = "KbmUXqu8cs" -> null
      - ram_size      = 128 -> null
      - status        = "RUNNING" -> null
      - system        = "ubuntu" -> null
      - vlans         = [] -> null
    }

  # circle3_vm.for_each_users["77"] will be destroyed
  - resource "circle3_vm" "for_each_users" {
      - arch          = "x86_64" -> null
      - ci_meta_data  = <<-EOT
            instance-id: {{ hostname }} 
            local-hostname: {{ hostname }} 
            cloud-name: circle3
            platform: circle3
        EOT -> null
      - ci_user_data  = <<-EOT
            #cloud-config
            
            ssh_pwauth: 1
            
            users:
              - name: {{ sysuser }} 
                sudo: ['ALL=(ALL) NOPASSWD:ALL']
                groups: sudo
                shell: /bin/bash
                chpasswd: { expire: False }
                lock-passwd: false
            chpasswd:
                list: |
                    {{ sysuser }}:{{ password }}
                expire: False
        EOT -> null
      - cloud_init    = true -> null
      - disks         = [
          - 532,
          - 459,
        ] -> null
      - from_template = 2 -> null
      - has_agent     = false -> null
      - id            = "249" -> null
      - ipv4          = "None" -> null
      - ipv6          = "None" -> null
      - max_ram_size  = 128 -> null
      - name          = "vm pool 77" -> null
      - num_cores     = 1 -> null
      - owner         = 1 -> null
      - priority      = 30 -> null
      - pw            = "squqqL2i5H" -> null
      - ram_size      = 128 -> null
      - status        = "RUNNING" -> null
      - system        = "ubuntu" -> null
      - vlans         = [] -> null
    }

  # circle3_vm.for_each_users["78"] will be destroyed
  - resource "circle3_vm" "for_each_users" {
      - arch          = "x86_64" -> null
      - ci_meta_data  = <<-EOT
            instance-id: {{ hostname }} 
            local-hostname: {{ hostname }} 
            cloud-name: circle3
            platform: circle3
        EOT -> null
      - ci_user_data  = <<-EOT
            #cloud-config
            
            ssh_pwauth: 1
            
            users:
              - name: {{ sysuser }} 
                sudo: ['ALL=(ALL) NOPASSWD:ALL']
                groups: sudo
                shell: /bin/bash
                chpasswd: { expire: False }
                lock-passwd: false
            chpasswd:
                list: |
                    {{ sysuser }}:{{ password }}
                expire: False
        EOT -> null
      - cloud_init    = true -> null
      - disks         = [
          - 516,
          - 438,
        ] -> null
      - from_template = 2 -> null
      - has_agent     = false -> null
      - id            = "232" -> null
      - ipv4          = "None" -> null
      - ipv6          = "None" -> null
      - max_ram_size  = 128 -> null
      - name          = "vm pool 78" -> null
      - num_cores     = 1 -> null
      - owner         = 1 -> null
      - priority      = 30 -> null
      - pw            = "1n4uNXbF8p" -> null
      - ram_size      = 128 -> null
      - status        = "RUNNING" -> null
      - system        = "ubuntu" -> null
      - vlans         = [] -> null
    }

  # circle3_vm.for_each_users["79"] will be destroyed
  - resource "circle3_vm" "for_each_users" {
      - arch          = "x86_64" -> null
      - ci_meta_data  = <<-EOT
            instance-id: {{ hostname }} 
            local-hostname: {{ hostname }} 
            cloud-name: circle3
            platform: circle3
        EOT -> null
      - ci_user_data  = <<-EOT
            #cloud-config
            
            ssh_pwauth: 1
            
            users:
              - name: {{ sysuser }} 
                sudo: ['ALL=(ALL) NOPASSWD:ALL']
                groups: sudo
                shell: /bin/bash
                chpasswd: { expire: False }
                lock-passwd: false
            chpasswd:
                list: |
                    {{ sysuser }}:{{ password }}
                expire: False
        EOT -> null
      - cloud_init    = true -> null
      - disks         = [
          - 476,
          - 404,
        ] -> null
      - from_template = 2 -> null
      - has_agent     = false -> null
      - id            = "201" -> null
      - ipv4          = "None" -> null
      - ipv6          = "None" -> null
      - max_ram_size  = 128 -> null
      - name          = "vm pool 79" -> null
      - num_cores     = 1 -> null
      - owner         = 1 -> null
      - priority      = 30 -> null
      - pw            = "5qVaPXkSX9" -> null
      - ram_size      = 128 -> null
      - status        = "RUNNING" -> null
      - system        = "ubuntu" -> null
      - vlans         = [] -> null
    }

  # circle3_vm.for_each_users["8"] will be destroyed
  - resource "circle3_vm" "for_each_users" {
      - arch          = "x86_64" -> null
      - ci_meta_data  = <<-EOT
            instance-id: {{ hostname }} 
            local-hostname: {{ hostname }} 
            cloud-name: circle3
            platform: circle3
        EOT -> null
      - ci_user_data  = <<-EOT
            #cloud-config
            
            ssh_pwauth: 1
            
            users:
              - name: {{ sysuser }} 
                sudo: ['ALL=(ALL) NOPASSWD:ALL']
                groups: sudo
                shell: /bin/bash
                chpasswd: { expire: False }
                lock-passwd: false
            chpasswd:
                list: |
                    {{ sysuser }}:{{ password }}
                expire: False
        EOT -> null
      - cloud_init    = true -> null
      - disks         = [
          - 553,
          - 483,
        ] -> null
      - from_template = 2 -> null
      - has_agent     = false -> null
      - id            = "271" -> null
      - ipv4          = "None" -> null
      - ipv6          = "None" -> null
      - max_ram_size  = 128 -> null
      - name          = "vm pool 8" -> null
      - num_cores     = 1 -> null
      - owner         = 1 -> null
      - priority      = 30 -> null
      - pw            = "3onbApDx6T" -> null
      - ram_size      = 128 -> null
      - status        = "RUNNING" -> null
      - system        = "ubuntu" -> null
      - vlans         = [] -> null
    }

  # circle3_vm.for_each_users["80"] will be destroyed
  - resource "circle3_vm" "for_each_users" {
      - arch          = "x86_64" -> null
      - ci_meta_data  = <<-EOT
            instance-id: {{ hostname }} 
            local-hostname: {{ hostname }} 
            cloud-name: circle3
            platform: circle3
        EOT -> null
      - ci_user_data  = <<-EOT
            #cloud-config
            
            ssh_pwauth: 1
            
            users:
              - name: {{ sysuser }} 
                sudo: ['ALL=(ALL) NOPASSWD:ALL']
                groups: sudo
                shell: /bin/bash
                chpasswd: { expire: False }
                lock-passwd: false
            chpasswd:
                list: |
                    {{ sysuser }}:{{ password }}
                expire: False
        EOT -> null
      - cloud_init    = true -> null
      - disks         = [
          - 540,
          - 466,
        ] -> null
      - from_template = 2 -> null
      - has_agent     = false -> null
      - id            = "257" -> null
      - ipv4          = "None" -> null
      - ipv6          = "None" -> null
      - max_ram_size  = 128 -> null
      - name          = "vm pool 80" -> null
      - num_cores     = 1 -> null
      - owner         = 1 -> null
      - priority      = 30 -> null
      - pw            = "VRw1WnWfix" -> null
      - ram_size      = 128 -> null
      - status        = "RUNNING" -> null
      - system        = "ubuntu" -> null
      - vlans         = [] -> null
    }

  # circle3_vm.for_each_users["9"] will be destroyed
  - resource "circle3_vm" "for_each_users" {
      - arch          = "x86_64" -> null
      - ci_meta_data  = <<-EOT
            instance-id: {{ hostname }} 
            local-hostname: {{ hostname }} 
            cloud-name: circle3
            platform: circle3
        EOT -> null
      - ci_user_data  = <<-EOT
            #cloud-config
            
            ssh_pwauth: 1
            
            users:
              - name: {{ sysuser }} 
                sudo: ['ALL=(ALL) NOPASSWD:ALL']
                groups: sudo
                shell: /bin/bash
                chpasswd: { expire: False }
                lock-passwd: false
            chpasswd:
                list: |
                    {{ sysuser }}:{{ password }}
                expire: False
        EOT -> null
      - cloud_init    = true -> null
      - disks         = [
          - 488,
          - 407,
        ] -> null
      - from_template = 2 -> null
      - has_agent     = false -> null
      - id            = "202" -> null
      - ipv4          = "None" -> null
      - ipv6          = "None" -> null
      - max_ram_size  = 128 -> null
      - name          = "vm pool 9" -> null
      - num_cores     = 1 -> null
      - owner         = 1 -> null
      - priority      = 30 -> null
      - pw            = "BLCEhSsRaK" -> null
      - ram_size      = 128 -> null
      - status        = "RUNNING" -> null
      - system        = "ubuntu" -> null
      - vlans         = [] -> null
    }

Plan: 0 to add, 0 to change, 80 to destroy.
circle3_vm.for_each_users["52"]: Destroying... [id=234]
circle3_vm.for_each_users["8"]: Destroying... [id=271]
circle3_vm.for_each_users["64"]: Destroying... [id=254]
circle3_vm.for_each_users["35"]: Destroying... [id=240]
circle3_vm.for_each_users["24"]: Destroying... [id=259]
circle3_vm.for_each_users["30"]: Destroying... [id=197]
circle3_vm.for_each_users["71"]: Destroying... [id=233]
circle3_vm.for_each_users["20"]: Destroying... [id=210]
circle3_vm.for_each_users["61"]: Destroying... [id=204]
circle3_vm.for_each_users["47"]: Destroying... [id=245]
circle3_vm.for_each_users["24"]: Destruction complete after 7s
circle3_vm.for_each_users["66"]: Destroying... [id=221]
circle3_vm.for_each_users["30"]: Destruction complete after 10s
circle3_vm.for_each_users["51"]: Destroying... [id=217]
circle3_vm.for_each_users["8"]: Destruction complete after 10s
circle3_vm.for_each_users["52"]: Still destroying... [id=234, 10s elapsed]
circle3_vm.for_each_users["42"]: Destroying... [id=269]
circle3_vm.for_each_users["35"]: Still destroying... [id=240, 10s elapsed]
circle3_vm.for_each_users["64"]: Still destroying... [id=254, 10s elapsed]
circle3_vm.for_each_users["71"]: Still destroying... [id=233, 10s elapsed]
circle3_vm.for_each_users["61"]: Still destroying... [id=204, 10s elapsed]
circle3_vm.for_each_users["20"]: Still destroying... [id=210, 10s elapsed]
circle3_vm.for_each_users["47"]: Still destroying... [id=245, 10s elapsed]
circle3_vm.for_each_users["35"]: Destruction complete after 11s
circle3_vm.for_each_users["72"]: Destroying... [id=231]
circle3_vm.for_each_users["71"]: Destruction complete after 11s
circle3_vm.for_each_users["74"]: Destroying... [id=241]
circle3_vm.for_each_users["64"]: Destruction complete after 11s
circle3_vm.for_each_users["77"]: Destroying... [id=249]
circle3_vm.for_each_users["61"]: Destruction complete after 11s
circle3_vm.for_each_users["38"]: Destroying... [id=267]
circle3_vm.for_each_users["47"]: Destruction complete after 11s
circle3_vm.for_each_users["44"]: Destroying... [id=274]
circle3_vm.for_each_users["52"]: Destruction complete after 12s
circle3_vm.for_each_users["31"]: Destroying... [id=263]
circle3_vm.for_each_users["20"]: Destruction complete after 12s
circle3_vm.for_each_users["45"]: Destroying... [id=239]
circle3_vm.for_each_users["66"]: Destruction complete after 6s
circle3_vm.for_each_users["33"]: Destroying... [id=212]
circle3_vm.for_each_users["51"]: Destruction complete after 4s
circle3_vm.for_each_users["3"]: Destroying... [id=216]
circle3_vm.for_each_users["72"]: Destruction complete after 4s
circle3_vm.for_each_users["74"]: Destruction complete after 4s
circle3_vm.for_each_users["42"]: Destruction complete after 5s
circle3_vm.for_each_users["67"]: Destroying... [id=242]
circle3_vm.for_each_users["4"]: Destroying... [id=229]
circle3_vm.for_each_users["80"]: Destroying... [id=257]
circle3_vm.for_each_users["44"]: Destruction complete after 5s
circle3_vm.for_each_users["77"]: Destruction complete after 6s
circle3_vm.for_each_users["45"]: Destruction complete after 5s
circle3_vm.for_each_users["38"]: Destruction complete after 6s
circle3_vm.for_each_users["40"]: Destroying... [id=200]
circle3_vm.for_each_users["55"]: Destroying... [id=248]
circle3_vm.for_each_users["19"]: Destroying... [id=265]
circle3_vm.for_each_users["14"]: Destroying... [id=262]
circle3_vm.for_each_users["3"]: Destruction complete after 4s
circle3_vm.for_each_users["33"]: Destruction complete after 5s
circle3_vm.for_each_users["31"]: Destruction complete after 6s
circle3_vm.for_each_users["79"]: Destroying... [id=201]
circle3_vm.for_each_users["60"]: Destroying... [id=247]
circle3_vm.for_each_users["56"]: Destroying... [id=208]
circle3_vm.for_each_users["40"]: Destruction complete after 1s
circle3_vm.for_each_users["26"]: Destroying... [id=237]
circle3_vm.for_each_users["4"]: Destruction complete after 4s
circle3_vm.for_each_users["25"]: Destroying... [id=266]
circle3_vm.for_each_users["67"]: Destruction complete after 4s
circle3_vm.for_each_users["6"]: Destroying... [id=251]
circle3_vm.for_each_users["26"]: Destruction complete after 2s
circle3_vm.for_each_users["16"]: Destroying... [id=264]
circle3_vm.for_each_users["19"]: Destruction complete after 5s
circle3_vm.for_each_users["13"]: Destroying... [id=211]
circle3_vm.for_each_users["14"]: Destruction complete after 5s
circle3_vm.for_each_users["10"]: Destroying... [id=258]
circle3_vm.for_each_users["80"]: Destruction complete after 7s
circle3_vm.for_each_users["39"]: Destroying... [id=219]
circle3_vm.for_each_users["79"]: Destruction complete after 4s
circle3_vm.for_each_users["18"]: Destroying... [id=198]
circle3_vm.for_each_users["60"]: Destruction complete after 4s
circle3_vm.for_each_users["36"]: Destroying... [id=270]
circle3_vm.for_each_users["55"]: Destruction complete after 6s
circle3_vm.for_each_users["53"]: Destroying... [id=236]
circle3_vm.for_each_users["16"]: Destruction complete after 3s
circle3_vm.for_each_users["78"]: Destroying... [id=232]
circle3_vm.for_each_users["25"]: Destruction complete after 4s
circle3_vm.for_each_users["29"]: Destroying... [id=209]
circle3_vm.for_each_users["6"]: Destruction complete after 4s
circle3_vm.for_each_users["48"]: Destroying... [id=260]
circle3_vm.for_each_users["56"]: Destruction complete after 5s
circle3_vm.for_each_users["76"]: Destroying... [id=261]
circle3_vm.for_each_users["18"]: Destruction complete after 3s
circle3_vm.for_each_users["5"]: Destroying... [id=215]
circle3_vm.for_each_users["10"]: Destruction complete after 6s
circle3_vm.for_each_users["69"]: Destroying... [id=255]
circle3_vm.for_each_users["36"]: Destruction complete after 6s
circle3_vm.for_each_users["1"]: Destroying... [id=273]
circle3_vm.for_each_users["39"]: Destruction complete after 6s
circle3_vm.for_each_users["2"]: Destroying... [id=213]
circle3_vm.for_each_users["29"]: Destruction complete after 6s
circle3_vm.for_each_users["13"]: Destruction complete after 7s
circle3_vm.for_each_users["53"]: Destruction complete after 6s
circle3_vm.for_each_users["62"]: Destroying... [id=235]
circle3_vm.for_each_users["37"]: Destroying... [id=199]
circle3_vm.for_each_users["70"]: Destroying... [id=226]
circle3_vm.for_each_users["78"]: Destruction complete after 6s
circle3_vm.for_each_users["21"]: Destroying... [id=243]
circle3_vm.for_each_users["76"]: Destruction complete after 6s
circle3_vm.for_each_users["58"]: Destroying... [id=203]
circle3_vm.for_each_users["48"]: Destruction complete after 7s
circle3_vm.for_each_users["68"]: Destroying... [id=227]
circle3_vm.for_each_users["5"]: Destruction complete after 5s
circle3_vm.for_each_users["57"]: Destroying... [id=225]
circle3_vm.for_each_users["21"]: Destruction complete after 1s
circle3_vm.for_each_users["9"]: Destroying... [id=202]
circle3_vm.for_each_users["58"]: Destruction complete after 1s
circle3_vm.for_each_users["11"]: Destroying... [id=246]
circle3_vm.for_each_users["69"]: Destruction complete after 3s
circle3_vm.for_each_users["34"]: Destroying... [id=218]
circle3_vm.for_each_users["9"]: Destruction complete after 2s
circle3_vm.for_each_users["49"]: Destroying... [id=230]
circle3_vm.for_each_users["62"]: Destruction complete after 3s
circle3_vm.for_each_users["46"]: Destroying... [id=275]
circle3_vm.for_each_users["2"]: Destruction complete after 5s
circle3_vm.for_each_users["15"]: Destroying... [id=272]
circle3_vm.for_each_users["37"]: Destruction complete after 4s
circle3_vm.for_each_users["7"]: Destroying... [id=250]
circle3_vm.for_each_users["70"]: Destruction complete after 4s
circle3_vm.for_each_users["1"]: Destruction complete after 5s
circle3_vm.for_each_users["32"]: Destroying... [id=252]
circle3_vm.for_each_users["23"]: Destroying... [id=207]
circle3_vm.for_each_users["57"]: Destruction complete after 3s
circle3_vm.for_each_users["11"]: Destruction complete after 3s
circle3_vm.for_each_users["43"]: Destroying... [id=228]
circle3_vm.for_each_users["73"]: Destroying... [id=238]
circle3_vm.for_each_users["68"]: Destruction complete after 4s
circle3_vm.for_each_users["65"]: Destroying... [id=223]
circle3_vm.for_each_users["34"]: Destruction complete after 3s
circle3_vm.for_each_users["12"]: Destroying... [id=205]
circle3_vm.for_each_users["49"]: Destruction complete after 2s
circle3_vm.for_each_users["22"]: Destroying... [id=214]
circle3_vm.for_each_users["46"]: Destruction complete after 3s
circle3_vm.for_each_users["75"]: Destroying... [id=244]
circle3_vm.for_each_users["73"]: Destruction complete after 2s
circle3_vm.for_each_users["41"]: Destroying... [id=224]
circle3_vm.for_each_users["32"]: Destruction complete after 3s
circle3_vm.for_each_users["7"]: Destruction complete after 3s
circle3_vm.for_each_users["28"]: Destroying... [id=256]
circle3_vm.for_each_users["54"]: Destroying... [id=222]
circle3_vm.for_each_users["23"]: Destruction complete after 3s
circle3_vm.for_each_users["15"]: Destruction complete after 3s
circle3_vm.for_each_users["59"]: Destroying... [id=206]
circle3_vm.for_each_users["27"]: Destroying... [id=196]
circle3_vm.for_each_users["43"]: Destruction complete after 3s
circle3_vm.for_each_users["50"]: Destroying... [id=220]
circle3_vm.for_each_users["12"]: Destruction complete after 2s
circle3_vm.for_each_users["65"]: Destruction complete after 2s
circle3_vm.for_each_users["63"]: Destroying... [id=253]
circle3_vm.for_each_users["17"]: Destroying... [id=268]
circle3_vm.for_each_users["22"]: Destruction complete after 3s
circle3_vm.for_each_users["41"]: Destruction complete after 2s
circle3_vm.for_each_users["27"]: Destruction complete after 1s
circle3_vm.for_each_users["75"]: Destruction complete after 2s
circle3_vm.for_each_users["54"]: Destruction complete after 2s
circle3_vm.for_each_users["59"]: Destruction complete after 2s
circle3_vm.for_each_users["28"]: Destruction complete after 3s
circle3_vm.for_each_users["50"]: Destruction complete after 3s
circle3_vm.for_each_users["63"]: Destruction complete after 3s
circle3_vm.for_each_users["17"]: Destruction complete after 3s

Destroy complete! Resources: 80 destroyed.

real	1m7,681s
user	0m5,965s
sys	0m0,589s
End
